Microsoft Visual Studio Solution File, Format Version 11.00
# Visual Studio 2010
Project("{8BC9CEB8-8B4A-11D0-8D11-00A0C91BC942}") = "prep", "ioto-windows-default\prep.vcxproj", "{11792839-6EEC-42CA-8799-5BF5A60CAA61}"
	ProjectSection(ProjectDependencies) = postProject
		{11792839-6EEC-42CA-8799-5BF5A60CAA61} = {11792839-6EEC-42CA-8799-5BF5A60CAA61}
	EndProjectSection
EndProject
Project("{8BC9CEB8-8B4A-11D0-8D11-00A0C91BC942}") = "libioto", "ioto-windows-default\libioto.vcxproj", "{1BF63E71-01AC-4A21-93FD-76EC3BAFE3EE}"
	ProjectSection(ProjectDependencies) = postProject
		{11792839-6EEC-42CA-8799-5BF5A60CAA61} = {11792839-6EEC-42CA-8799-5BF5A60CAA61}
	EndProjectSection
	ProjectSection(ProjectDependencies) = postProject
		{1BF63E71-01AC-4A21-93FD-76EC3BAFE3EE} = {1BF63E71-01AC-4A21-93FD-76EC3BAFE3EE}
	EndProjectSection
EndProject
Project("{8BC9CEB8-8B4A-11D0-8D11-00A0C91BC942}") = "db", "ioto-windows-default\db.vcxproj", "{4E0A9FEF-C4AF-40F6-B318-A66233CAE6DD}"
	ProjectSection(ProjectDependencies) = postProject
		{11792839-6EEC-42CA-8799-5BF5A60CAA61} = {11792839-6EEC-42CA-8799-5BF5A60CAA61}
	EndProjectSection
	ProjectSection(ProjectDependencies) = postProject
		{1BF63E71-01AC-4A21-93FD-76EC3BAFE3EE} = {1BF63E71-01AC-4A21-93FD-76EC3BAFE3EE}
	EndProjectSection
	ProjectSection(ProjectDependencies) = postProject
		{4E0A9FEF-C4AF-40F6-B318-A66233CAE6DD} = {4E0A9FEF-C4AF-40F6-B318-A66233CAE6DD}
	EndProjectSection
EndProject
Project("{8BC9CEB8-8B4A-11D0-8D11-00A0C91BC942}") = "ioto", "ioto-windows-default\ioto.vcxproj", "{2AD32BCF-B884-469C-819A-EE5412E7DF94}"
	ProjectSection(ProjectDependencies) = postProject
		{11792839-6EEC-42CA-8799-5BF5A60CAA61} = {11792839-6EEC-42CA-8799-5BF5A60CAA61}
	EndProjectSection
	ProjectSection(ProjectDependencies) = postProject
		{1BF63E71-01AC-4A21-93FD-76EC3BAFE3EE} = {1BF63E71-01AC-4A21-93FD-76EC3BAFE3EE}
	EndProjectSection
	ProjectSection(ProjectDependencies) = postProject
		{2AD32BCF-B884-469C-819A-EE5412E7DF94} = {2AD32BCF-B884-469C-819A-EE5412E7DF94}
	EndProjectSection
EndProject
Project("{8BC9CEB8-8B4A-11D0-8D11-00A0C91BC942}") = "json", "ioto-windows-default\json.vcxproj", "{2184FB1D-F9D7-469A-A7E8-8891FB93F194}"
	ProjectSection(ProjectDependencies) = postProject
		{11792839-6EEC-42CA-8799-5BF5A60CAA61} = {11792839-6EEC-42CA-8799-5BF5A60CAA61}
	EndProjectSection
	ProjectSection(ProjectDependencies) = postProject
		{1BF63E71-01AC-4A21-93FD-76EC3BAFE3EE} = {1BF63E71-01AC-4A21-93FD-76EC3BAFE3EE}
	EndProjectSection
	ProjectSection(ProjectDependencies) = postProject
		{2184FB1D-F9D7-469A-A7E8-8891FB93F194} = {2184FB1D-F9D7-469A-A7E8-8891FB93F194}
	EndProjectSection
EndProject
Project("{8BC9CEB8-8B4A-11D0-8D11-00A0C91BC942}") = "password", "ioto-windows-default\password.vcxproj", "{856250E1-2D83-40DA-862A-769F02E43682}"
	ProjectSection(ProjectDependencies) = postProject
		{11792839-6EEC-42CA-8799-5BF5A60CAA61} = {11792839-6EEC-42CA-8799-5BF5A60CAA61}
	EndProjectSection
	ProjectSection(ProjectDependencies) = postProject
		{1BF63E71-01AC-4A21-93FD-76EC3BAFE3EE} = {1BF63E71-01AC-4A21-93FD-76EC3BAFE3EE}
	EndProjectSection
	ProjectSection(ProjectDependencies) = postProject
		{856250E1-2D83-40DA-862A-769F02E43682} = {856250E1-2D83-40DA-862A-769F02E43682}
	EndProjectSection
EndProject
Project("{8BC9CEB8-8B4A-11D0-8D11-00A0C91BC942}") = "webserver", "ioto-windows-default\webserver.vcxproj", "{89DAC558-4423-4EAD-B521-A567A03D5996}"
	ProjectSection(ProjectDependencies) = postProject
		{11792839-6EEC-42CA-8799-5BF5A60CAA61} = {11792839-6EEC-42CA-8799-5BF5A60CAA61}
	EndProjectSection
	ProjectSection(ProjectDependencies) = postProject
		{1BF63E71-01AC-4A21-93FD-76EC3BAFE3EE} = {1BF63E71-01AC-4A21-93FD-76EC3BAFE3EE}
	EndProjectSection
	ProjectSection(ProjectDependencies) = postProject
		{89DAC558-4423-4EAD-B521-A567A03D5996} = {89DAC558-4423-4EAD-B521-A567A03D5996}
	EndProjectSection
EndProject

    Global
        GlobalSection(SolutionConfigurationPlatforms) = preSolution
            Debug|Win32 = Debug|Win32
            Debug|x64 = Debug|x64
            Release|Win32 = Release|Win32
            Release|x64 = Release|x64
        EndGlobalSection
        GlobalSection(ProjectConfigurationPlatforms) = postSolution
{11792839-6EEC-42CA-8799-5BF5A60CAA61}.Debug|Win32.ActiveCfg = Debug|Win32
{11792839-6EEC-42CA-8799-5BF5A60CAA61}.Debug|Win32.Build.0 = Debug|Win32
{11792839-6EEC-42CA-8799-5BF5A60CAA61}.Debug|x64.ActiveCfg = Debug|x64
{11792839-6EEC-42CA-8799-5BF5A60CAA61}.Debug|x64.Build.0 = Debug|x64
{11792839-6EEC-42CA-8799-5BF5A60CAA61}.Release|Win32.ActiveCfg = Release|Win32
{11792839-6EEC-42CA-8799-5BF5A60CAA61}.Release|Win32.Build.0 = Release|Win32
{11792839-6EEC-42CA-8799-5BF5A60CAA61}.Release|x64.ActiveCfg = Release|x64
{11792839-6EEC-42CA-8799-5BF5A60CAA61}.Release|x64.Build.0 = Release|x64
{1BF63E71-01AC-4A21-93FD-76EC3BAFE3EE}.Debug|Win32.ActiveCfg = Debug|Win32
{1BF63E71-01AC-4A21-93FD-76EC3BAFE3EE}.Debug|Win32.Build.0 = Debug|Win32
{1BF63E71-01AC-4A21-93FD-76EC3BAFE3EE}.Debug|x64.ActiveCfg = Debug|x64
{1BF63E71-01AC-4A21-93FD-76EC3BAFE3EE}.Debug|x64.Build.0 = Debug|x64
{1BF63E71-01AC-4A21-93FD-76EC3BAFE3EE}.Release|Win32.ActiveCfg = Release|Win32
{1BF63E71-01AC-4A21-93FD-76EC3BAFE3EE}.Release|Win32.Build.0 = Release|Win32
{1BF63E71-01AC-4A21-93FD-76EC3BAFE3EE}.Release|x64.ActiveCfg = Release|x64
{1BF63E71-01AC-4A21-93FD-76EC3BAFE3EE}.Release|x64.Build.0 = Release|x64
{4E0A9FEF-C4AF-40F6-B318-A66233CAE6DD}.Debug|Win32.ActiveCfg = Debug|Win32
{4E0A9FEF-C4AF-40F6-B318-A66233CAE6DD}.Debug|Win32.Build.0 = Debug|Win32
{4E0A9FEF-C4AF-40F6-B318-A66233CAE6DD}.Debug|x64.ActiveCfg = Debug|x64
{4E0A9FEF-C4AF-40F6-B318-A66233CAE6DD}.Debug|x64.Build.0 = Debug|x64
{4E0A9FEF-C4AF-40F6-B318-A66233CAE6DD}.Release|Win32.ActiveCfg = Release|Win32
{4E0A9FEF-C4AF-40F6-B318-A66233CAE6DD}.Release|Win32.Build.0 = Release|Win32
{4E0A9FEF-C4AF-40F6-B318-A66233CAE6DD}.Release|x64.ActiveCfg = Release|x64
{4E0A9FEF-C4AF-40F6-B318-A66233CAE6DD}.Release|x64.Build.0 = Release|x64
{2AD32BCF-B884-469C-819A-EE5412E7DF94}.Debug|Win32.ActiveCfg = Debug|Win32
{2AD32BCF-B884-469C-819A-EE5412E7DF94}.Debug|Win32.Build.0 = Debug|Win32
{2AD32BCF-B884-469C-819A-EE5412E7DF94}.Debug|x64.ActiveCfg = Debug|x64
{2AD32BCF-B884-469C-819A-EE5412E7DF94}.Debug|x64.Build.0 = Debug|x64
{2AD32BCF-B884-469C-819A-EE5412E7DF94}.Release|Win32.ActiveCfg = Release|Win32
{2AD32BCF-B884-469C-819A-EE5412E7DF94}.Release|Win32.Build.0 = Release|Win32
{2AD32BCF-B884-469C-819A-EE5412E7DF94}.Release|x64.ActiveCfg = Release|x64
{2AD32BCF-B884-469C-819A-EE5412E7DF94}.Release|x64.Build.0 = Release|x64
{2184FB1D-F9D7-469A-A7E8-8891FB93F194}.Debug|Win32.ActiveCfg = Debug|Win32
{2184FB1D-F9D7-469A-A7E8-8891FB93F194}.Debug|Win32.Build.0 = Debug|Win32
{2184FB1D-F9D7-469A-A7E8-8891FB93F194}.Debug|x64.ActiveCfg = Debug|x64
{2184FB1D-F9D7-469A-A7E8-8891FB93F194}.Debug|x64.Build.0 = Debug|x64
{2184FB1D-F9D7-469A-A7E8-8891FB93F194}.Release|Win32.ActiveCfg = Release|Win32
{2184FB1D-F9D7-469A-A7E8-8891FB93F194}.Release|Win32.Build.0 = Release|Win32
{2184FB1D-F9D7-469A-A7E8-8891FB93F194}.Release|x64.ActiveCfg = Release|x64
{2184FB1D-F9D7-469A-A7E8-8891FB93F194}.Release|x64.Build.0 = Release|x64
{856250E1-2D83-40DA-862A-769F02E43682}.Debug|Win32.ActiveCfg = Debug|Win32
{856250E1-2D83-40DA-862A-769F02E43682}.Debug|Win32.Build.0 = Debug|Win32
{856250E1-2D83-40DA-862A-769F02E43682}.Debug|x64.ActiveCfg = Debug|x64
{856250E1-2D83-40DA-862A-769F02E43682}.Debug|x64.Build.0 = Debug|x64
{856250E1-2D83-40DA-862A-769F02E43682}.Release|Win32.ActiveCfg = Release|Win32
{856250E1-2D83-40DA-862A-769F02E43682}.Release|Win32.Build.0 = Release|Win32
{856250E1-2D83-40DA-862A-769F02E43682}.Release|x64.ActiveCfg = Release|x64
{856250E1-2D83-40DA-862A-769F02E43682}.Release|x64.Build.0 = Release|x64
{89DAC558-4423-4EAD-B521-A567A03D5996}.Debug|Win32.ActiveCfg = Debug|Win32
{89DAC558-4423-4EAD-B521-A567A03D5996}.Debug|Win32.Build.0 = Debug|Win32
{89DAC558-4423-4EAD-B521-A567A03D5996}.Debug|x64.ActiveCfg = Debug|x64
{89DAC558-4423-4EAD-B521-A567A03D5996}.Debug|x64.Build.0 = Debug|x64
{89DAC558-4423-4EAD-B521-A567A03D5996}.Release|Win32.ActiveCfg = Release|Win32
{89DAC558-4423-4EAD-B521-A567A03D5996}.Release|Win32.Build.0 = Release|Win32
{89DAC558-4423-4EAD-B521-A567A03D5996}.Release|x64.ActiveCfg = Release|x64
{89DAC558-4423-4EAD-B521-A567A03D5996}.Release|x64.Build.0 = Release|x64
EndGlobalSection

      GlobalSection(SolutionProperties) = preSolution
        HideSolutionNode = FALSE
      EndGlobalSection
    EndGlobal
