Microsoft Visual Studio Solution File, Format Version 11.00
# Visual Studio 2010
Project("{8BC9CEB8-8B4A-11D0-8D11-00A0C91BC942}") = "prep", "ioto-windows-default\prep.vcxproj", "{2B3540B4-3329-4600-AD37-80DA214C4E4C}"
	ProjectSection(ProjectDependencies) = postProject
		{2B3540B4-3329-4600-AD37-80DA214C4E4C} = {2B3540B4-3329-4600-AD37-80DA214C4E4C}
	EndProjectSection
EndProject
Project("{8BC9CEB8-8B4A-11D0-8D11-00A0C91BC942}") = "libioto", "ioto-windows-default\libioto.vcxproj", "{F5035536-33B8-42A6-8B66-864DA08B988F}"
	ProjectSection(ProjectDependencies) = postProject
		{2B3540B4-3329-4600-AD37-80DA214C4E4C} = {2B3540B4-3329-4600-AD37-80DA214C4E4C}
	EndProjectSection
	ProjectSection(ProjectDependencies) = postProject
		{F5035536-33B8-42A6-8B66-864DA08B988F} = {F5035536-33B8-42A6-8B66-864DA08B988F}
	EndProjectSection
EndProject
Project("{8BC9CEB8-8B4A-11D0-8D11-00A0C91BC942}") = "db", "ioto-windows-default\db.vcxproj", "{BD741A85-13C4-4B1D-8267-6E4F772051BB}"
	ProjectSection(ProjectDependencies) = postProject
		{2B3540B4-3329-4600-AD37-80DA214C4E4C} = {2B3540B4-3329-4600-AD37-80DA214C4E4C}
	EndProjectSection
	ProjectSection(ProjectDependencies) = postProject
		{F5035536-33B8-42A6-8B66-864DA08B988F} = {F5035536-33B8-42A6-8B66-864DA08B988F}
	EndProjectSection
	ProjectSection(ProjectDependencies) = postProject
		{BD741A85-13C4-4B1D-8267-6E4F772051BB} = {BD741A85-13C4-4B1D-8267-6E4F772051BB}
	EndProjectSection
EndProject
Project("{8BC9CEB8-8B4A-11D0-8D11-00A0C91BC942}") = "ioto", "ioto-windows-default\ioto.vcxproj", "{BD558032-E233-43F6-8DE9-84D69F5350C6}"
	ProjectSection(ProjectDependencies) = postProject
		{2B3540B4-3329-4600-AD37-80DA214C4E4C} = {2B3540B4-3329-4600-AD37-80DA214C4E4C}
	EndProjectSection
	ProjectSection(ProjectDependencies) = postProject
		{F5035536-33B8-42A6-8B66-864DA08B988F} = {F5035536-33B8-42A6-8B66-864DA08B988F}
	EndProjectSection
	ProjectSection(ProjectDependencies) = postProject
		{BD558032-E233-43F6-8DE9-84D69F5350C6} = {BD558032-E233-43F6-8DE9-84D69F5350C6}
	EndProjectSection
EndProject
Project("{8BC9CEB8-8B4A-11D0-8D11-00A0C91BC942}") = "json", "ioto-windows-default\json.vcxproj", "{4B1DF009-A58B-48DF-9EC2-258B7E610FA6}"
	ProjectSection(ProjectDependencies) = postProject
		{2B3540B4-3329-4600-AD37-80DA214C4E4C} = {2B3540B4-3329-4600-AD37-80DA214C4E4C}
	EndProjectSection
	ProjectSection(ProjectDependencies) = postProject
		{F5035536-33B8-42A6-8B66-864DA08B988F} = {F5035536-33B8-42A6-8B66-864DA08B988F}
	EndProjectSection
	ProjectSection(ProjectDependencies) = postProject
		{4B1DF009-A58B-48DF-9EC2-258B7E610FA6} = {4B1DF009-A58B-48DF-9EC2-258B7E610FA6}
	EndProjectSection
EndProject
Project("{8BC9CEB8-8B4A-11D0-8D11-00A0C91BC942}") = "password", "ioto-windows-default\password.vcxproj", "{22137600-9661-4EE6-923C-26C069100DF3}"
	ProjectSection(ProjectDependencies) = postProject
		{2B3540B4-3329-4600-AD37-80DA214C4E4C} = {2B3540B4-3329-4600-AD37-80DA214C4E4C}
	EndProjectSection
	ProjectSection(ProjectDependencies) = postProject
		{F5035536-33B8-42A6-8B66-864DA08B988F} = {F5035536-33B8-42A6-8B66-864DA08B988F}
	EndProjectSection
	ProjectSection(ProjectDependencies) = postProject
		{22137600-9661-4EE6-923C-26C069100DF3} = {22137600-9661-4EE6-923C-26C069100DF3}
	EndProjectSection
EndProject
Project("{8BC9CEB8-8B4A-11D0-8D11-00A0C91BC942}") = "webserver", "ioto-windows-default\webserver.vcxproj", "{5A122272-F06E-4571-AE02-B7F3A2445144}"
	ProjectSection(ProjectDependencies) = postProject
		{2B3540B4-3329-4600-AD37-80DA214C4E4C} = {2B3540B4-3329-4600-AD37-80DA214C4E4C}
	EndProjectSection
	ProjectSection(ProjectDependencies) = postProject
		{F5035536-33B8-42A6-8B66-864DA08B988F} = {F5035536-33B8-42A6-8B66-864DA08B988F}
	EndProjectSection
	ProjectSection(ProjectDependencies) = postProject
		{5A122272-F06E-4571-AE02-B7F3A2445144} = {5A122272-F06E-4571-AE02-B7F3A2445144}
	EndProjectSection
EndProject

    Global
        GlobalSection(SolutionConfigurationPlatforms) = preSolution
            Debug|Win32 = Debug|Win32
            Debug|x64 = Debug|x64
            Release|Win32 = Release|Win32
            Release|x64 = Release|x64
        EndGlobalSection
        GlobalSection(ProjectConfigurationPlatforms) = postSolution
{2B3540B4-3329-4600-AD37-80DA214C4E4C}.Debug|Win32.ActiveCfg = Debug|Win32
{2B3540B4-3329-4600-AD37-80DA214C4E4C}.Debug|Win32.Build.0 = Debug|Win32
{2B3540B4-3329-4600-AD37-80DA214C4E4C}.Debug|x64.ActiveCfg = Debug|x64
{2B3540B4-3329-4600-AD37-80DA214C4E4C}.Debug|x64.Build.0 = Debug|x64
{2B3540B4-3329-4600-AD37-80DA214C4E4C}.Release|Win32.ActiveCfg = Release|Win32
{2B3540B4-3329-4600-AD37-80DA214C4E4C}.Release|Win32.Build.0 = Release|Win32
{2B3540B4-3329-4600-AD37-80DA214C4E4C}.Release|x64.ActiveCfg = Release|x64
{2B3540B4-3329-4600-AD37-80DA214C4E4C}.Release|x64.Build.0 = Release|x64
{F5035536-33B8-42A6-8B66-864DA08B988F}.Debug|Win32.ActiveCfg = Debug|Win32
{F5035536-33B8-42A6-8B66-864DA08B988F}.Debug|Win32.Build.0 = Debug|Win32
{F5035536-33B8-42A6-8B66-864DA08B988F}.Debug|x64.ActiveCfg = Debug|x64
{F5035536-33B8-42A6-8B66-864DA08B988F}.Debug|x64.Build.0 = Debug|x64
{F5035536-33B8-42A6-8B66-864DA08B988F}.Release|Win32.ActiveCfg = Release|Win32
{F5035536-33B8-42A6-8B66-864DA08B988F}.Release|Win32.Build.0 = Release|Win32
{F5035536-33B8-42A6-8B66-864DA08B988F}.Release|x64.ActiveCfg = Release|x64
{F5035536-33B8-42A6-8B66-864DA08B988F}.Release|x64.Build.0 = Release|x64
{BD741A85-13C4-4B1D-8267-6E4F772051BB}.Debug|Win32.ActiveCfg = Debug|Win32
{BD741A85-13C4-4B1D-8267-6E4F772051BB}.Debug|Win32.Build.0 = Debug|Win32
{BD741A85-13C4-4B1D-8267-6E4F772051BB}.Debug|x64.ActiveCfg = Debug|x64
{BD741A85-13C4-4B1D-8267-6E4F772051BB}.Debug|x64.Build.0 = Debug|x64
{BD741A85-13C4-4B1D-8267-6E4F772051BB}.Release|Win32.ActiveCfg = Release|Win32
{BD741A85-13C4-4B1D-8267-6E4F772051BB}.Release|Win32.Build.0 = Release|Win32
{BD741A85-13C4-4B1D-8267-6E4F772051BB}.Release|x64.ActiveCfg = Release|x64
{BD741A85-13C4-4B1D-8267-6E4F772051BB}.Release|x64.Build.0 = Release|x64
{BD558032-E233-43F6-8DE9-84D69F5350C6}.Debug|Win32.ActiveCfg = Debug|Win32
{BD558032-E233-43F6-8DE9-84D69F5350C6}.Debug|Win32.Build.0 = Debug|Win32
{BD558032-E233-43F6-8DE9-84D69F5350C6}.Debug|x64.ActiveCfg = Debug|x64
{BD558032-E233-43F6-8DE9-84D69F5350C6}.Debug|x64.Build.0 = Debug|x64
{BD558032-E233-43F6-8DE9-84D69F5350C6}.Release|Win32.ActiveCfg = Release|Win32
{BD558032-E233-43F6-8DE9-84D69F5350C6}.Release|Win32.Build.0 = Release|Win32
{BD558032-E233-43F6-8DE9-84D69F5350C6}.Release|x64.ActiveCfg = Release|x64
{BD558032-E233-43F6-8DE9-84D69F5350C6}.Release|x64.Build.0 = Release|x64
{4B1DF009-A58B-48DF-9EC2-258B7E610FA6}.Debug|Win32.ActiveCfg = Debug|Win32
{4B1DF009-A58B-48DF-9EC2-258B7E610FA6}.Debug|Win32.Build.0 = Debug|Win32
{4B1DF009-A58B-48DF-9EC2-258B7E610FA6}.Debug|x64.ActiveCfg = Debug|x64
{4B1DF009-A58B-48DF-9EC2-258B7E610FA6}.Debug|x64.Build.0 = Debug|x64
{4B1DF009-A58B-48DF-9EC2-258B7E610FA6}.Release|Win32.ActiveCfg = Release|Win32
{4B1DF009-A58B-48DF-9EC2-258B7E610FA6}.Release|Win32.Build.0 = Release|Win32
{4B1DF009-A58B-48DF-9EC2-258B7E610FA6}.Release|x64.ActiveCfg = Release|x64
{4B1DF009-A58B-48DF-9EC2-258B7E610FA6}.Release|x64.Build.0 = Release|x64
{22137600-9661-4EE6-923C-26C069100DF3}.Debug|Win32.ActiveCfg = Debug|Win32
{22137600-9661-4EE6-923C-26C069100DF3}.Debug|Win32.Build.0 = Debug|Win32
{22137600-9661-4EE6-923C-26C069100DF3}.Debug|x64.ActiveCfg = Debug|x64
{22137600-9661-4EE6-923C-26C069100DF3}.Debug|x64.Build.0 = Debug|x64
{22137600-9661-4EE6-923C-26C069100DF3}.Release|Win32.ActiveCfg = Release|Win32
{22137600-9661-4EE6-923C-26C069100DF3}.Release|Win32.Build.0 = Release|Win32
{22137600-9661-4EE6-923C-26C069100DF3}.Release|x64.ActiveCfg = Release|x64
{22137600-9661-4EE6-923C-26C069100DF3}.Release|x64.Build.0 = Release|x64
{5A122272-F06E-4571-AE02-B7F3A2445144}.Debug|Win32.ActiveCfg = Debug|Win32
{5A122272-F06E-4571-AE02-B7F3A2445144}.Debug|Win32.Build.0 = Debug|Win32
{5A122272-F06E-4571-AE02-B7F3A2445144}.Debug|x64.ActiveCfg = Debug|x64
{5A122272-F06E-4571-AE02-B7F3A2445144}.Debug|x64.Build.0 = Debug|x64
{5A122272-F06E-4571-AE02-B7F3A2445144}.Release|Win32.ActiveCfg = Release|Win32
{5A122272-F06E-4571-AE02-B7F3A2445144}.Release|Win32.Build.0 = Release|Win32
{5A122272-F06E-4571-AE02-B7F3A2445144}.Release|x64.ActiveCfg = Release|x64
{5A122272-F06E-4571-AE02-B7F3A2445144}.Release|x64.Build.0 = Release|x64
EndGlobalSection

      GlobalSection(SolutionProperties) = preSolution
        HideSolutionNode = FALSE
      EndGlobalSection
    EndGlobal
