Microsoft Visual Studio Solution File, Format Version 11.00
# Visual Studio 2010
Project("{8BC9CEB8-8B4A-11D0-8D11-00A0C91BC942}") = "prep", "ioto-windows-default\prep.vcxproj", "{1C563E9D-3E96-45A1-B578-AFDAF5940169}"
	ProjectSection(ProjectDependencies) = postProject
		{1C563E9D-3E96-45A1-B578-AFDAF5940169} = {1C563E9D-3E96-45A1-B578-AFDAF5940169}
	EndProjectSection
EndProject
Project("{8BC9CEB8-8B4A-11D0-8D11-00A0C91BC942}") = "app", "ioto-windows-default\app.vcxproj", "{732BF7A9-A499-4F0B-9129-84252B58194E}"
	ProjectSection(ProjectDependencies) = postProject
		{1C563E9D-3E96-45A1-B578-AFDAF5940169} = {1C563E9D-3E96-45A1-B578-AFDAF5940169}
	EndProjectSection
	ProjectSection(ProjectDependencies) = postProject
		{732BF7A9-A499-4F0B-9129-84252B58194E} = {732BF7A9-A499-4F0B-9129-84252B58194E}
	EndProjectSection
EndProject
Project("{8BC9CEB8-8B4A-11D0-8D11-00A0C91BC942}") = "libioto", "ioto-windows-default\libioto.vcxproj", "{1750D4BE-7507-48BF-A6EE-9A0F9C0E4F72}"
	ProjectSection(ProjectDependencies) = postProject
		{1C563E9D-3E96-45A1-B578-AFDAF5940169} = {1C563E9D-3E96-45A1-B578-AFDAF5940169}
	EndProjectSection
	ProjectSection(ProjectDependencies) = postProject
		{1750D4BE-7507-48BF-A6EE-9A0F9C0E4F72} = {1750D4BE-7507-48BF-A6EE-9A0F9C0E4F72}
	EndProjectSection
EndProject
Project("{8BC9CEB8-8B4A-11D0-8D11-00A0C91BC942}") = "db", "ioto-windows-default\db.vcxproj", "{0ED86AD9-AD99-43A1-98C0-34E945E06A8D}"
	ProjectSection(ProjectDependencies) = postProject
		{1C563E9D-3E96-45A1-B578-AFDAF5940169} = {1C563E9D-3E96-45A1-B578-AFDAF5940169}
	EndProjectSection
	ProjectSection(ProjectDependencies) = postProject
		{1750D4BE-7507-48BF-A6EE-9A0F9C0E4F72} = {1750D4BE-7507-48BF-A6EE-9A0F9C0E4F72}
	EndProjectSection
	ProjectSection(ProjectDependencies) = postProject
		{0ED86AD9-AD99-43A1-98C0-34E945E06A8D} = {0ED86AD9-AD99-43A1-98C0-34E945E06A8D}
	EndProjectSection
EndProject
Project("{8BC9CEB8-8B4A-11D0-8D11-00A0C91BC942}") = "ioto", "ioto-windows-default\ioto.vcxproj", "{8A7B4172-40A5-47CA-B6AC-09AB8A82EA68}"
	ProjectSection(ProjectDependencies) = postProject
		{1C563E9D-3E96-45A1-B578-AFDAF5940169} = {1C563E9D-3E96-45A1-B578-AFDAF5940169}
	EndProjectSection
	ProjectSection(ProjectDependencies) = postProject
		{1750D4BE-7507-48BF-A6EE-9A0F9C0E4F72} = {1750D4BE-7507-48BF-A6EE-9A0F9C0E4F72}
	EndProjectSection
	ProjectSection(ProjectDependencies) = postProject
		{8A7B4172-40A5-47CA-B6AC-09AB8A82EA68} = {8A7B4172-40A5-47CA-B6AC-09AB8A82EA68}
	EndProjectSection
EndProject
Project("{8BC9CEB8-8B4A-11D0-8D11-00A0C91BC942}") = "json", "ioto-windows-default\json.vcxproj", "{39EC0418-A05F-452D-86F7-ACDA9EEA3142}"
	ProjectSection(ProjectDependencies) = postProject
		{1C563E9D-3E96-45A1-B578-AFDAF5940169} = {1C563E9D-3E96-45A1-B578-AFDAF5940169}
	EndProjectSection
	ProjectSection(ProjectDependencies) = postProject
		{1750D4BE-7507-48BF-A6EE-9A0F9C0E4F72} = {1750D4BE-7507-48BF-A6EE-9A0F9C0E4F72}
	EndProjectSection
	ProjectSection(ProjectDependencies) = postProject
		{39EC0418-A05F-452D-86F7-ACDA9EEA3142} = {39EC0418-A05F-452D-86F7-ACDA9EEA3142}
	EndProjectSection
EndProject
Project("{8BC9CEB8-8B4A-11D0-8D11-00A0C91BC942}") = "password", "ioto-windows-default\password.vcxproj", "{A25F90F1-7E1E-4302-8EDD-B70B5B4500FC}"
	ProjectSection(ProjectDependencies) = postProject
		{1C563E9D-3E96-45A1-B578-AFDAF5940169} = {1C563E9D-3E96-45A1-B578-AFDAF5940169}
	EndProjectSection
	ProjectSection(ProjectDependencies) = postProject
		{1750D4BE-7507-48BF-A6EE-9A0F9C0E4F72} = {1750D4BE-7507-48BF-A6EE-9A0F9C0E4F72}
	EndProjectSection
	ProjectSection(ProjectDependencies) = postProject
		{A25F90F1-7E1E-4302-8EDD-B70B5B4500FC} = {A25F90F1-7E1E-4302-8EDD-B70B5B4500FC}
	EndProjectSection
EndProject
Project("{8BC9CEB8-8B4A-11D0-8D11-00A0C91BC942}") = "url", "ioto-windows-default\url.vcxproj", "{817325B8-B6E9-48B2-862A-ED8C2CFBA2F8}"
	ProjectSection(ProjectDependencies) = postProject
		{1C563E9D-3E96-45A1-B578-AFDAF5940169} = {1C563E9D-3E96-45A1-B578-AFDAF5940169}
	EndProjectSection
	ProjectSection(ProjectDependencies) = postProject
		{1750D4BE-7507-48BF-A6EE-9A0F9C0E4F72} = {1750D4BE-7507-48BF-A6EE-9A0F9C0E4F72}
	EndProjectSection
	ProjectSection(ProjectDependencies) = postProject
		{817325B8-B6E9-48B2-862A-ED8C2CFBA2F8} = {817325B8-B6E9-48B2-862A-ED8C2CFBA2F8}
	EndProjectSection
EndProject
Project("{8BC9CEB8-8B4A-11D0-8D11-00A0C91BC942}") = "web", "ioto-windows-default\web.vcxproj", "{B8BE77C8-176A-4D31-A972-6C992F38568B}"
	ProjectSection(ProjectDependencies) = postProject
		{1C563E9D-3E96-45A1-B578-AFDAF5940169} = {1C563E9D-3E96-45A1-B578-AFDAF5940169}
	EndProjectSection
	ProjectSection(ProjectDependencies) = postProject
		{1750D4BE-7507-48BF-A6EE-9A0F9C0E4F72} = {1750D4BE-7507-48BF-A6EE-9A0F9C0E4F72}
	EndProjectSection
	ProjectSection(ProjectDependencies) = postProject
		{B8BE77C8-176A-4D31-A972-6C992F38568B} = {B8BE77C8-176A-4D31-A972-6C992F38568B}
	EndProjectSection
EndProject

    Global
        GlobalSection(SolutionConfigurationPlatforms) = preSolution
            Debug|Win32 = Debug|Win32
            Debug|x64 = Debug|x64
            Debug|arm64 = Debug|arm64
            Release|Win32 = Release|Win32
            Release|x64 = Release|x64
            Release|arm64 = Release|arm64
        EndGlobalSection
        GlobalSection(ProjectConfigurationPlatforms) = postSolution
{1C563E9D-3E96-45A1-B578-AFDAF5940169}.Debug|Win32.ActiveCfg = Debug|Win32
{1C563E9D-3E96-45A1-B578-AFDAF5940169}.Debug|Win32.Build.0 = Debug|Win32
{1C563E9D-3E96-45A1-B578-AFDAF5940169}.Debug|x64.ActiveCfg = Debug|x64
{1C563E9D-3E96-45A1-B578-AFDAF5940169}.Debug|x64.Build.0 = Debug|x64
{1C563E9D-3E96-45A1-B578-AFDAF5940169}.Debug|arm64.ActiveCfg = Debug|arm64
{1C563E9D-3E96-45A1-B578-AFDAF5940169}.Debug|arm64.Build.0 = Debug|arm64
{1C563E9D-3E96-45A1-B578-AFDAF5940169}.Release|Win32.ActiveCfg = Release|Win32
{1C563E9D-3E96-45A1-B578-AFDAF5940169}.Release|Win32.Build.0 = Release|Win32
{1C563E9D-3E96-45A1-B578-AFDAF5940169}.Release|x64.ActiveCfg = Release|x64
{1C563E9D-3E96-45A1-B578-AFDAF5940169}.Release|x64.Build.0 = Release|x64
{1C563E9D-3E96-45A1-B578-AFDAF5940169}.Release|arm64.ActiveCfg = Release|arm64
{1C563E9D-3E96-45A1-B578-AFDAF5940169}.Release|arm64.Build.0 = Release|arm64
{732BF7A9-A499-4F0B-9129-84252B58194E}.Debug|Win32.ActiveCfg = Debug|Win32
{732BF7A9-A499-4F0B-9129-84252B58194E}.Debug|Win32.Build.0 = Debug|Win32
{732BF7A9-A499-4F0B-9129-84252B58194E}.Debug|x64.ActiveCfg = Debug|x64
{732BF7A9-A499-4F0B-9129-84252B58194E}.Debug|x64.Build.0 = Debug|x64
{732BF7A9-A499-4F0B-9129-84252B58194E}.Debug|arm64.ActiveCfg = Debug|arm64
{732BF7A9-A499-4F0B-9129-84252B58194E}.Debug|arm64.Build.0 = Debug|arm64
{732BF7A9-A499-4F0B-9129-84252B58194E}.Release|Win32.ActiveCfg = Release|Win32
{732BF7A9-A499-4F0B-9129-84252B58194E}.Release|Win32.Build.0 = Release|Win32
{732BF7A9-A499-4F0B-9129-84252B58194E}.Release|x64.ActiveCfg = Release|x64
{732BF7A9-A499-4F0B-9129-84252B58194E}.Release|x64.Build.0 = Release|x64
{732BF7A9-A499-4F0B-9129-84252B58194E}.Release|arm64.ActiveCfg = Release|arm64
{732BF7A9-A499-4F0B-9129-84252B58194E}.Release|arm64.Build.0 = Release|arm64
{1750D4BE-7507-48BF-A6EE-9A0F9C0E4F72}.Debug|Win32.ActiveCfg = Debug|Win32
{1750D4BE-7507-48BF-A6EE-9A0F9C0E4F72}.Debug|Win32.Build.0 = Debug|Win32
{1750D4BE-7507-48BF-A6EE-9A0F9C0E4F72}.Debug|x64.ActiveCfg = Debug|x64
{1750D4BE-7507-48BF-A6EE-9A0F9C0E4F72}.Debug|x64.Build.0 = Debug|x64
{1750D4BE-7507-48BF-A6EE-9A0F9C0E4F72}.Debug|arm64.ActiveCfg = Debug|arm64
{1750D4BE-7507-48BF-A6EE-9A0F9C0E4F72}.Debug|arm64.Build.0 = Debug|arm64
{1750D4BE-7507-48BF-A6EE-9A0F9C0E4F72}.Release|Win32.ActiveCfg = Release|Win32
{1750D4BE-7507-48BF-A6EE-9A0F9C0E4F72}.Release|Win32.Build.0 = Release|Win32
{1750D4BE-7507-48BF-A6EE-9A0F9C0E4F72}.Release|x64.ActiveCfg = Release|x64
{1750D4BE-7507-48BF-A6EE-9A0F9C0E4F72}.Release|x64.Build.0 = Release|x64
{1750D4BE-7507-48BF-A6EE-9A0F9C0E4F72}.Release|arm64.ActiveCfg = Release|arm64
{1750D4BE-7507-48BF-A6EE-9A0F9C0E4F72}.Release|arm64.Build.0 = Release|arm64
{0ED86AD9-AD99-43A1-98C0-34E945E06A8D}.Debug|Win32.ActiveCfg = Debug|Win32
{0ED86AD9-AD99-43A1-98C0-34E945E06A8D}.Debug|Win32.Build.0 = Debug|Win32
{0ED86AD9-AD99-43A1-98C0-34E945E06A8D}.Debug|x64.ActiveCfg = Debug|x64
{0ED86AD9-AD99-43A1-98C0-34E945E06A8D}.Debug|x64.Build.0 = Debug|x64
{0ED86AD9-AD99-43A1-98C0-34E945E06A8D}.Debug|arm64.ActiveCfg = Debug|arm64
{0ED86AD9-AD99-43A1-98C0-34E945E06A8D}.Debug|arm64.Build.0 = Debug|arm64
{0ED86AD9-AD99-43A1-98C0-34E945E06A8D}.Release|Win32.ActiveCfg = Release|Win32
{0ED86AD9-AD99-43A1-98C0-34E945E06A8D}.Release|Win32.Build.0 = Release|Win32
{0ED86AD9-AD99-43A1-98C0-34E945E06A8D}.Release|x64.ActiveCfg = Release|x64
{0ED86AD9-AD99-43A1-98C0-34E945E06A8D}.Release|x64.Build.0 = Release|x64
{0ED86AD9-AD99-43A1-98C0-34E945E06A8D}.Release|arm64.ActiveCfg = Release|arm64
{0ED86AD9-AD99-43A1-98C0-34E945E06A8D}.Release|arm64.Build.0 = Release|arm64
{8A7B4172-40A5-47CA-B6AC-09AB8A82EA68}.Debug|Win32.ActiveCfg = Debug|Win32
{8A7B4172-40A5-47CA-B6AC-09AB8A82EA68}.Debug|Win32.Build.0 = Debug|Win32
{8A7B4172-40A5-47CA-B6AC-09AB8A82EA68}.Debug|x64.ActiveCfg = Debug|x64
{8A7B4172-40A5-47CA-B6AC-09AB8A82EA68}.Debug|x64.Build.0 = Debug|x64
{8A7B4172-40A5-47CA-B6AC-09AB8A82EA68}.Debug|arm64.ActiveCfg = Debug|arm64
{8A7B4172-40A5-47CA-B6AC-09AB8A82EA68}.Debug|arm64.Build.0 = Debug|arm64
{8A7B4172-40A5-47CA-B6AC-09AB8A82EA68}.Release|Win32.ActiveCfg = Release|Win32
{8A7B4172-40A5-47CA-B6AC-09AB8A82EA68}.Release|Win32.Build.0 = Release|Win32
{8A7B4172-40A5-47CA-B6AC-09AB8A82EA68}.Release|x64.ActiveCfg = Release|x64
{8A7B4172-40A5-47CA-B6AC-09AB8A82EA68}.Release|x64.Build.0 = Release|x64
{8A7B4172-40A5-47CA-B6AC-09AB8A82EA68}.Release|arm64.ActiveCfg = Release|arm64
{8A7B4172-40A5-47CA-B6AC-09AB8A82EA68}.Release|arm64.Build.0 = Release|arm64
{39EC0418-A05F-452D-86F7-ACDA9EEA3142}.Debug|Win32.ActiveCfg = Debug|Win32
{39EC0418-A05F-452D-86F7-ACDA9EEA3142}.Debug|Win32.Build.0 = Debug|Win32
{39EC0418-A05F-452D-86F7-ACDA9EEA3142}.Debug|x64.ActiveCfg = Debug|x64
{39EC0418-A05F-452D-86F7-ACDA9EEA3142}.Debug|x64.Build.0 = Debug|x64
{39EC0418-A05F-452D-86F7-ACDA9EEA3142}.Debug|arm64.ActiveCfg = Debug|arm64
{39EC0418-A05F-452D-86F7-ACDA9EEA3142}.Debug|arm64.Build.0 = Debug|arm64
{39EC0418-A05F-452D-86F7-ACDA9EEA3142}.Release|Win32.ActiveCfg = Release|Win32
{39EC0418-A05F-452D-86F7-ACDA9EEA3142}.Release|Win32.Build.0 = Release|Win32
{39EC0418-A05F-452D-86F7-ACDA9EEA3142}.Release|x64.ActiveCfg = Release|x64
{39EC0418-A05F-452D-86F7-ACDA9EEA3142}.Release|x64.Build.0 = Release|x64
{39EC0418-A05F-452D-86F7-ACDA9EEA3142}.Release|arm64.ActiveCfg = Release|arm64
{39EC0418-A05F-452D-86F7-ACDA9EEA3142}.Release|arm64.Build.0 = Release|arm64
{A25F90F1-7E1E-4302-8EDD-B70B5B4500FC}.Debug|Win32.ActiveCfg = Debug|Win32
{A25F90F1-7E1E-4302-8EDD-B70B5B4500FC}.Debug|Win32.Build.0 = Debug|Win32
{A25F90F1-7E1E-4302-8EDD-B70B5B4500FC}.Debug|x64.ActiveCfg = Debug|x64
{A25F90F1-7E1E-4302-8EDD-B70B5B4500FC}.Debug|x64.Build.0 = Debug|x64
{A25F90F1-7E1E-4302-8EDD-B70B5B4500FC}.Debug|arm64.ActiveCfg = Debug|arm64
{A25F90F1-7E1E-4302-8EDD-B70B5B4500FC}.Debug|arm64.Build.0 = Debug|arm64
{A25F90F1-7E1E-4302-8EDD-B70B5B4500FC}.Release|Win32.ActiveCfg = Release|Win32
{A25F90F1-7E1E-4302-8EDD-B70B5B4500FC}.Release|Win32.Build.0 = Release|Win32
{A25F90F1-7E1E-4302-8EDD-B70B5B4500FC}.Release|x64.ActiveCfg = Release|x64
{A25F90F1-7E1E-4302-8EDD-B70B5B4500FC}.Release|x64.Build.0 = Release|x64
{A25F90F1-7E1E-4302-8EDD-B70B5B4500FC}.Release|arm64.ActiveCfg = Release|arm64
{A25F90F1-7E1E-4302-8EDD-B70B5B4500FC}.Release|arm64.Build.0 = Release|arm64
{817325B8-B6E9-48B2-862A-ED8C2CFBA2F8}.Debug|Win32.ActiveCfg = Debug|Win32
{817325B8-B6E9-48B2-862A-ED8C2CFBA2F8}.Debug|Win32.Build.0 = Debug|Win32
{817325B8-B6E9-48B2-862A-ED8C2CFBA2F8}.Debug|x64.ActiveCfg = Debug|x64
{817325B8-B6E9-48B2-862A-ED8C2CFBA2F8}.Debug|x64.Build.0 = Debug|x64
{817325B8-B6E9-48B2-862A-ED8C2CFBA2F8}.Debug|arm64.ActiveCfg = Debug|arm64
{817325B8-B6E9-48B2-862A-ED8C2CFBA2F8}.Debug|arm64.Build.0 = Debug|arm64
{817325B8-B6E9-48B2-862A-ED8C2CFBA2F8}.Release|Win32.ActiveCfg = Release|Win32
{817325B8-B6E9-48B2-862A-ED8C2CFBA2F8}.Release|Win32.Build.0 = Release|Win32
{817325B8-B6E9-48B2-862A-ED8C2CFBA2F8}.Release|x64.ActiveCfg = Release|x64
{817325B8-B6E9-48B2-862A-ED8C2CFBA2F8}.Release|x64.Build.0 = Release|x64
{817325B8-B6E9-48B2-862A-ED8C2CFBA2F8}.Release|arm64.ActiveCfg = Release|arm64
{817325B8-B6E9-48B2-862A-ED8C2CFBA2F8}.Release|arm64.Build.0 = Release|arm64
{B8BE77C8-176A-4D31-A972-6C992F38568B}.Debug|Win32.ActiveCfg = Debug|Win32
{B8BE77C8-176A-4D31-A972-6C992F38568B}.Debug|Win32.Build.0 = Debug|Win32
{B8BE77C8-176A-4D31-A972-6C992F38568B}.Debug|x64.ActiveCfg = Debug|x64
{B8BE77C8-176A-4D31-A972-6C992F38568B}.Debug|x64.Build.0 = Debug|x64
{B8BE77C8-176A-4D31-A972-6C992F38568B}.Debug|arm64.ActiveCfg = Debug|arm64
{B8BE77C8-176A-4D31-A972-6C992F38568B}.Debug|arm64.Build.0 = Debug|arm64
{B8BE77C8-176A-4D31-A972-6C992F38568B}.Release|Win32.ActiveCfg = Release|Win32
{B8BE77C8-176A-4D31-A972-6C992F38568B}.Release|Win32.Build.0 = Release|Win32
{B8BE77C8-176A-4D31-A972-6C992F38568B}.Release|x64.ActiveCfg = Release|x64
{B8BE77C8-176A-4D31-A972-6C992F38568B}.Release|x64.Build.0 = Release|x64
{B8BE77C8-176A-4D31-A972-6C992F38568B}.Release|arm64.ActiveCfg = Release|arm64
{B8BE77C8-176A-4D31-A972-6C992F38568B}.Release|arm64.Build.0 = Release|arm64
EndGlobalSection

      GlobalSection(SolutionProperties) = preSolution
        HideSolutionNode = FALSE
      EndGlobalSection
    EndGlobal
