// !$*UTF8*$!
{
        archiveVersion = 1;
        classes = {
        };
        objectVersion = 46;
        objects = {

/* Begin PBXAggregateTarget section */
		0157863B0157863B00000006 /* app */ = {
    			isa = PBXAggregateTarget;
    			buildConfigurationList = 0157863B0157863B00000005 /* Build configuration list for PBXAggregateTarget "app" */;
    			buildPhases = (
    				0157863B0157863B00000007,
    			);
    			dependencies = (
				0157863B0157863B00000008 /* PBXTargetDependency Prep */,
			);
    			name = app;
    			productName = app;
    		};
		0157863B0157863B0000000A /* All */ = {
    			isa = PBXAggregateTarget;
    			buildConfigurationList = 0157863B0157863B00000009 /* Build configuration list for PBXAggregateTarget "All" */;
    			buildPhases = (
    				
    			);
    			dependencies = (
				0157863B0157863B0000000B /* PBXTargetDependency app */,
				0157863B0157863B0000000C /* PBXTargetDependency db */,
				0157863B0157863B0000000D /* PBXTargetDependency ioto */,
				0157863B0157863B0000000E /* PBXTargetDependency json */,
				0157863B0157863B0000000F /* PBXTargetDependency libioto */,
				0157863B0157863B00000010 /* PBXTargetDependency password */,
				0157863B0157863B00000011 /* PBXTargetDependency url */,
				0157863B0157863B00000012 /* PBXTargetDependency web */,
				0157863B0157863B00000013 /* PBXTargetDependency All */,
				0157863B0157863B00000014 /* PBXTargetDependency Prep */,
			);
    			name = All;
    			productName = All;
    		};
		0157863B0157863B00000016 /* Prep */ = {
    			isa = PBXAggregateTarget;
    			buildConfigurationList = 0157863B0157863B00000015 /* Build configuration list for PBXAggregateTarget "Prep" */;
    			buildPhases = (
    				0157863B0157863B00000017,
    			);
    			dependencies = (
			);
    			name = Prep;
    			productName = Prep;
    		};
/* End PBXAggregateTarget section */

/* Begin PBXBuildFile section */
		0157863B0157863B00000018 /* db.c in Sources */ = {isa = PBXBuildFile; fileRef = 0157863B0157863B00000019 /* db.c */; };
		0157863B0157863B0000001A /* ioto.c in Sources */ = {isa = PBXBuildFile; fileRef = 0157863B0157863B0000001B /* ioto.c */; };
		0157863B0157863B0000001C /* json.c in Sources */ = {isa = PBXBuildFile; fileRef = 0157863B0157863B0000001D /* json.c */; };
		0157863B0157863B0000001E /* cryptLib.c in Sources */ = {isa = PBXBuildFile; fileRef = 0157863B0157863B0000001F /* cryptLib.c */; };
		0157863B0157863B00000020 /* dbLib.c in Sources */ = {isa = PBXBuildFile; fileRef = 0157863B0157863B00000021 /* dbLib.c */; };
		0157863B0157863B00000022 /* jsonLib.c in Sources */ = {isa = PBXBuildFile; fileRef = 0157863B0157863B00000023 /* jsonLib.c */; };
		0157863B0157863B00000024 /* mqttLib.c in Sources */ = {isa = PBXBuildFile; fileRef = 0157863B0157863B00000025 /* mqttLib.c */; };
		0157863B0157863B00000026 /* openaiLib.c in Sources */ = {isa = PBXBuildFile; fileRef = 0157863B0157863B00000027 /* openaiLib.c */; };
		0157863B0157863B00000028 /* rLib.c in Sources */ = {isa = PBXBuildFile; fileRef = 0157863B0157863B00000029 /* rLib.c */; };
		0157863B0157863B0000002A /* uctxAssembly.S in Sources */ = {isa = PBXBuildFile; fileRef = 0157863B0157863B0000002B /* uctxAssembly.S */; };
		0157863B0157863B0000002C /* uctxLib.c in Sources */ = {isa = PBXBuildFile; fileRef = 0157863B0157863B0000002D /* uctxLib.c */; };
		0157863B0157863B0000002E /* urlLib.c in Sources */ = {isa = PBXBuildFile; fileRef = 0157863B0157863B0000002F /* urlLib.c */; };
		0157863B0157863B00000030 /* webLib.c in Sources */ = {isa = PBXBuildFile; fileRef = 0157863B0157863B00000031 /* webLib.c */; };
		0157863B0157863B00000032 /* websockLib.c in Sources */ = {isa = PBXBuildFile; fileRef = 0157863B0157863B00000033 /* websockLib.c */; };
		0157863B0157863B00000034 /* agent.c in Sources */ = {isa = PBXBuildFile; fileRef = 0157863B0157863B00000035 /* agent.c */; };
		0157863B0157863B00000036 /* ai.c in Sources */ = {isa = PBXBuildFile; fileRef = 0157863B0157863B00000037 /* ai.c */; };
		0157863B0157863B00000038 /* app.c in Sources */ = {isa = PBXBuildFile; fileRef = 0157863B0157863B00000039 /* app.c */; };
		0157863B0157863B0000003A /* cloud.c in Sources */ = {isa = PBXBuildFile; fileRef = 0157863B0157863B0000003B /* cloud.c */; };
		0157863B0157863B0000003C /* cloudwatch.c in Sources */ = {isa = PBXBuildFile; fileRef = 0157863B0157863B0000003D /* cloudwatch.c */; };
		0157863B0157863B0000003E /* helpers.c in Sources */ = {isa = PBXBuildFile; fileRef = 0157863B0157863B0000003F /* helpers.c */; };
		0157863B0157863B00000040 /* logs.c in Sources */ = {isa = PBXBuildFile; fileRef = 0157863B0157863B00000041 /* logs.c */; };
		0157863B0157863B00000042 /* provision.c in Sources */ = {isa = PBXBuildFile; fileRef = 0157863B0157863B00000043 /* provision.c */; };
		0157863B0157863B00000044 /* shadow.c in Sources */ = {isa = PBXBuildFile; fileRef = 0157863B0157863B00000045 /* shadow.c */; };
		0157863B0157863B00000046 /* sync.c in Sources */ = {isa = PBXBuildFile; fileRef = 0157863B0157863B00000047 /* sync.c */; };
		0157863B0157863B00000048 /* update.c in Sources */ = {isa = PBXBuildFile; fileRef = 0157863B0157863B00000049 /* update.c */; };
		0157863B0157863B0000004A /* config.c in Sources */ = {isa = PBXBuildFile; fileRef = 0157863B0157863B0000004B /* config.c */; };
		0157863B0157863B0000004C /* cron.c in Sources */ = {isa = PBXBuildFile; fileRef = 0157863B0157863B0000004D /* cron.c */; };
		0157863B0157863B0000004E /* database.c in Sources */ = {isa = PBXBuildFile; fileRef = 0157863B0157863B0000004F /* database.c */; };
		0157863B0157863B00000050 /* esp32.c in Sources */ = {isa = PBXBuildFile; fileRef = 0157863B0157863B00000051 /* esp32.c */; };
		0157863B0157863B00000052 /* mqtt.c in Sources */ = {isa = PBXBuildFile; fileRef = 0157863B0157863B00000053 /* mqtt.c */; };
		0157863B0157863B00000054 /* register.c in Sources */ = {isa = PBXBuildFile; fileRef = 0157863B0157863B00000055 /* register.c */; };
		0157863B0157863B00000056 /* serialize.c in Sources */ = {isa = PBXBuildFile; fileRef = 0157863B0157863B00000057 /* serialize.c */; };
		0157863B0157863B00000058 /* setup.c in Sources */ = {isa = PBXBuildFile; fileRef = 0157863B0157863B00000059 /* setup.c */; };
		0157863B0157863B0000005A /* webserver.c in Sources */ = {isa = PBXBuildFile; fileRef = 0157863B0157863B0000005B /* webserver.c */; };
		0157863B0157863B0000005C /* password.c in Sources */ = {isa = PBXBuildFile; fileRef = 0157863B0157863B0000005D /* password.c */; };
		0157863B0157863B0000005E /* url.c in Sources */ = {isa = PBXBuildFile; fileRef = 0157863B0157863B0000005F /* url.c */; };
		0157863B0157863B00000060 /* web.c in Sources */ = {isa = PBXBuildFile; fileRef = 0157863B0157863B00000061 /* web.c */; };
		0157863B0157863B00000062 /* libioto.a for db */ = {isa = PBXBuildFile; fileRef = 0157863B0157863B00000063; };
		0157863B0157863B00000064 /* libioto.a for ioto */ = {isa = PBXBuildFile; fileRef = 0157863B0157863B00000063; };
		0157863B0157863B00000065 /* libioto.a for json */ = {isa = PBXBuildFile; fileRef = 0157863B0157863B00000063; };
		0157863B0157863B00000066 /* libioto.a for password */ = {isa = PBXBuildFile; fileRef = 0157863B0157863B00000063; };
		0157863B0157863B00000067 /* libioto.a for url */ = {isa = PBXBuildFile; fileRef = 0157863B0157863B00000063; };
		0157863B0157863B00000068 /* libioto.a for web */ = {isa = PBXBuildFile; fileRef = 0157863B0157863B00000063; };
/* End PBXBuildFile section */

/* Begin PBXContainerItemProxy section */
		0157863B0157863B00000069 /* PBXContainerItemProxy Prep from app */ = {
    			isa = PBXContainerItemProxy;
    			containerPortal = 0157863B0157863B00000001 /* Project object */;
    			proxyType = 1;
    			remoteGlobalIDString = 0157863B0157863B00000016;
    			remoteInfo = Prep;
    		};
		0157863B0157863B0000006A /* PBXContainerItemProxy Prep from db */ = {
    			isa = PBXContainerItemProxy;
    			containerPortal = 0157863B0157863B00000001 /* Project object */;
    			proxyType = 1;
    			remoteGlobalIDString = 0157863B0157863B00000016;
    			remoteInfo = Prep;
    		};
		0157863B0157863B0000006B /* PBXContainerItemProxy libioto from db */ = {
    			isa = PBXContainerItemProxy;
    			containerPortal = 0157863B0157863B00000001 /* Project object */;
    			proxyType = 1;
    			remoteGlobalIDString = 0157863B0157863B0000006C;
    			remoteInfo = libioto;
    		};
		0157863B0157863B0000006D /* PBXContainerItemProxy Prep from ioto */ = {
    			isa = PBXContainerItemProxy;
    			containerPortal = 0157863B0157863B00000001 /* Project object */;
    			proxyType = 1;
    			remoteGlobalIDString = 0157863B0157863B00000016;
    			remoteInfo = Prep;
    		};
		0157863B0157863B0000006E /* PBXContainerItemProxy libioto from ioto */ = {
    			isa = PBXContainerItemProxy;
    			containerPortal = 0157863B0157863B00000001 /* Project object */;
    			proxyType = 1;
    			remoteGlobalIDString = 0157863B0157863B0000006C;
    			remoteInfo = libioto;
    		};
		0157863B0157863B0000006F /* PBXContainerItemProxy Prep from json */ = {
    			isa = PBXContainerItemProxy;
    			containerPortal = 0157863B0157863B00000001 /* Project object */;
    			proxyType = 1;
    			remoteGlobalIDString = 0157863B0157863B00000016;
    			remoteInfo = Prep;
    		};
		0157863B0157863B00000070 /* PBXContainerItemProxy libioto from json */ = {
    			isa = PBXContainerItemProxy;
    			containerPortal = 0157863B0157863B00000001 /* Project object */;
    			proxyType = 1;
    			remoteGlobalIDString = 0157863B0157863B0000006C;
    			remoteInfo = libioto;
    		};
		0157863B0157863B00000071 /* PBXContainerItemProxy Prep from libioto */ = {
    			isa = PBXContainerItemProxy;
    			containerPortal = 0157863B0157863B00000001 /* Project object */;
    			proxyType = 1;
    			remoteGlobalIDString = 0157863B0157863B00000016;
    			remoteInfo = Prep;
    		};
		0157863B0157863B00000072 /* PBXContainerItemProxy Prep from password */ = {
    			isa = PBXContainerItemProxy;
    			containerPortal = 0157863B0157863B00000001 /* Project object */;
    			proxyType = 1;
    			remoteGlobalIDString = 0157863B0157863B00000016;
    			remoteInfo = Prep;
    		};
		0157863B0157863B00000073 /* PBXContainerItemProxy libioto from password */ = {
    			isa = PBXContainerItemProxy;
    			containerPortal = 0157863B0157863B00000001 /* Project object */;
    			proxyType = 1;
    			remoteGlobalIDString = 0157863B0157863B0000006C;
    			remoteInfo = libioto;
    		};
		0157863B0157863B00000074 /* PBXContainerItemProxy Prep from url */ = {
    			isa = PBXContainerItemProxy;
    			containerPortal = 0157863B0157863B00000001 /* Project object */;
    			proxyType = 1;
    			remoteGlobalIDString = 0157863B0157863B00000016;
    			remoteInfo = Prep;
    		};
		0157863B0157863B00000075 /* PBXContainerItemProxy libioto from url */ = {
    			isa = PBXContainerItemProxy;
    			containerPortal = 0157863B0157863B00000001 /* Project object */;
    			proxyType = 1;
    			remoteGlobalIDString = 0157863B0157863B0000006C;
    			remoteInfo = libioto;
    		};
		0157863B0157863B00000076 /* PBXContainerItemProxy Prep from web */ = {
    			isa = PBXContainerItemProxy;
    			containerPortal = 0157863B0157863B00000001 /* Project object */;
    			proxyType = 1;
    			remoteGlobalIDString = 0157863B0157863B00000016;
    			remoteInfo = Prep;
    		};
		0157863B0157863B00000077 /* PBXContainerItemProxy libioto from web */ = {
    			isa = PBXContainerItemProxy;
    			containerPortal = 0157863B0157863B00000001 /* Project object */;
    			proxyType = 1;
    			remoteGlobalIDString = 0157863B0157863B0000006C;
    			remoteInfo = libioto;
    		};
		0157863B0157863B00000078 /* PBXContainerItemProxy Prep from All */ = {
    			isa = PBXContainerItemProxy;
    			containerPortal = 0157863B0157863B00000001 /* Project object */;
    			proxyType = 1;
    			remoteGlobalIDString = 0157863B0157863B00000016;
    			remoteInfo = Prep;
    		};
		0157863B0157863B00000079 /* PBXContainerItemProxy app from All */ = {
    			isa = PBXContainerItemProxy;
    			containerPortal = 0157863B0157863B00000001 /* Project object */;
    			proxyType = 1;
    			remoteGlobalIDString = 0157863B0157863B00000006;
    			remoteInfo = app;
    		};
		0157863B0157863B0000007A /* PBXContainerItemProxy libioto from All */ = {
    			isa = PBXContainerItemProxy;
    			containerPortal = 0157863B0157863B00000001 /* Project object */;
    			proxyType = 1;
    			remoteGlobalIDString = 0157863B0157863B0000006C;
    			remoteInfo = libioto;
    		};
		0157863B0157863B0000007B /* PBXContainerItemProxy db from All */ = {
    			isa = PBXContainerItemProxy;
    			containerPortal = 0157863B0157863B00000001 /* Project object */;
    			proxyType = 1;
    			remoteGlobalIDString = 0157863B0157863B0000007C;
    			remoteInfo = db;
    		};
		0157863B0157863B0000007D /* PBXContainerItemProxy ioto from All */ = {
    			isa = PBXContainerItemProxy;
    			containerPortal = 0157863B0157863B00000001 /* Project object */;
    			proxyType = 1;
    			remoteGlobalIDString = 0157863B0157863B0000007E;
    			remoteInfo = ioto;
    		};
		0157863B0157863B0000007F /* PBXContainerItemProxy json from All */ = {
    			isa = PBXContainerItemProxy;
    			containerPortal = 0157863B0157863B00000001 /* Project object */;
    			proxyType = 1;
    			remoteGlobalIDString = 0157863B0157863B00000080;
    			remoteInfo = json;
    		};
		0157863B0157863B00000081 /* PBXContainerItemProxy password from All */ = {
    			isa = PBXContainerItemProxy;
    			containerPortal = 0157863B0157863B00000001 /* Project object */;
    			proxyType = 1;
    			remoteGlobalIDString = 0157863B0157863B00000082;
    			remoteInfo = password;
    		};
		0157863B0157863B00000083 /* PBXContainerItemProxy url from All */ = {
    			isa = PBXContainerItemProxy;
    			containerPortal = 0157863B0157863B00000001 /* Project object */;
    			proxyType = 1;
    			remoteGlobalIDString = 0157863B0157863B00000084;
    			remoteInfo = url;
    		};
		0157863B0157863B00000085 /* PBXContainerItemProxy web from All */ = {
    			isa = PBXContainerItemProxy;
    			containerPortal = 0157863B0157863B00000001 /* Project object */;
    			proxyType = 1;
    			remoteGlobalIDString = 0157863B0157863B00000086;
    			remoteInfo = web;
    		};
/* End PBXContainerItemProxy section */

/* Begin PBXFileReference section */
		0157863B0157863B00000019 /* db.c */ = {isa = PBXFileReference; fileEncoding = 4; lastKnownFileType = sourcecode.c.c; name = db.c; path = src/cmds/db.c; sourceTree = "<group>"; };
		0157863B0157863B00000087 /* r.h */ = {isa = PBXFileReference; fileEncoding = 4; lastKnownFileType = sourcecode.c.h; name = r.h; path = build/macosx-arm64-default/inc/r.h; sourceTree = "<group>"; };
		0157863B0157863B00000088 /* db.h */ = {isa = PBXFileReference; fileEncoding = 4; lastKnownFileType = sourcecode.c.h; name = db.h; path = build/macosx-arm64-default/inc/db.h; sourceTree = "<group>"; };
		0157863B0157863B00000089 /* db */ = {isa = PBXFileReference; explicitFileType = "compiled.mach-o.executable"; includeInIndex = 0; path = db; sourceTree = BUILT_PRODUCTS_DIR; };
		0157863B0157863B0000001B /* ioto.c */ = {isa = PBXFileReference; fileEncoding = 4; lastKnownFileType = sourcecode.c.c; name = ioto.c; path = src/cmds/ioto.c; sourceTree = "<group>"; };
		0157863B0157863B0000008A /* ioto.h */ = {isa = PBXFileReference; fileEncoding = 4; lastKnownFileType = sourcecode.c.h; name = ioto.h; path = build/macosx-arm64-default/inc/ioto.h; sourceTree = "<group>"; };
		0157863B0157863B0000008B /* ioto */ = {isa = PBXFileReference; explicitFileType = "compiled.mach-o.executable"; includeInIndex = 0; path = ioto; sourceTree = BUILT_PRODUCTS_DIR; };
		0157863B0157863B0000001D /* json.c */ = {isa = PBXFileReference; fileEncoding = 4; lastKnownFileType = sourcecode.c.c; name = json.c; path = src/cmds/json.c; sourceTree = "<group>"; };
		0157863B0157863B0000008C /* osdep.h */ = {isa = PBXFileReference; fileEncoding = 4; lastKnownFileType = sourcecode.c.h; name = osdep.h; path = build/macosx-arm64-default/inc/osdep.h; sourceTree = "<group>"; };
		0157863B0157863B0000008D /* json.h */ = {isa = PBXFileReference; fileEncoding = 4; lastKnownFileType = sourcecode.c.h; name = json.h; path = build/macosx-arm64-default/inc/json.h; sourceTree = "<group>"; };
		0157863B0157863B0000008E /* json */ = {isa = PBXFileReference; explicitFileType = "compiled.mach-o.executable"; includeInIndex = 0; path = json; sourceTree = BUILT_PRODUCTS_DIR; };
		0157863B0157863B0000001F /* cryptLib.c */ = {isa = PBXFileReference; fileEncoding = 4; lastKnownFileType = sourcecode.c.c; name = cryptLib.c; path = lib/cryptLib.c; sourceTree = "<group>"; };
		0157863B0157863B0000008F /* crypt.h */ = {isa = PBXFileReference; fileEncoding = 4; lastKnownFileType = sourcecode.c.h; name = crypt.h; path = build/macosx-arm64-default/inc/crypt.h; sourceTree = "<group>"; };
		0157863B0157863B00000021 /* dbLib.c */ = {isa = PBXFileReference; fileEncoding = 4; lastKnownFileType = sourcecode.c.c; name = dbLib.c; path = lib/dbLib.c; sourceTree = "<group>"; };
		0157863B0157863B00000023 /* jsonLib.c */ = {isa = PBXFileReference; fileEncoding = 4; lastKnownFileType = sourcecode.c.c; name = jsonLib.c; path = lib/jsonLib.c; sourceTree = "<group>"; };
		0157863B0157863B00000025 /* mqttLib.c */ = {isa = PBXFileReference; fileEncoding = 4; lastKnownFileType = sourcecode.c.c; name = mqttLib.c; path = lib/mqttLib.c; sourceTree = "<group>"; };
		0157863B0157863B00000090 /* mqtt.h */ = {isa = PBXFileReference; fileEncoding = 4; lastKnownFileType = sourcecode.c.h; name = mqtt.h; path = build/macosx-arm64-default/inc/mqtt.h; sourceTree = "<group>"; };
		0157863B0157863B00000027 /* openaiLib.c */ = {isa = PBXFileReference; fileEncoding = 4; lastKnownFileType = sourcecode.c.c; name = openaiLib.c; path = lib/openaiLib.c; sourceTree = "<group>"; };
		0157863B0157863B00000091 /* openai.h */ = {isa = PBXFileReference; fileEncoding = 4; lastKnownFileType = sourcecode.c.h; name = openai.h; path = build/macosx-arm64-default/inc/openai.h; sourceTree = "<group>"; };
		0157863B0157863B00000029 /* rLib.c */ = {isa = PBXFileReference; fileEncoding = 4; lastKnownFileType = sourcecode.c.c; name = rLib.c; path = lib/rLib.c; sourceTree = "<group>"; };
		0157863B0157863B0000002B /* uctxAssembly.S */ = {isa = PBXFileReference; fileEncoding = 4; lastKnownFileType = sourcecode.S.S; name = uctxAssembly.S; path = lib/uctxAssembly.S; sourceTree = "<group>"; };
		0157863B0157863B00000092 /* uctx-os.h */ = {isa = PBXFileReference; fileEncoding = 4; lastKnownFileType = sourcecode.c.h; name = uctx-os.h; path = build/macosx-arm64-default/inc/uctx-os.h; sourceTree = "<group>"; };
		0157863B0157863B00000093 /* uctx-defs.h */ = {isa = PBXFileReference; fileEncoding = 4; lastKnownFileType = sourcecode.c.h; name = uctx-defs.h; path = build/macosx-arm64-default/inc/uctx-defs.h; sourceTree = "<group>"; };
		0157863B0157863B0000002D /* uctxLib.c */ = {isa = PBXFileReference; fileEncoding = 4; lastKnownFileType = sourcecode.c.c; name = uctxLib.c; path = lib/uctxLib.c; sourceTree = "<group>"; };
		0157863B0157863B00000094 /* uctx.h */ = {isa = PBXFileReference; fileEncoding = 4; lastKnownFileType = sourcecode.c.h; name = uctx.h; path = build/macosx-arm64-default/inc/uctx.h; sourceTree = "<group>"; };
		0157863B0157863B0000002F /* urlLib.c */ = {isa = PBXFileReference; fileEncoding = 4; lastKnownFileType = sourcecode.c.c; name = urlLib.c; path = lib/urlLib.c; sourceTree = "<group>"; };
		0157863B0157863B00000095 /* url.h */ = {isa = PBXFileReference; fileEncoding = 4; lastKnownFileType = sourcecode.c.h; name = url.h; path = build/macosx-arm64-default/inc/url.h; sourceTree = "<group>"; };
		0157863B0157863B00000096 /* websock.h */ = {isa = PBXFileReference; fileEncoding = 4; lastKnownFileType = sourcecode.c.h; name = websock.h; path = build/macosx-arm64-default/inc/websock.h; sourceTree = "<group>"; };
		0157863B0157863B00000031 /* webLib.c */ = {isa = PBXFileReference; fileEncoding = 4; lastKnownFileType = sourcecode.c.c; name = webLib.c; path = lib/webLib.c; sourceTree = "<group>"; };
		0157863B0157863B00000097 /* web.h */ = {isa = PBXFileReference; fileEncoding = 4; lastKnownFileType = sourcecode.c.h; name = web.h; path = build/macosx-arm64-default/inc/web.h; sourceTree = "<group>"; };
		0157863B0157863B00000033 /* websockLib.c */ = {isa = PBXFileReference; fileEncoding = 4; lastKnownFileType = sourcecode.c.c; name = websockLib.c; path = lib/websockLib.c; sourceTree = "<group>"; };
		0157863B0157863B00000035 /* agent.c */ = {isa = PBXFileReference; fileEncoding = 4; lastKnownFileType = sourcecode.c.c; name = agent.c; path = src/agent.c; sourceTree = "<group>"; };
		0157863B0157863B00000037 /* ai.c */ = {isa = PBXFileReference; fileEncoding = 4; lastKnownFileType = sourcecode.c.c; name = ai.c; path = src/ai.c; sourceTree = "<group>"; };
		0157863B0157863B00000039 /* app.c */ = {isa = PBXFileReference; fileEncoding = 4; lastKnownFileType = sourcecode.c.c; name = app.c; path = src/app.c; sourceTree = "<group>"; };
		0157863B0157863B0000003B /* cloud.c */ = {isa = PBXFileReference; fileEncoding = 4; lastKnownFileType = sourcecode.c.c; name = cloud.c; path = src/cloud/cloud.c; sourceTree = "<group>"; };
		0157863B0157863B0000003D /* cloudwatch.c */ = {isa = PBXFileReference; fileEncoding = 4; lastKnownFileType = sourcecode.c.c; name = cloudwatch.c; path = src/cloud/cloudwatch.c; sourceTree = "<group>"; };
		0157863B0157863B0000003F /* helpers.c */ = {isa = PBXFileReference; fileEncoding = 4; lastKnownFileType = sourcecode.c.c; name = helpers.c; path = src/cloud/helpers.c; sourceTree = "<group>"; };
		0157863B0157863B00000041 /* logs.c */ = {isa = PBXFileReference; fileEncoding = 4; lastKnownFileType = sourcecode.c.c; name = logs.c; path = src/cloud/logs.c; sourceTree = "<group>"; };
		0157863B0157863B00000043 /* provision.c */ = {isa = PBXFileReference; fileEncoding = 4; lastKnownFileType = sourcecode.c.c; name = provision.c; path = src/cloud/provision.c; sourceTree = "<group>"; };
		0157863B0157863B00000045 /* shadow.c */ = {isa = PBXFileReference; fileEncoding = 4; lastKnownFileType = sourcecode.c.c; name = shadow.c; path = src/cloud/shadow.c; sourceTree = "<group>"; };
		0157863B0157863B00000047 /* sync.c */ = {isa = PBXFileReference; fileEncoding = 4; lastKnownFileType = sourcecode.c.c; name = sync.c; path = src/cloud/sync.c; sourceTree = "<group>"; };
		0157863B0157863B00000049 /* update.c */ = {isa = PBXFileReference; fileEncoding = 4; lastKnownFileType = sourcecode.c.c; name = update.c; path = src/cloud/update.c; sourceTree = "<group>"; };
		0157863B0157863B0000004B /* config.c */ = {isa = PBXFileReference; fileEncoding = 4; lastKnownFileType = sourcecode.c.c; name = config.c; path = src/config.c; sourceTree = "<group>"; };
		0157863B0157863B0000004D /* cron.c */ = {isa = PBXFileReference; fileEncoding = 4; lastKnownFileType = sourcecode.c.c; name = cron.c; path = src/cron.c; sourceTree = "<group>"; };
		0157863B0157863B0000004F /* database.c */ = {isa = PBXFileReference; fileEncoding = 4; lastKnownFileType = sourcecode.c.c; name = database.c; path = src/database.c; sourceTree = "<group>"; };
		0157863B0157863B00000051 /* esp32.c */ = {isa = PBXFileReference; fileEncoding = 4; lastKnownFileType = sourcecode.c.c; name = esp32.c; path = src/esp32.c; sourceTree = "<group>"; };
		0157863B0157863B00000053 /* mqtt.c */ = {isa = PBXFileReference; fileEncoding = 4; lastKnownFileType = sourcecode.c.c; name = mqtt.c; path = src/mqtt.c; sourceTree = "<group>"; };
		0157863B0157863B00000055 /* register.c */ = {isa = PBXFileReference; fileEncoding = 4; lastKnownFileType = sourcecode.c.c; name = register.c; path = src/register.c; sourceTree = "<group>"; };
		0157863B0157863B00000057 /* serialize.c */ = {isa = PBXFileReference; fileEncoding = 4; lastKnownFileType = sourcecode.c.c; name = serialize.c; path = src/serialize.c; sourceTree = "<group>"; };
		0157863B0157863B00000059 /* setup.c */ = {isa = PBXFileReference; fileEncoding = 4; lastKnownFileType = sourcecode.c.c; name = setup.c; path = src/setup.c; sourceTree = "<group>"; };
		0157863B0157863B0000005B /* webserver.c */ = {isa = PBXFileReference; fileEncoding = 4; lastKnownFileType = sourcecode.c.c; name = webserver.c; path = src/webserver.c; sourceTree = "<group>"; };
		0157863B0157863B00000063 /* libioto */ = {isa = PBXFileReference; explicitFileType = "compiled.mach-o.dylib"; includeInIndex = 0; path = libioto.a; sourceTree = BUILT_PRODUCTS_DIR; };
		0157863B0157863B0000005D /* password.c */ = {isa = PBXFileReference; fileEncoding = 4; lastKnownFileType = sourcecode.c.c; name = password.c; path = src/cmds/password.c; sourceTree = "<group>"; };
		0157863B0157863B00000098 /* password */ = {isa = PBXFileReference; explicitFileType = "compiled.mach-o.executable"; includeInIndex = 0; path = password; sourceTree = BUILT_PRODUCTS_DIR; };
		0157863B0157863B0000005F /* url.c */ = {isa = PBXFileReference; fileEncoding = 4; lastKnownFileType = sourcecode.c.c; name = url.c; path = src/cmds/url.c; sourceTree = "<group>"; };
		0157863B0157863B00000099 /* url */ = {isa = PBXFileReference; explicitFileType = "compiled.mach-o.executable"; includeInIndex = 0; path = url; sourceTree = BUILT_PRODUCTS_DIR; };
		0157863B0157863B00000061 /* web.c */ = {isa = PBXFileReference; fileEncoding = 4; lastKnownFileType = sourcecode.c.c; name = web.c; path = src/cmds/web.c; sourceTree = "<group>"; };
		0157863B0157863B0000009A /* web */ = {isa = PBXFileReference; explicitFileType = "compiled.mach-o.executable"; includeInIndex = 0; path = web; sourceTree = BUILT_PRODUCTS_DIR; };
/* End PBXFileReference section */

/* Begin PBXFrameworksBuildPhase section */
		0157863B0157863B0000009B /* Frameworks and Libraries for db */ = {
                isa = PBXFrameworksBuildPhase;
                buildActionMask = 2147483647;
                files = (
    				0157863B0157863B00000062 /* libioto */,				
                );
                runOnlyForDeploymentPostprocessing = 0;
            };
		0157863B0157863B0000009C /* Frameworks and Libraries for ioto */ = {
                isa = PBXFrameworksBuildPhase;
                buildActionMask = 2147483647;
                files = (
    				0157863B0157863B00000064 /* libioto */,				
                );
                runOnlyForDeploymentPostprocessing = 0;
            };
		0157863B0157863B0000009D /* Frameworks and Libraries for json */ = {
                isa = PBXFrameworksBuildPhase;
                buildActionMask = 2147483647;
                files = (
    				0157863B0157863B00000065 /* libioto */,				
                );
                runOnlyForDeploymentPostprocessing = 0;
            };
		0157863B0157863B0000009E /* Frameworks and Libraries for libioto */ = {
                isa = PBXFrameworksBuildPhase;
                buildActionMask = 2147483647;
                files = (
    				
                );
                runOnlyForDeploymentPostprocessing = 0;
            };
		0157863B0157863B0000009F /* Frameworks and Libraries for password */ = {
                isa = PBXFrameworksBuildPhase;
                buildActionMask = 2147483647;
                files = (
    				0157863B0157863B00000066 /* libioto */,				
                );
                runOnlyForDeploymentPostprocessing = 0;
            };
		0157863B0157863B000000A0 /* Frameworks and Libraries for url */ = {
                isa = PBXFrameworksBuildPhase;
                buildActionMask = 2147483647;
                files = (
    				0157863B0157863B00000067 /* libioto */,				
                );
                runOnlyForDeploymentPostprocessing = 0;
            };
		0157863B0157863B000000A1 /* Frameworks and Libraries for web */ = {
                isa = PBXFrameworksBuildPhase;
                buildActionMask = 2147483647;
                files = (
    				0157863B0157863B00000068 /* libioto */,				
                );
                runOnlyForDeploymentPostprocessing = 0;
            };
/* End PBXFrameworksBuildPhase section */

/* Begin PBXGroup section */
		0157863B0157863B000000A2 /* Top Group */ = {
                isa = PBXGroup;
                children = (
				0157863B0157863B000000A3 /* libioto */,
				0157863B0157863B000000A4 /* db */,
				0157863B0157863B000000A5 /* ioto */,
				0157863B0157863B000000A6 /* json */,
				0157863B0157863B000000A7 /* password */,
				0157863B0157863B000000A8 /* url */,
				0157863B0157863B000000A9 /* web */,
				0157863B0157863B000000AA /* Products */,
			);
                sourceTree = "<group>";
            };
		0157863B0157863B000000A4 /* db */ = {
                isa = PBXGroup;
                children = (
				0157863B0157863B00000019 /* db.c */,
			);
                name = "db";
                path = ..;
                sourceTree = SOURCE_ROOT;
            };
		0157863B0157863B000000A5 /* ioto */ = {
                isa = PBXGroup;
                children = (
				0157863B0157863B0000001B /* ioto.c */,
			);
                name = "ioto";
                path = ..;
                sourceTree = SOURCE_ROOT;
            };
		0157863B0157863B000000A6 /* json */ = {
                isa = PBXGroup;
                children = (
				0157863B0157863B0000001D /* json.c */,
			);
                name = "json";
                path = ..;
                sourceTree = SOURCE_ROOT;
            };
		0157863B0157863B000000A3 /* libioto */ = {
                isa = PBXGroup;
                children = (
				0157863B0157863B0000008F /* crypt.h */,
				0157863B0157863B00000088 /* db.h */,
				0157863B0157863B0000008D /* json.h */,
				0157863B0157863B00000090 /* mqtt.h */,
				0157863B0157863B00000091 /* openai.h */,
				0157863B0157863B00000087 /* r.h */,
				0157863B0157863B00000092 /* uctx-os.h */,
				0157863B0157863B00000093 /* uctx-defs.h */,
				0157863B0157863B00000094 /* uctx.h */,
				0157863B0157863B00000095 /* url.h */,
				0157863B0157863B00000096 /* websock.h */,
				0157863B0157863B00000097 /* web.h */,
				0157863B0157863B0000008A /* ioto.h */,
				0157863B0157863B0000001F /* cryptLib.c */,
				0157863B0157863B00000021 /* dbLib.c */,
				0157863B0157863B00000023 /* jsonLib.c */,
				0157863B0157863B00000025 /* mqttLib.c */,
				0157863B0157863B00000027 /* openaiLib.c */,
				0157863B0157863B00000029 /* rLib.c */,
				0157863B0157863B0000002B /* uctxAssembly.S */,
				0157863B0157863B0000002D /* uctxLib.c */,
				0157863B0157863B0000002F /* urlLib.c */,
				0157863B0157863B00000031 /* webLib.c */,
				0157863B0157863B00000033 /* websockLib.c */,
				0157863B0157863B00000035 /* agent.c */,
				0157863B0157863B00000037 /* ai.c */,
				0157863B0157863B00000039 /* app.c */,
				0157863B0157863B0000003B /* cloud.c */,
				0157863B0157863B0000003D /* cloudwatch.c */,
				0157863B0157863B0000003F /* helpers.c */,
				0157863B0157863B00000041 /* logs.c */,
				0157863B0157863B00000043 /* provision.c */,
				0157863B0157863B00000045 /* shadow.c */,
				0157863B0157863B00000047 /* sync.c */,
				0157863B0157863B00000049 /* update.c */,
				0157863B0157863B0000004B /* config.c */,
				0157863B0157863B0000004D /* cron.c */,
				0157863B0157863B0000004F /* database.c */,
				0157863B0157863B00000051 /* esp32.c */,
				0157863B0157863B00000053 /* mqtt.c */,
				0157863B0157863B00000055 /* register.c */,
				0157863B0157863B00000057 /* serialize.c */,
				0157863B0157863B00000059 /* setup.c */,
				0157863B0157863B0000005B /* webserver.c */,
			);
                name = "libioto";
                path = ..;
                sourceTree = SOURCE_ROOT;
            };
		0157863B0157863B000000A7 /* password */ = {
                isa = PBXGroup;
                children = (
				0157863B0157863B0000005D /* password.c */,
			);
                name = "password";
                path = ..;
                sourceTree = SOURCE_ROOT;
            };
		0157863B0157863B000000A8 /* url */ = {
                isa = PBXGroup;
                children = (
				0157863B0157863B0000005F /* url.c */,
			);
                name = "url";
                path = ..;
                sourceTree = SOURCE_ROOT;
            };
		0157863B0157863B000000A9 /* web */ = {
                isa = PBXGroup;
                children = (
				0157863B0157863B00000061 /* web.c */,
			);
                name = "web";
                path = ..;
                sourceTree = SOURCE_ROOT;
            };
		0157863B0157863B000000AA /* Products */ = {
                isa = PBXGroup;
                children = (
				0157863B0157863B00000089 /* db */,
				0157863B0157863B0000008B /* ioto */,
				0157863B0157863B0000008E /* json */,
				0157863B0157863B00000063 /* libioto */,
				0157863B0157863B00000098 /* password */,
				0157863B0157863B00000099 /* url */,
				0157863B0157863B0000009A /* web */,
			);
                name = "Products";
                path = ..;
                sourceTree = SOURCE_ROOT;
            };
/* End PBXGroup section */

/* Begin PBXNativeTarget section */
		0157863B0157863B0000007C /* db */ = {
    			isa = PBXNativeTarget;
    			buildConfigurationList = 0157863B0157863B000000AC /* Build configuration list for PBXNativeTarget "db" */;
    			buildPhases = (
    				0157863B0157863B000000AB /* Sources */,
    				0157863B0157863B0000009B /* Frameworks */,
    			);
    			buildRules = (
    			);
    			dependencies = (
    				0157863B0157863B000000AD /* Prep */,
				0157863B0157863B000000AE /* libioto */,				
    			);
    			name = db;
    			productName = ioto;
    			productReference = 0157863B0157863B00000089 /* db */;
    			productType = "com.apple.product-type.tool";
    		};
		0157863B0157863B0000007E /* ioto */ = {
    			isa = PBXNativeTarget;
    			buildConfigurationList = 0157863B0157863B000000B0 /* Build configuration list for PBXNativeTarget "ioto" */;
    			buildPhases = (
    				0157863B0157863B000000AF /* Sources */,
    				0157863B0157863B0000009C /* Frameworks */,
    			);
    			buildRules = (
    			);
    			dependencies = (
    				0157863B0157863B000000B1 /* Prep */,
				0157863B0157863B000000B2 /* libioto */,				
    			);
    			name = ioto;
    			productName = ioto;
    			productReference = 0157863B0157863B0000008B /* ioto */;
    			productType = "com.apple.product-type.tool";
    		};
		0157863B0157863B00000080 /* json */ = {
    			isa = PBXNativeTarget;
    			buildConfigurationList = 0157863B0157863B000000B4 /* Build configuration list for PBXNativeTarget "json" */;
    			buildPhases = (
    				0157863B0157863B000000B3 /* Sources */,
    				0157863B0157863B0000009D /* Frameworks */,
    			);
    			buildRules = (
    			);
    			dependencies = (
    				0157863B0157863B000000B5 /* Prep */,
				0157863B0157863B000000B6 /* libioto */,				
    			);
    			name = json;
    			productName = ioto;
    			productReference = 0157863B0157863B0000008E /* json */;
    			productType = "com.apple.product-type.tool";
    		};
		0157863B0157863B0000006C /* libioto */ = {
    			isa = PBXNativeTarget;
    			buildConfigurationList = 0157863B0157863B000000B8 /* Build configuration list for PBXNativeTarget "libioto" */;
    			buildPhases = (
    				0157863B0157863B000000B7 /* Sources */,
    				0157863B0157863B0000009E /* Frameworks */,
    			);
    			buildRules = (
    			);
    			dependencies = (
    				0157863B0157863B000000B9 /* Prep */,				
    			);
    			name = libioto;
    			productName = ioto;
    			productReference = 0157863B0157863B00000063 /* libioto */;
    			productType = "com.apple.product-type.library.dynamic";
    		};
		0157863B0157863B00000082 /* password */ = {
    			isa = PBXNativeTarget;
    			buildConfigurationList = 0157863B0157863B000000BB /* Build configuration list for PBXNativeTarget "password" */;
    			buildPhases = (
    				0157863B0157863B000000BA /* Sources */,
    				0157863B0157863B0000009F /* Frameworks */,
    			);
    			buildRules = (
    			);
    			dependencies = (
    				0157863B0157863B000000BC /* Prep */,
				0157863B0157863B000000BD /* libioto */,				
    			);
    			name = password;
    			productName = ioto;
    			productReference = 0157863B0157863B00000098 /* password */;
    			productType = "com.apple.product-type.tool";
    		};
		0157863B0157863B00000084 /* url */ = {
    			isa = PBXNativeTarget;
    			buildConfigurationList = 0157863B0157863B000000BF /* Build configuration list for PBXNativeTarget "url" */;
    			buildPhases = (
    				0157863B0157863B000000BE /* Sources */,
    				0157863B0157863B000000A0 /* Frameworks */,
    			);
    			buildRules = (
    			);
    			dependencies = (
    				0157863B0157863B000000C0 /* Prep */,
				0157863B0157863B000000C1 /* libioto */,				
    			);
    			name = url;
    			productName = ioto;
    			productReference = 0157863B0157863B00000099 /* url */;
    			productType = "com.apple.product-type.tool";
    		};
		0157863B0157863B00000086 /* web */ = {
    			isa = PBXNativeTarget;
    			buildConfigurationList = 0157863B0157863B000000C3 /* Build configuration list for PBXNativeTarget "web" */;
    			buildPhases = (
    				0157863B0157863B000000C2 /* Sources */,
    				0157863B0157863B000000A1 /* Frameworks */,
    			);
    			buildRules = (
    			);
    			dependencies = (
    				0157863B0157863B000000C4 /* Prep */,
				0157863B0157863B000000C5 /* libioto */,				
    			);
    			name = web;
    			productName = ioto;
    			productReference = 0157863B0157863B0000009A /* web */;
    			productType = "com.apple.product-type.tool";
    		};
/* End PBXNativeTarget section */

/* Begin PBXShellScriptBuildPhase section */
		0157863B0157863B00000007 /* ShellScript for app */ = {
    			isa = PBXShellScriptBuildPhase;
    			buildActionMask = 2147483647;
    			files = (
    			);
    			inputPaths = (
    
    			);
    			outputPaths = (
    
    			);
    			runOnlyForDeploymentPostprocessing = 0;
    			shellPath = /bin/bash;
    			shellScript = "PATH=$PATH:/usr/local/bin
cd ..
bin/prepare $(APP)
";
    		};
		0157863B0157863B00000017 /* ShellScript for Prep */ = {
    			isa = PBXShellScriptBuildPhase;
    			buildActionMask = 2147483647;
    			files = (
    			);
    			inputPaths = (
    
    			);
    			outputPaths = (
    ../build/macosx-arm64-default/inc/me.h
    			);
    			runOnlyForDeploymentPostprocessing = 0;
    			shellPath = /bin/bash;
    			shellScript = "PATH=$PATH:/usr/local/bin
[ ! -x ${INC_DIR} ] && mkdir -p ${INC_DIR} ${OBJ_DIR} ${LIB_DIR} ${BIN_DIR}
[ ! -f ${INC_DIR}/me.h -a -f ioto-macosx-default-me.h ] && cp ioto-macosx-default-me.h ${INC_DIR}/me.h
if [ -f ioto-macosx-default-me.h ] ; then
if ! diff ${INC_DIR}/me.h ioto-macosx-default-me.h >/dev/null 2>&1 ; then
cp ioto-macosx-default-me.h ${INC_DIR}/me.h
fi
fi
if [ ../include/config.h -nt ${OUT_DIR}/inc/config.h ] ; then
cp ../include/config.h ${OUT_DIR}/inc/config.h
fi
if [ ../include/crypt.h -nt ${OUT_DIR}/inc/crypt.h ] ; then
cp ../include/crypt.h ${OUT_DIR}/inc/crypt.h
fi
if [ ../include/db.h -nt ${OUT_DIR}/inc/db.h ] ; then
cp ../include/db.h ${OUT_DIR}/inc/db.h
fi
if [ ../include/ioto.h -nt ${OUT_DIR}/inc/ioto.h ] ; then
cp ../include/ioto.h ${OUT_DIR}/inc/ioto.h
fi
if [ ../include/json.h -nt ${OUT_DIR}/inc/json.h ] ; then
cp ../include/json.h ${OUT_DIR}/inc/json.h
fi
if [ ../include/mqtt.h -nt ${OUT_DIR}/inc/mqtt.h ] ; then
cp ../include/mqtt.h ${OUT_DIR}/inc/mqtt.h
fi
if [ ../include/openai.h -nt ${OUT_DIR}/inc/openai.h ] ; then
cp ../include/openai.h ${OUT_DIR}/inc/openai.h
fi
if [ ../include/osdep.h -nt ${OUT_DIR}/inc/osdep.h ] ; then
cp ../include/osdep.h ${OUT_DIR}/inc/osdep.h
fi
if [ ../include/r.h -nt ${OUT_DIR}/inc/r.h ] ; then
cp ../include/r.h ${OUT_DIR}/inc/r.h
fi
if [ ../include/uctx-defs.h -nt ${OUT_DIR}/inc/uctx-defs.h ] ; then
cp ../include/uctx-defs.h ${OUT_DIR}/inc/uctx-defs.h
fi
if [ ../include/uctx-os.h -nt ${OUT_DIR}/inc/uctx-os.h ] ; then
cp ../include/uctx-os.h ${OUT_DIR}/inc/uctx-os.h
fi
if [ ../include/uctx.h -nt ${OUT_DIR}/inc/uctx.h ] ; then
cp ../include/uctx.h ${OUT_DIR}/inc/uctx.h
fi
if [ ../include/url.h -nt ${OUT_DIR}/inc/url.h ] ; then
cp ../include/url.h ${OUT_DIR}/inc/url.h
fi
if [ ../include/web.h -nt ${OUT_DIR}/inc/web.h ] ; then
cp ../include/web.h ${OUT_DIR}/inc/web.h
fi
if [ ../include/websock.h -nt ${OUT_DIR}/inc/websock.h ] ; then
cp ../include/websock.h ${OUT_DIR}/inc/websock.h
fi
if [ ../include/config.h -nt ${OUT_DIR}/inc/config.h ] ; then
cp ../include/config.h ${OUT_DIR}/inc/config.h
fi
if [ ../include/crypt.h -nt ${OUT_DIR}/inc/crypt.h ] ; then
cp ../include/crypt.h ${OUT_DIR}/inc/crypt.h
fi
if [ ../include/db.h -nt ${OUT_DIR}/inc/db.h ] ; then
cp ../include/db.h ${OUT_DIR}/inc/db.h
fi
if [ ../include/ioto.h -nt ${OUT_DIR}/inc/ioto.h ] ; then
cp ../include/ioto.h ${OUT_DIR}/inc/ioto.h
fi
if [ ../include/json.h -nt ${OUT_DIR}/inc/json.h ] ; then
cp ../include/json.h ${OUT_DIR}/inc/json.h
fi
if [ ../include/mqtt.h -nt ${OUT_DIR}/inc/mqtt.h ] ; then
cp ../include/mqtt.h ${OUT_DIR}/inc/mqtt.h
fi
if [ ../include/openai.h -nt ${OUT_DIR}/inc/openai.h ] ; then
cp ../include/openai.h ${OUT_DIR}/inc/openai.h
fi
if [ ../include/osdep.h -nt ${OUT_DIR}/inc/osdep.h ] ; then
cp ../include/osdep.h ${OUT_DIR}/inc/osdep.h
fi
if [ ../include/r.h -nt ${OUT_DIR}/inc/r.h ] ; then
cp ../include/r.h ${OUT_DIR}/inc/r.h
fi
if [ ../include/uctx-defs.h -nt ${OUT_DIR}/inc/uctx-defs.h ] ; then
cp ../include/uctx-defs.h ${OUT_DIR}/inc/uctx-defs.h
fi
if [ ../include/uctx-os.h -nt ${OUT_DIR}/inc/uctx-os.h ] ; then
cp ../include/uctx-os.h ${OUT_DIR}/inc/uctx-os.h
fi
if [ ../include/uctx.h -nt ${OUT_DIR}/inc/uctx.h ] ; then
cp ../include/uctx.h ${OUT_DIR}/inc/uctx.h
fi
if [ ../include/url.h -nt ${OUT_DIR}/inc/url.h ] ; then
cp ../include/url.h ${OUT_DIR}/inc/url.h
fi
if [ ../include/web.h -nt ${OUT_DIR}/inc/web.h ] ; then
cp ../include/web.h ${OUT_DIR}/inc/web.h
fi
if [ ../include/websock.h -nt ${OUT_DIR}/inc/websock.h ] ; then
cp ../include/websock.h ${OUT_DIR}/inc/websock.h
fi
";
    		};
/* End PBXShellScriptBuildPhase section */

    /* Begin PBXProject section */
    		0157863B0157863B00000001 /* Project object */ = {
    			isa = PBXProject;
    			attributes = {
    				LastUpgradeCheck = 0430;
    				ORGANIZATIONNAME = "embedthis";
    			};
    			buildConfigurationList = 0157863B0157863B00000002 /* Build configuration list for PBXProject "ioto" */;
    			compatibilityVersion = "Xcode 3.2";
    			developmentRegion = English;
    			hasScannedForEncodings = 0;
    			knownRegions = (
    				en,
    			);
    			mainGroup = 0157863B0157863B000000A2;
    			productRefGroup = 0157863B0157863B000000AA /* Products */;
    			projectDirPath = "";
    			projectRoot = "";
    			targets = (
				0157863B0157863B0000000A /* All */,
				0157863B0157863B00000016 /* Prep */,
				0157863B0157863B0000006C /* libioto */,
				0157863B0157863B0000007C /* db */,
				0157863B0157863B0000007E /* ioto */,
				0157863B0157863B00000080 /* json */,
				0157863B0157863B00000082 /* password */,
				0157863B0157863B00000084 /* url */,
				0157863B0157863B00000086 /* web */,
				0157863B0157863B00000006 /* app */,
			);
    		};
    /* End PBXProject section */

/* Begin PBXSourcesBuildPhase section */
		0157863B0157863B000000AB /* db Sources */ = {
    			isa = PBXSourcesBuildPhase;
    			buildActionMask = 2147483647;
    			files = (
    				0157863B0157863B00000018 /* db.c in Sources */,
    			);
    			runOnlyForDeploymentPostprocessing = 0;
    		};
		0157863B0157863B000000AF /* ioto Sources */ = {
    			isa = PBXSourcesBuildPhase;
    			buildActionMask = 2147483647;
    			files = (
    				0157863B0157863B0000001A /* ioto.c in Sources */,
    			);
    			runOnlyForDeploymentPostprocessing = 0;
    		};
		0157863B0157863B000000B3 /* json Sources */ = {
    			isa = PBXSourcesBuildPhase;
    			buildActionMask = 2147483647;
    			files = (
    				0157863B0157863B0000001C /* json.c in Sources */,
    			);
    			runOnlyForDeploymentPostprocessing = 0;
    		};
		0157863B0157863B000000B7 /* libioto Sources */ = {
    			isa = PBXSourcesBuildPhase;
    			buildActionMask = 2147483647;
    			files = (
    				0157863B0157863B0000001E /* cryptLib.c in Sources */,
				0157863B0157863B00000020 /* dbLib.c in Sources */,
				0157863B0157863B00000022 /* jsonLib.c in Sources */,
				0157863B0157863B00000024 /* mqttLib.c in Sources */,
				0157863B0157863B00000026 /* openaiLib.c in Sources */,
				0157863B0157863B00000028 /* rLib.c in Sources */,
				0157863B0157863B0000002A /* uctxAssembly.S in Sources */,
				0157863B0157863B0000002C /* uctxLib.c in Sources */,
				0157863B0157863B0000002E /* urlLib.c in Sources */,
				0157863B0157863B00000030 /* webLib.c in Sources */,
				0157863B0157863B00000032 /* websockLib.c in Sources */,
				0157863B0157863B00000034 /* agent.c in Sources */,
				0157863B0157863B00000036 /* ai.c in Sources */,
				0157863B0157863B00000038 /* app.c in Sources */,
				0157863B0157863B0000003A /* cloud.c in Sources */,
				0157863B0157863B0000003C /* cloudwatch.c in Sources */,
				0157863B0157863B0000003E /* helpers.c in Sources */,
				0157863B0157863B00000040 /* logs.c in Sources */,
				0157863B0157863B00000042 /* provision.c in Sources */,
				0157863B0157863B00000044 /* shadow.c in Sources */,
				0157863B0157863B00000046 /* sync.c in Sources */,
				0157863B0157863B00000048 /* update.c in Sources */,
				0157863B0157863B0000004A /* config.c in Sources */,
				0157863B0157863B0000004C /* cron.c in Sources */,
				0157863B0157863B0000004E /* database.c in Sources */,
				0157863B0157863B00000050 /* esp32.c in Sources */,
				0157863B0157863B00000052 /* mqtt.c in Sources */,
				0157863B0157863B00000054 /* register.c in Sources */,
				0157863B0157863B00000056 /* serialize.c in Sources */,
				0157863B0157863B00000058 /* setup.c in Sources */,
				0157863B0157863B0000005A /* webserver.c in Sources */,
    			);
    			runOnlyForDeploymentPostprocessing = 0;
    		};
		0157863B0157863B000000BA /* password Sources */ = {
    			isa = PBXSourcesBuildPhase;
    			buildActionMask = 2147483647;
    			files = (
    				0157863B0157863B0000005C /* password.c in Sources */,
    			);
    			runOnlyForDeploymentPostprocessing = 0;
    		};
		0157863B0157863B000000BE /* url Sources */ = {
    			isa = PBXSourcesBuildPhase;
    			buildActionMask = 2147483647;
    			files = (
    				0157863B0157863B0000005E /* url.c in Sources */,
    			);
    			runOnlyForDeploymentPostprocessing = 0;
    		};
		0157863B0157863B000000C2 /* web Sources */ = {
    			isa = PBXSourcesBuildPhase;
    			buildActionMask = 2147483647;
    			files = (
    				0157863B0157863B00000060 /* web.c in Sources */,
    			);
    			runOnlyForDeploymentPostprocessing = 0;
    		};
/* End PBXSourcesBuildPhase section */

/* Begin PBXTargetDependency section */
		0157863B0157863B00000008 /* PBXTargetDependency app depends on Prep */ = {
    			isa = PBXTargetDependency;
    			target = 0157863B0157863B00000016 /* Prep */;
    			targetProxy = 0157863B0157863B00000069 /* PBXContainerItemProxy */;
    		};
		0157863B0157863B000000AD /* PBXTargetDependency db depends on Prep */ = {
    			isa = PBXTargetDependency;
    			target = 0157863B0157863B00000016 /* Prep */;
    			targetProxy = 0157863B0157863B0000006A /* PBXContainerItemProxy */;
    		};
		0157863B0157863B000000AE /* PBXTargetDependency db depends on libioto */ = {
    			isa = PBXTargetDependency;
    			target = 0157863B0157863B0000006C /* libioto */;
    			targetProxy = 0157863B0157863B0000006B /* PBXContainerItemProxy */;
    		};
		0157863B0157863B000000B1 /* PBXTargetDependency ioto depends on Prep */ = {
    			isa = PBXTargetDependency;
    			target = 0157863B0157863B00000016 /* Prep */;
    			targetProxy = 0157863B0157863B0000006D /* PBXContainerItemProxy */;
    		};
		0157863B0157863B000000B2 /* PBXTargetDependency ioto depends on libioto */ = {
    			isa = PBXTargetDependency;
    			target = 0157863B0157863B0000006C /* libioto */;
    			targetProxy = 0157863B0157863B0000006E /* PBXContainerItemProxy */;
    		};
		0157863B0157863B000000B5 /* PBXTargetDependency json depends on Prep */ = {
    			isa = PBXTargetDependency;
    			target = 0157863B0157863B00000016 /* Prep */;
    			targetProxy = 0157863B0157863B0000006F /* PBXContainerItemProxy */;
    		};
		0157863B0157863B000000B6 /* PBXTargetDependency json depends on libioto */ = {
    			isa = PBXTargetDependency;
    			target = 0157863B0157863B0000006C /* libioto */;
    			targetProxy = 0157863B0157863B00000070 /* PBXContainerItemProxy */;
    		};
		0157863B0157863B000000B9 /* PBXTargetDependency libioto depends on Prep */ = {
    			isa = PBXTargetDependency;
    			target = 0157863B0157863B00000016 /* Prep */;
    			targetProxy = 0157863B0157863B00000071 /* PBXContainerItemProxy */;
    		};
		0157863B0157863B000000BC /* PBXTargetDependency password depends on Prep */ = {
    			isa = PBXTargetDependency;
    			target = 0157863B0157863B00000016 /* Prep */;
    			targetProxy = 0157863B0157863B00000072 /* PBXContainerItemProxy */;
    		};
		0157863B0157863B000000BD /* PBXTargetDependency password depends on libioto */ = {
    			isa = PBXTargetDependency;
    			target = 0157863B0157863B0000006C /* libioto */;
    			targetProxy = 0157863B0157863B00000073 /* PBXContainerItemProxy */;
    		};
		0157863B0157863B000000C0 /* PBXTargetDependency url depends on Prep */ = {
    			isa = PBXTargetDependency;
    			target = 0157863B0157863B00000016 /* Prep */;
    			targetProxy = 0157863B0157863B00000074 /* PBXContainerItemProxy */;
    		};
		0157863B0157863B000000C1 /* PBXTargetDependency url depends on libioto */ = {
    			isa = PBXTargetDependency;
    			target = 0157863B0157863B0000006C /* libioto */;
    			targetProxy = 0157863B0157863B00000075 /* PBXContainerItemProxy */;
    		};
		0157863B0157863B000000C4 /* PBXTargetDependency web depends on Prep */ = {
    			isa = PBXTargetDependency;
    			target = 0157863B0157863B00000016 /* Prep */;
    			targetProxy = 0157863B0157863B00000076 /* PBXContainerItemProxy */;
    		};
		0157863B0157863B000000C5 /* PBXTargetDependency web depends on libioto */ = {
    			isa = PBXTargetDependency;
    			target = 0157863B0157863B0000006C /* libioto */;
    			targetProxy = 0157863B0157863B00000077 /* PBXContainerItemProxy */;
    		};
		0157863B0157863B00000014 /* PBXTargetDependency All depends on Prep */ = {
    			isa = PBXTargetDependency;
    			target = 0157863B0157863B00000016 /* Prep */;
    			targetProxy = 0157863B0157863B00000078 /* PBXContainerItemProxy */;
    		};
		0157863B0157863B0000000B /* PBXTargetDependency All depends on app */ = {
    			isa = PBXTargetDependency;
    			target = 0157863B0157863B00000006 /* app */;
    			targetProxy = 0157863B0157863B00000079 /* PBXContainerItemProxy */;
    		};
		0157863B0157863B0000000F /* PBXTargetDependency All depends on libioto */ = {
    			isa = PBXTargetDependency;
    			target = 0157863B0157863B0000006C /* libioto */;
    			targetProxy = 0157863B0157863B0000007A /* PBXContainerItemProxy */;
    		};
		0157863B0157863B0000000C /* PBXTargetDependency All depends on db */ = {
    			isa = PBXTargetDependency;
    			target = 0157863B0157863B0000007C /* db */;
    			targetProxy = 0157863B0157863B0000007B /* PBXContainerItemProxy */;
    		};
		0157863B0157863B0000000D /* PBXTargetDependency All depends on ioto */ = {
    			isa = PBXTargetDependency;
    			target = 0157863B0157863B0000007E /* ioto */;
    			targetProxy = 0157863B0157863B0000007D /* PBXContainerItemProxy */;
    		};
		0157863B0157863B0000000E /* PBXTargetDependency All depends on json */ = {
    			isa = PBXTargetDependency;
    			target = 0157863B0157863B00000080 /* json */;
    			targetProxy = 0157863B0157863B0000007F /* PBXContainerItemProxy */;
    		};
		0157863B0157863B00000010 /* PBXTargetDependency All depends on password */ = {
    			isa = PBXTargetDependency;
    			target = 0157863B0157863B00000082 /* password */;
    			targetProxy = 0157863B0157863B00000081 /* PBXContainerItemProxy */;
    		};
		0157863B0157863B00000011 /* PBXTargetDependency All depends on url */ = {
    			isa = PBXTargetDependency;
    			target = 0157863B0157863B00000084 /* url */;
    			targetProxy = 0157863B0157863B00000083 /* PBXContainerItemProxy */;
    		};
		0157863B0157863B00000012 /* PBXTargetDependency All depends on web */ = {
    			isa = PBXTargetDependency;
    			target = 0157863B0157863B00000086 /* web */;
    			targetProxy = 0157863B0157863B00000085 /* PBXContainerItemProxy */;
    		};
/* End PBXTargetDependency section */

    /* Begin XCBuildConfiguration section */
    		0157863B0157863B00000003 /* Debug */ = {
    			isa = XCBuildConfiguration;
    			buildSettings = {
    ME_DEBUG = "1";
APP = "$(APP)";
ME_COM_OPENSSL_PATH = "/opt/homebrew";

                    /* Common Settings */
                    COMBINE_HIDPI_IMAGES = YES;
    				ALWAYS_SEARCH_USER_PATHS = NO;
                    ONLY_ACTIVE_ARCH = YES;
                    CURRENT_PROJECT_VERSION = 3.0;
                    DYLIB_COMPATIBILITY_VERSION = "$(CURRENT_PROJECT_VERSION)";
                    DYLIB_CURRENT_VERSION = "$(CURRENT_PROJECT_VERSION)";

    				GCC_C_LANGUAGE_STANDARD = gnu99;
    				GCC_VERSION = com.apple.compilers.llvm.clang.1_0;
    				GCC_WARN_ABOUT_RETURN_TYPE = YES;

GCC_NO_COMMON_BLOCKS = YES;
GCC_WARN_64_TO_32_BIT_CONVERSION = YES;
GCC_WARN_UNDECLARED_SELECTOR = YES;
CLANG_WARN_BOOL_CONVERSION = YES;
CLANG_WARN_CONSTANT_CONVERSION = YES;
CLANG_WARN_EMPTY_BODY = YES;
CLANG_WARN_ENUM_CONVERSION = YES;
CLANG_WARN_INT_CONVERSION = YES;
CLANG_WARN_UNREACHABLE_CODE = YES;
CLANG_WARN__DUPLICATE_METHOD_MATCH = YES;
ENABLE_STRICT_OBJC_MSGSEND = YES;
ENABLE_TESTABILITY = YES;

                    LD_DYLIB_INSTALL_NAME = "@rpath/$(EXECUTABLE_PATH)";
    				MACOSX_DEPLOYMENT_TARGET = 10.15;
    				SDKROOT = macosx;

                    OUT_DIR = "../build/macosx-arm64-default";
                    BIN_DIR = "../build/macosx-arm64-default/bin";
                    LIB_DIR = "../lib";
                    INC_DIR = "../build/macosx-arm64-default/inc";
                    OBJ_DIR = "../build/macosx-arm64-default/obj";
                    SRC_DIR = "../src";

                    CONFIGURATION_TEMP_DIR = "$(OBJ_DIR)/ioto-xcode/$(CONFIGURATION)";
                    CONFIGURATION_BUILD_DIR = "$(BIN_DIR)";
                    INSTALL_PATH = "/usr/lib/ioto";
                    DSTROOT = "/tmp/ioto.dst";
                    OBJROOT = "$(OBJ_DIR)";
                    SYMROOT = "$(BIN_DIR)";
    				GCC_WARN_64_TO_32_ME_CONVERSION = YES;
				GCC_WARN_64_TO_32_ME_CONVERSION = YES;
				GCC_WARN_UNUSED_VARIABLE = NO;
				GCC_WARN_UNUSED_FUNCTION = NO;
				GCC_WARN_UNUSED_LABEL = NO;
				GCC_WARN_64_TO_32_ME_CONVERSION = YES;
				GCC_WARN_64_TO_32_ME_CONVERSION = YES;
				GCC_WARN_UNUSED_VARIABLE = NO;
				GCC_WARN_UNUSED_FUNCTION = NO;
				GCC_WARN_UNUSED_LABEL = NO;

                    /* Debug Settings */
    				COPY_PHASE_STRIP = NO;
    				GCC_OPTIMIZATION_LEVEL = 0;
    				GCC_SYMBOLS_PRIVATE_EXTERN = NO;
    				HEADER_SEARCH_PATHS = (
					"../build/macosx-arm64-default/inc",
					"$(inherited)"
				);
				GCC_PREPROCESSOR_DEFINITIONS = (
					"ME_DEBUG=1",
					"$(inherited)"
				);
				LIBRARY_SEARCH_PATHS = (
					"../build/macosx-arm64-default/bin",
					"$(inherited)"
				);
				OTHER_LDFLAGS = (
					"-Wl,-no_warn_duplicate_libraries",
					"-Wl,-rpath,@executable_path/",
					"-Wl,-rpath,@loader_path/",
					"-ldl",
					"-lpthread",
					"-lm",
					"$(inherited)"
				);

    			};
    			name = Debug;
    		};
    		0157863B0157863B00000004 /* Release */ = {
    			isa = XCBuildConfiguration;
    			buildSettings = {
    ME_DEBUG = "1";
APP = "$(APP)";
ME_COM_OPENSSL_PATH = "/opt/homebrew";

                    /* Common Settings */
                    COMBINE_HIDPI_IMAGES = YES;
    				ALWAYS_SEARCH_USER_PATHS = NO;
                    ONLY_ACTIVE_ARCH = YES;
                    CURRENT_PROJECT_VERSION = 3.0;
                    DYLIB_COMPATIBILITY_VERSION = "$(CURRENT_PROJECT_VERSION)";
                    DYLIB_CURRENT_VERSION = "$(CURRENT_PROJECT_VERSION)";

    				GCC_C_LANGUAGE_STANDARD = gnu99;
    				GCC_VERSION = com.apple.compilers.llvm.clang.1_0;
    				GCC_WARN_ABOUT_RETURN_TYPE = YES;

GCC_NO_COMMON_BLOCKS = YES;
GCC_WARN_64_TO_32_BIT_CONVERSION = YES;
GCC_WARN_UNDECLARED_SELECTOR = YES;
CLANG_WARN_BOOL_CONVERSION = YES;
CLANG_WARN_CONSTANT_CONVERSION = YES;
CLANG_WARN_EMPTY_BODY = YES;
CLANG_WARN_ENUM_CONVERSION = YES;
CLANG_WARN_INT_CONVERSION = YES;
CLANG_WARN_UNREACHABLE_CODE = YES;
CLANG_WARN__DUPLICATE_METHOD_MATCH = YES;
ENABLE_STRICT_OBJC_MSGSEND = YES;
ENABLE_TESTABILITY = YES;

                    LD_DYLIB_INSTALL_NAME = "@rpath/$(EXECUTABLE_PATH)";
    				MACOSX_DEPLOYMENT_TARGET = 10.15;
    				SDKROOT = macosx;

                    OUT_DIR = "../build/macosx-arm64-default";
                    BIN_DIR = "../build/macosx-arm64-default/bin";
                    LIB_DIR = "../lib";
                    INC_DIR = "../build/macosx-arm64-default/inc";
                    OBJ_DIR = "../build/macosx-arm64-default/obj";
                    SRC_DIR = "../src";

                    CONFIGURATION_TEMP_DIR = "$(OBJ_DIR)/ioto-xcode/$(CONFIGURATION)";
                    CONFIGURATION_BUILD_DIR = "$(BIN_DIR)";
                    INSTALL_PATH = "/usr/lib/ioto";
                    DSTROOT = "/tmp/ioto.dst";
                    OBJROOT = "$(OBJ_DIR)";
                    SYMROOT = "$(BIN_DIR)";
    				GCC_WARN_64_TO_32_ME_CONVERSION = YES;
				GCC_WARN_64_TO_32_ME_CONVERSION = YES;
				GCC_WARN_UNUSED_VARIABLE = NO;
				GCC_WARN_UNUSED_FUNCTION = NO;
				GCC_WARN_UNUSED_LABEL = NO;
				GCC_WARN_64_TO_32_ME_CONVERSION = YES;
				GCC_WARN_64_TO_32_ME_CONVERSION = YES;
				GCC_WARN_UNUSED_VARIABLE = NO;
				GCC_WARN_UNUSED_FUNCTION = NO;
				GCC_WARN_UNUSED_LABEL = NO;

                    /* Release Settings */
    				COPY_PHASE_STRIP = YES;
    				DEBUG_INFORMATION_FORMAT = "dwarf-with-dsym";
    				GCC_OPTIMIZATION_LEVEL = s;
                    GCC_WARN_UNINITIALIZED_AUTOS = NO;
    				HEADER_SEARCH_PATHS = (
					"../build/macosx-arm64-default/inc",
					"$(inherited)"
				);
				GCC_PREPROCESSOR_DEFINITIONS = (
					"ME_DEBUG=0",
					"$(inherited)"
				);
				LIBRARY_SEARCH_PATHS = (
					"../build/macosx-arm64-default/bin",
					"$(inherited)"
				);
				OTHER_LDFLAGS = (
					"-Wl,-no_warn_duplicate_libraries",
					"-Wl,-rpath,@executable_path/",
					"-Wl,-rpath,@loader_path/",
					"-ldl",
					"-lpthread",
					"-lm",
					"$(inherited)"
				);

    			};
    			name = Release;
    		};
		0157863B0157863B000000C6 /* Debug */ = {
    			isa = XCBuildConfiguration;
    			buildSettings = {
    				PRODUCT_NAME = app;
    
    				GCC_PREPROCESSOR_DEFINITIONS = (
					"ME_DEBUG=1",
					"$(inherited)"
				);
				OTHER_LDFLAGS = ();

				MACH_O_TYPE = mh_execute;

    			};
    			name = Debug;
    		};
    		0157863B0157863B000000C7 /* Release */ = {
    			isa = XCBuildConfiguration;
    			buildSettings = {
    				PRODUCT_NAME = app;
    
    				GCC_PREPROCESSOR_DEFINITIONS = (
					"ME_DEBUG=0",
					"$(inherited)"
				);
				OTHER_LDFLAGS = ();

				MACH_O_TYPE = mh_execute;

    			};
    			name = Release;
    		};
		0157863B0157863B000000C8 /* Debug */ = {
    			isa = XCBuildConfiguration;
    			buildSettings = {
    				PRODUCT_NAME = db;
    
    				HEADER_SEARCH_PATHS = (
					"$(ME_COM_OPENSSL_PATH)/include",
					"$(inherited)"
				);
				GCC_PREPROCESSOR_DEFINITIONS = (
					"APP=$(APP)",
					"ME_COM_OPENSSL_PATH=/opt/homebrew",
					"ME_DEBUG=1",
					"$(inherited)"
				);
				LIBRARY_SEARCH_PATHS = (
					"$(ME_COM_OPENSSL_PATH)/lib",
					"$(ME_COM_OPENSSL_PATH)",
					"$(inherited)"
				);
				OTHER_LDFLAGS = (
					"-lssl",
					"-lcrypto",
					);

				MACH_O_TYPE = mh_execute;

    			};
    			name = Debug;
    		};
    		0157863B0157863B000000C9 /* Release */ = {
    			isa = XCBuildConfiguration;
    			buildSettings = {
    				PRODUCT_NAME = db;
    
    				HEADER_SEARCH_PATHS = (
					"$(ME_COM_OPENSSL_PATH)/include",
					"$(inherited)"
				);
				GCC_PREPROCESSOR_DEFINITIONS = (
					"APP=$(APP)",
					"ME_COM_OPENSSL_PATH=/opt/homebrew",
					"ME_DEBUG=0",
					"$(inherited)"
				);
				LIBRARY_SEARCH_PATHS = (
					"$(ME_COM_OPENSSL_PATH)/lib",
					"$(ME_COM_OPENSSL_PATH)",
					"$(inherited)"
				);
				OTHER_LDFLAGS = (
					"-lssl",
					"-lcrypto",
					);

				MACH_O_TYPE = mh_execute;

    			};
    			name = Release;
    		};
		0157863B0157863B000000CA /* Debug */ = {
    			isa = XCBuildConfiguration;
    			buildSettings = {
    				PRODUCT_NAME = ioto;
    
    				HEADER_SEARCH_PATHS = (
					"$(ME_COM_OPENSSL_PATH)/include",
					"$(inherited)"
				);
				GCC_PREPROCESSOR_DEFINITIONS = (
					"APP=$(APP)",
					"ME_COM_OPENSSL_PATH=/opt/homebrew",
					"ME_DEBUG=1",
					"$(inherited)"
				);
				LIBRARY_SEARCH_PATHS = (
					"$(ME_COM_OPENSSL_PATH)/lib",
					"$(ME_COM_OPENSSL_PATH)",
					"$(inherited)"
				);
				OTHER_LDFLAGS = (
					"-lssl",
					"-lcrypto",
					);

				MACH_O_TYPE = mh_execute;

    			};
    			name = Debug;
    		};
    		0157863B0157863B000000CB /* Release */ = {
    			isa = XCBuildConfiguration;
    			buildSettings = {
    				PRODUCT_NAME = ioto;
    
    				HEADER_SEARCH_PATHS = (
					"$(ME_COM_OPENSSL_PATH)/include",
					"$(inherited)"
				);
				GCC_PREPROCESSOR_DEFINITIONS = (
					"APP=$(APP)",
					"ME_COM_OPENSSL_PATH=/opt/homebrew",
					"ME_DEBUG=0",
					"$(inherited)"
				);
				LIBRARY_SEARCH_PATHS = (
					"$(ME_COM_OPENSSL_PATH)/lib",
					"$(ME_COM_OPENSSL_PATH)",
					"$(inherited)"
				);
				OTHER_LDFLAGS = (
					"-lssl",
					"-lcrypto",
					);

				MACH_O_TYPE = mh_execute;

    			};
    			name = Release;
    		};
		0157863B0157863B000000CC /* Debug */ = {
    			isa = XCBuildConfiguration;
    			buildSettings = {
    				PRODUCT_NAME = json;
    
    				HEADER_SEARCH_PATHS = (
					"$(ME_COM_OPENSSL_PATH)/include",
					"$(inherited)"
				);
				GCC_PREPROCESSOR_DEFINITIONS = (
					"APP=$(APP)",
					"ME_COM_OPENSSL_PATH=/opt/homebrew",
					"ME_DEBUG=1",
					"$(inherited)"
				);
				LIBRARY_SEARCH_PATHS = (
					"$(ME_COM_OPENSSL_PATH)/lib",
					"$(ME_COM_OPENSSL_PATH)",
					"$(inherited)"
				);
				OTHER_LDFLAGS = (
					"-lssl",
					"-lcrypto",
					);

				MACH_O_TYPE = mh_execute;

    			};
    			name = Debug;
    		};
    		0157863B0157863B000000CD /* Release */ = {
    			isa = XCBuildConfiguration;
    			buildSettings = {
    				PRODUCT_NAME = json;
    
    				HEADER_SEARCH_PATHS = (
					"$(ME_COM_OPENSSL_PATH)/include",
					"$(inherited)"
				);
				GCC_PREPROCESSOR_DEFINITIONS = (
					"APP=$(APP)",
					"ME_COM_OPENSSL_PATH=/opt/homebrew",
					"ME_DEBUG=0",
					"$(inherited)"
				);
				LIBRARY_SEARCH_PATHS = (
					"$(ME_COM_OPENSSL_PATH)/lib",
					"$(ME_COM_OPENSSL_PATH)",
					"$(inherited)"
				);
				OTHER_LDFLAGS = (
					"-lssl",
					"-lcrypto",
					);

				MACH_O_TYPE = mh_execute;

    			};
    			name = Release;
    		};
		0157863B0157863B000000CE /* Debug */ = {
    			isa = XCBuildConfiguration;
    			buildSettings = {
    				PRODUCT_NAME = libioto;
    				EXECUTABLE_EXTENSION = a;

    				HEADER_SEARCH_PATHS = (
					"$(ME_COM_OPENSSL_PATH)/include",
					"$(inherited)"
				);
				GCC_PREPROCESSOR_DEFINITIONS = (
					"APP=$(APP)",
					"ME_COM_OPENSSL_PATH=/opt/homebrew",
					"ME_DEBUG=1",
					"$(inherited)"
				);
				LIBRARY_SEARCH_PATHS = (
					"$(ME_COM_OPENSSL_PATH)/lib",
					"$(ME_COM_OPENSSL_PATH)",
					"$(inherited)"
				);
				OTHER_LDFLAGS = (
					"",
					"",
					);

				MACH_O_TYPE = staticlib;

    			};
    			name = Debug;
    		};
    		0157863B0157863B000000CF /* Release */ = {
    			isa = XCBuildConfiguration;
    			buildSettings = {
    				PRODUCT_NAME = libioto;
    				EXECUTABLE_EXTENSION = a;

    				HEADER_SEARCH_PATHS = (
					"$(ME_COM_OPENSSL_PATH)/include",
					"$(inherited)"
				);
				GCC_PREPROCESSOR_DEFINITIONS = (
					"APP=$(APP)",
					"ME_COM_OPENSSL_PATH=/opt/homebrew",
					"ME_DEBUG=0",
					"$(inherited)"
				);
				LIBRARY_SEARCH_PATHS = (
					"$(ME_COM_OPENSSL_PATH)/lib",
					"$(ME_COM_OPENSSL_PATH)",
					"$(inherited)"
				);
				OTHER_LDFLAGS = (
					"",
					"",
					);

				MACH_O_TYPE = staticlib;

    			};
    			name = Release;
    		};
		0157863B0157863B000000D0 /* Debug */ = {
    			isa = XCBuildConfiguration;
    			buildSettings = {
    				PRODUCT_NAME = password;
    
    				HEADER_SEARCH_PATHS = (
					"$(ME_COM_OPENSSL_PATH)/include",
					"$(inherited)"
				);
				GCC_PREPROCESSOR_DEFINITIONS = (
					"APP=$(APP)",
					"ME_COM_OPENSSL_PATH=/opt/homebrew",
					"ME_DEBUG=1",
					"$(inherited)"
				);
				LIBRARY_SEARCH_PATHS = (
					"$(ME_COM_OPENSSL_PATH)/lib",
					"$(ME_COM_OPENSSL_PATH)",
					"$(inherited)"
				);
				OTHER_LDFLAGS = (
					"-lssl",
					"-lcrypto",
					);

				MACH_O_TYPE = mh_execute;

    			};
    			name = Debug;
    		};
    		0157863B0157863B000000D1 /* Release */ = {
    			isa = XCBuildConfiguration;
    			buildSettings = {
    				PRODUCT_NAME = password;
    
    				HEADER_SEARCH_PATHS = (
					"$(ME_COM_OPENSSL_PATH)/include",
					"$(inherited)"
				);
				GCC_PREPROCESSOR_DEFINITIONS = (
					"APP=$(APP)",
					"ME_COM_OPENSSL_PATH=/opt/homebrew",
					"ME_DEBUG=0",
					"$(inherited)"
				);
				LIBRARY_SEARCH_PATHS = (
					"$(ME_COM_OPENSSL_PATH)/lib",
					"$(ME_COM_OPENSSL_PATH)",
					"$(inherited)"
				);
				OTHER_LDFLAGS = (
					"-lssl",
					"-lcrypto",
					);

				MACH_O_TYPE = mh_execute;

    			};
    			name = Release;
    		};
		0157863B0157863B000000D2 /* Debug */ = {
    			isa = XCBuildConfiguration;
    			buildSettings = {
    				PRODUCT_NAME = url;
    
    				HEADER_SEARCH_PATHS = (
					"$(ME_COM_OPENSSL_PATH)/include",
					"$(inherited)"
				);
				GCC_PREPROCESSOR_DEFINITIONS = (
					"APP=$(APP)",
					"ME_COM_OPENSSL_PATH=/opt/homebrew",
					"ME_DEBUG=1",
					"$(inherited)"
				);
				LIBRARY_SEARCH_PATHS = (
					"$(ME_COM_OPENSSL_PATH)/lib",
					"$(ME_COM_OPENSSL_PATH)",
					"$(inherited)"
				);
				OTHER_LDFLAGS = (
					"-lssl",
					"-lcrypto",
					);

				MACH_O_TYPE = mh_execute;

    			};
    			name = Debug;
    		};
    		0157863B0157863B000000D3 /* Release */ = {
    			isa = XCBuildConfiguration;
    			buildSettings = {
    				PRODUCT_NAME = url;
    
    				HEADER_SEARCH_PATHS = (
					"$(ME_COM_OPENSSL_PATH)/include",
					"$(inherited)"
				);
				GCC_PREPROCESSOR_DEFINITIONS = (
					"APP=$(APP)",
					"ME_COM_OPENSSL_PATH=/opt/homebrew",
					"ME_DEBUG=0",
					"$(inherited)"
				);
				LIBRARY_SEARCH_PATHS = (
					"$(ME_COM_OPENSSL_PATH)/lib",
					"$(ME_COM_OPENSSL_PATH)",
					"$(inherited)"
				);
				OTHER_LDFLAGS = (
					"-lssl",
					"-lcrypto",
					);

				MACH_O_TYPE = mh_execute;

    			};
    			name = Release;
    		};
		0157863B0157863B000000D4 /* Debug */ = {
    			isa = XCBuildConfiguration;
    			buildSettings = {
    				PRODUCT_NAME = web;
    
    				HEADER_SEARCH_PATHS = (
					"$(ME_COM_OPENSSL_PATH)/include",
					"$(inherited)"
				);
				GCC_PREPROCESSOR_DEFINITIONS = (
					"APP=$(APP)",
					"ME_COM_OPENSSL_PATH=/opt/homebrew",
					"ME_DEBUG=1",
					"$(inherited)"
				);
				LIBRARY_SEARCH_PATHS = (
					"$(ME_COM_OPENSSL_PATH)/lib",
					"$(ME_COM_OPENSSL_PATH)",
					"$(inherited)"
				);
				OTHER_LDFLAGS = (
					"-lssl",
					"-lcrypto",
					);

				MACH_O_TYPE = mh_execute;

    			};
    			name = Debug;
    		};
    		0157863B0157863B000000D5 /* Release */ = {
    			isa = XCBuildConfiguration;
    			buildSettings = {
    				PRODUCT_NAME = web;
    
    				HEADER_SEARCH_PATHS = (
					"$(ME_COM_OPENSSL_PATH)/include",
					"$(inherited)"
				);
				GCC_PREPROCESSOR_DEFINITIONS = (
					"APP=$(APP)",
					"ME_COM_OPENSSL_PATH=/opt/homebrew",
					"ME_DEBUG=0",
					"$(inherited)"
				);
				LIBRARY_SEARCH_PATHS = (
					"$(ME_COM_OPENSSL_PATH)/lib",
					"$(ME_COM_OPENSSL_PATH)",
					"$(inherited)"
				);
				OTHER_LDFLAGS = (
					"-lssl",
					"-lcrypto",
					);

				MACH_O_TYPE = mh_execute;

    			};
    			name = Release;
    		};
		0157863B0157863B000000D6 /* Debug */ = {
    			isa = XCBuildConfiguration;
    			buildSettings = {
    				PRODUCT_NAME = All;
    
    				GCC_PREPROCESSOR_DEFINITIONS = (
					"ME_DEBUG=1",
					"$(inherited)"
				);
				OTHER_LDFLAGS = ();

				MACH_O_TYPE = mh_execute;

    			};
    			name = Debug;
    		};
    		0157863B0157863B000000D7 /* Release */ = {
    			isa = XCBuildConfiguration;
    			buildSettings = {
    				PRODUCT_NAME = All;
    
    				GCC_PREPROCESSOR_DEFINITIONS = (
					"ME_DEBUG=0",
					"$(inherited)"
				);
				OTHER_LDFLAGS = ();

				MACH_O_TYPE = mh_execute;

    			};
    			name = Release;
    		};
		0157863B0157863B000000D8 /* Debug */ = {
    			isa = XCBuildConfiguration;
    			buildSettings = {
    				PRODUCT_NAME = Prep;
    
    				GCC_PREPROCESSOR_DEFINITIONS = (
					"ME_DEBUG=1",
					"$(inherited)"
				);
				OTHER_LDFLAGS = ();

				MACH_O_TYPE = mh_execute;

    			};
    			name = Debug;
    		};
    		0157863B0157863B000000D9 /* Release */ = {
    			isa = XCBuildConfiguration;
    			buildSettings = {
    				PRODUCT_NAME = Prep;
    
    				GCC_PREPROCESSOR_DEFINITIONS = (
					"ME_DEBUG=0",
					"$(inherited)"
				);
				OTHER_LDFLAGS = ();

				MACH_O_TYPE = mh_execute;

    			};
    			name = Release;
    		};
/* End XCBuildConfiguration section */

    /* Begin XCConfigurationList section */
    		0157863B0157863B00000002 /* Build configuration list for PBXProject "ioto" */ = {
    			isa = XCConfigurationList;
    			buildConfigurations = (
    				0157863B0157863B00000003 /* Debug */,
    				0157863B0157863B00000004 /* Release */,
    			);
    			defaultConfigurationIsVisible = 0;
    			defaultConfigurationName = Release;
    		};
		0157863B0157863B00000005 /* Build configuration list for PBXNativeTarget "app" */ = {
    			isa = XCConfigurationList;
    			buildConfigurations = (
    				0157863B0157863B000000C6 /* Debug */,
    				0157863B0157863B000000C7 /* Release */,
    			);
    			defaultConfigurationIsVisible = 0;
    			defaultConfigurationName = Release;
    		};
		0157863B0157863B000000AC /* Build configuration list for PBXNativeTarget "db" */ = {
    			isa = XCConfigurationList;
    			buildConfigurations = (
    				0157863B0157863B000000C8 /* Debug */,
    				0157863B0157863B000000C9 /* Release */,
    			);
    			defaultConfigurationIsVisible = 0;
    			defaultConfigurationName = Release;
    		};
		0157863B0157863B000000B0 /* Build configuration list for PBXNativeTarget "ioto" */ = {
    			isa = XCConfigurationList;
    			buildConfigurations = (
    				0157863B0157863B000000CA /* Debug */,
    				0157863B0157863B000000CB /* Release */,
    			);
    			defaultConfigurationIsVisible = 0;
    			defaultConfigurationName = Release;
    		};
		0157863B0157863B000000B4 /* Build configuration list for PBXNativeTarget "json" */ = {
    			isa = XCConfigurationList;
    			buildConfigurations = (
    				0157863B0157863B000000CC /* Debug */,
    				0157863B0157863B000000CD /* Release */,
    			);
    			defaultConfigurationIsVisible = 0;
    			defaultConfigurationName = Release;
    		};
		0157863B0157863B000000B8 /* Build configuration list for PBXNativeTarget "libioto" */ = {
    			isa = XCConfigurationList;
    			buildConfigurations = (
    				0157863B0157863B000000CE /* Debug */,
    				0157863B0157863B000000CF /* Release */,
    			);
    			defaultConfigurationIsVisible = 0;
    			defaultConfigurationName = Release;
    		};
		0157863B0157863B000000BB /* Build configuration list for PBXNativeTarget "password" */ = {
    			isa = XCConfigurationList;
    			buildConfigurations = (
    				0157863B0157863B000000D0 /* Debug */,
    				0157863B0157863B000000D1 /* Release */,
    			);
    			defaultConfigurationIsVisible = 0;
    			defaultConfigurationName = Release;
    		};
		0157863B0157863B000000BF /* Build configuration list for PBXNativeTarget "url" */ = {
    			isa = XCConfigurationList;
    			buildConfigurations = (
    				0157863B0157863B000000D2 /* Debug */,
    				0157863B0157863B000000D3 /* Release */,
    			);
    			defaultConfigurationIsVisible = 0;
    			defaultConfigurationName = Release;
    		};
		0157863B0157863B000000C3 /* Build configuration list for PBXNativeTarget "web" */ = {
    			isa = XCConfigurationList;
    			buildConfigurations = (
    				0157863B0157863B000000D4 /* Debug */,
    				0157863B0157863B000000D5 /* Release */,
    			);
    			defaultConfigurationIsVisible = 0;
    			defaultConfigurationName = Release;
    		};
		0157863B0157863B00000009 /* Build configuration list for PBXNativeTarget "All" */ = {
    			isa = XCConfigurationList;
    			buildConfigurations = (
    				0157863B0157863B000000D6 /* Debug */,
    				0157863B0157863B000000D7 /* Release */,
    			);
    			defaultConfigurationIsVisible = 0;
    			defaultConfigurationName = Release;
    		};
		0157863B0157863B00000015 /* Build configuration list for PBXNativeTarget "Prep" */ = {
    			isa = XCConfigurationList;
    			buildConfigurations = (
    				0157863B0157863B000000D8 /* Debug */,
    				0157863B0157863B000000D9 /* Release */,
    			);
    			defaultConfigurationIsVisible = 0;
    			defaultConfigurationName = Release;
    		};
/* End XCConfigurationList section */
	};
	rootObject = 0157863B0157863B00000001 /* Project object */;
}
