// !$*UTF8*$!
{
        archiveVersion = 1;
        classes = {
        };
        objectVersion = 46;
        objects = {

/* Begin PBXAggregateTarget section */
		2E4419BE2E4419BE00000006 /* appConfig */ = {
    			isa = PBXAggregateTarget;
    			buildConfigurationList = 2E4419BE2E4419BE00000005 /* Build configuration list for PBXAggregateTarget "appConfig" */;
    			buildPhases = (
    				2E4419BE2E4419BE00000007,
    			);
    			dependencies = (
				2E4419BE2E4419BE00000008 /* PBXTargetDependency Prep */,
			);
    			name = appConfig;
    			productName = appConfig;
    		};
		2E4419BE2E4419BE0000000A /* config */ = {
    			isa = PBXAggregateTarget;
    			buildConfigurationList = 2E4419BE2E4419BE00000009 /* Build configuration list for PBXAggregateTarget "config" */;
    			buildPhases = (
    				2E4419BE2E4419BE0000000B,
    			);
    			dependencies = (
				2E4419BE2E4419BE0000000C /* PBXTargetDependency appConfig */,
				2E4419BE2E4419BE0000000D /* PBXTargetDependency Prep */,
			);
    			name = config;
    			productName = config;
    		};
		2E4419BE2E4419BE0000000F /* All */ = {
    			isa = PBXAggregateTarget;
    			buildConfigurationList = 2E4419BE2E4419BE0000000E /* Build configuration list for PBXAggregateTarget "All" */;
    			buildPhases = (
    				
    			);
    			dependencies = (
				2E4419BE2E4419BE00000010 /* PBXTargetDependency appConfig */,
				2E4419BE2E4419BE00000011 /* PBXTargetDependency config */,
				2E4419BE2E4419BE00000012 /* PBXTargetDependency db */,
				2E4419BE2E4419BE00000013 /* PBXTargetDependency ioto */,
				2E4419BE2E4419BE00000014 /* PBXTargetDependency json */,
				2E4419BE2E4419BE00000015 /* PBXTargetDependency libdemo */,
				2E4419BE2E4419BE00000016 /* PBXTargetDependency libioto */,
				2E4419BE2E4419BE00000017 /* PBXTargetDependency password */,
				2E4419BE2E4419BE00000018 /* PBXTargetDependency webserver */,
				2E4419BE2E4419BE00000019 /* PBXTargetDependency All */,
				2E4419BE2E4419BE0000001A /* PBXTargetDependency Prep */,
			);
    			name = All;
    			productName = All;
    		};
		2E4419BE2E4419BE0000001C /* Prep */ = {
    			isa = PBXAggregateTarget;
    			buildConfigurationList = 2E4419BE2E4419BE0000001B /* Build configuration list for PBXAggregateTarget "Prep" */;
    			buildPhases = (
    				2E4419BE2E4419BE0000001D,
    			);
    			dependencies = (
			);
    			name = Prep;
    			productName = Prep;
    		};
/* End PBXAggregateTarget section */

/* Begin PBXBuildFile section */
		2E4419BE2E4419BE0000001E /* db.c in Sources */ = {isa = PBXBuildFile; fileRef = 2E4419BE2E4419BE0000001F /* db.c */; };
		2E4419BE2E4419BE00000020 /* main.c in Sources */ = {isa = PBXBuildFile; fileRef = 2E4419BE2E4419BE00000021 /* main.c */; };
		2E4419BE2E4419BE00000022 /* json.c in Sources */ = {isa = PBXBuildFile; fileRef = 2E4419BE2E4419BE00000023 /* json.c */; };
		2E4419BE2E4419BE00000024 /* demoApp.c in Sources */ = {isa = PBXBuildFile; fileRef = 2E4419BE2E4419BE00000025 /* demoApp.c */; };
		2E4419BE2E4419BE00000026 /* cryptLib.c in Sources */ = {isa = PBXBuildFile; fileRef = 2E4419BE2E4419BE00000027 /* cryptLib.c */; };
		2E4419BE2E4419BE00000028 /* dbLib.c in Sources */ = {isa = PBXBuildFile; fileRef = 2E4419BE2E4419BE00000029 /* dbLib.c */; };
		2E4419BE2E4419BE0000002A /* iotoLib.c in Sources */ = {isa = PBXBuildFile; fileRef = 2E4419BE2E4419BE0000002B /* iotoLib.c */; };
		2E4419BE2E4419BE0000002C /* jsonLib.c in Sources */ = {isa = PBXBuildFile; fileRef = 2E4419BE2E4419BE0000002D /* jsonLib.c */; };
		2E4419BE2E4419BE0000002E /* mqttLib.c in Sources */ = {isa = PBXBuildFile; fileRef = 2E4419BE2E4419BE0000002F /* mqttLib.c */; };
		2E4419BE2E4419BE00000030 /* openaiLib.c in Sources */ = {isa = PBXBuildFile; fileRef = 2E4419BE2E4419BE00000031 /* openaiLib.c */; };
		2E4419BE2E4419BE00000032 /* rLib.c in Sources */ = {isa = PBXBuildFile; fileRef = 2E4419BE2E4419BE00000033 /* rLib.c */; };
		2E4419BE2E4419BE00000034 /* uctxAssembly.S in Sources */ = {isa = PBXBuildFile; fileRef = 2E4419BE2E4419BE00000035 /* uctxAssembly.S */; };
		2E4419BE2E4419BE00000036 /* uctxLib.c in Sources */ = {isa = PBXBuildFile; fileRef = 2E4419BE2E4419BE00000037 /* uctxLib.c */; };
		2E4419BE2E4419BE00000038 /* urlLib.c in Sources */ = {isa = PBXBuildFile; fileRef = 2E4419BE2E4419BE00000039 /* urlLib.c */; };
		2E4419BE2E4419BE0000003A /* webLib.c in Sources */ = {isa = PBXBuildFile; fileRef = 2E4419BE2E4419BE0000003B /* webLib.c */; };
		2E4419BE2E4419BE0000003C /* websocketsLib.c in Sources */ = {isa = PBXBuildFile; fileRef = 2E4419BE2E4419BE0000003D /* websocketsLib.c */; };
		2E4419BE2E4419BE0000003E /* password.c in Sources */ = {isa = PBXBuildFile; fileRef = 2E4419BE2E4419BE0000003F /* password.c */; };
		2E4419BE2E4419BE00000040 /* web.c in Sources */ = {isa = PBXBuildFile; fileRef = 2E4419BE2E4419BE00000041 /* web.c */; };
		2E4419BE2E4419BE00000042 /* libioto.a for db */ = {isa = PBXBuildFile; fileRef = 2E4419BE2E4419BE00000043; };
		2E4419BE2E4419BE00000044 /* libioto.a for ioto */ = {isa = PBXBuildFile; fileRef = 2E4419BE2E4419BE00000043; };
		2E4419BE2E4419BE00000045 /* libioto.a for json */ = {isa = PBXBuildFile; fileRef = 2E4419BE2E4419BE00000043; };
		2E4419BE2E4419BE00000046 /* libioto.a for password */ = {isa = PBXBuildFile; fileRef = 2E4419BE2E4419BE00000043; };
		2E4419BE2E4419BE00000047 /* libioto.a for webserver */ = {isa = PBXBuildFile; fileRef = 2E4419BE2E4419BE00000043; };
/* End PBXBuildFile section */

/* Begin PBXContainerItemProxy section */
		2E4419BE2E4419BE00000048 /* PBXContainerItemProxy Prep from appConfig */ = {
    			isa = PBXContainerItemProxy;
    			containerPortal = 2E4419BE2E4419BE00000001 /* Project object */;
    			proxyType = 1;
    			remoteGlobalIDString = 2E4419BE2E4419BE0000001C;
    			remoteInfo = Prep;
    		};
		2E4419BE2E4419BE00000049 /* PBXContainerItemProxy Prep from config */ = {
    			isa = PBXContainerItemProxy;
    			containerPortal = 2E4419BE2E4419BE00000001 /* Project object */;
    			proxyType = 1;
    			remoteGlobalIDString = 2E4419BE2E4419BE0000001C;
    			remoteInfo = Prep;
    		};
		2E4419BE2E4419BE0000004A /* PBXContainerItemProxy appConfig from config */ = {
    			isa = PBXContainerItemProxy;
    			containerPortal = 2E4419BE2E4419BE00000001 /* Project object */;
    			proxyType = 1;
    			remoteGlobalIDString = 2E4419BE2E4419BE00000006;
    			remoteInfo = appConfig;
    		};
		2E4419BE2E4419BE0000004B /* PBXContainerItemProxy Prep from db */ = {
    			isa = PBXContainerItemProxy;
    			containerPortal = 2E4419BE2E4419BE00000001 /* Project object */;
    			proxyType = 1;
    			remoteGlobalIDString = 2E4419BE2E4419BE0000001C;
    			remoteInfo = Prep;
    		};
		2E4419BE2E4419BE0000004C /* PBXContainerItemProxy libioto from db */ = {
    			isa = PBXContainerItemProxy;
    			containerPortal = 2E4419BE2E4419BE00000001 /* Project object */;
    			proxyType = 1;
    			remoteGlobalIDString = 2E4419BE2E4419BE0000004D;
    			remoteInfo = libioto;
    		};
		2E4419BE2E4419BE0000004E /* PBXContainerItemProxy Prep from ioto */ = {
    			isa = PBXContainerItemProxy;
    			containerPortal = 2E4419BE2E4419BE00000001 /* Project object */;
    			proxyType = 1;
    			remoteGlobalIDString = 2E4419BE2E4419BE0000001C;
    			remoteInfo = Prep;
    		};
		2E4419BE2E4419BE0000004F /* PBXContainerItemProxy libioto from ioto */ = {
    			isa = PBXContainerItemProxy;
    			containerPortal = 2E4419BE2E4419BE00000001 /* Project object */;
    			proxyType = 1;
    			remoteGlobalIDString = 2E4419BE2E4419BE0000004D;
    			remoteInfo = libioto;
    		};
		2E4419BE2E4419BE00000050 /* PBXContainerItemProxy libdemo from ioto */ = {
    			isa = PBXContainerItemProxy;
    			containerPortal = 2E4419BE2E4419BE00000001 /* Project object */;
    			proxyType = 1;
    			remoteGlobalIDString = 2E4419BE2E4419BE00000051;
    			remoteInfo = libdemo;
    		};
		2E4419BE2E4419BE00000052 /* PBXContainerItemProxy Prep from json */ = {
    			isa = PBXContainerItemProxy;
    			containerPortal = 2E4419BE2E4419BE00000001 /* Project object */;
    			proxyType = 1;
    			remoteGlobalIDString = 2E4419BE2E4419BE0000001C;
    			remoteInfo = Prep;
    		};
		2E4419BE2E4419BE00000053 /* PBXContainerItemProxy libioto from json */ = {
    			isa = PBXContainerItemProxy;
    			containerPortal = 2E4419BE2E4419BE00000001 /* Project object */;
    			proxyType = 1;
    			remoteGlobalIDString = 2E4419BE2E4419BE0000004D;
    			remoteInfo = libioto;
    		};
		2E4419BE2E4419BE00000054 /* PBXContainerItemProxy Prep from libdemo */ = {
    			isa = PBXContainerItemProxy;
    			containerPortal = 2E4419BE2E4419BE00000001 /* Project object */;
    			proxyType = 1;
    			remoteGlobalIDString = 2E4419BE2E4419BE0000001C;
    			remoteInfo = Prep;
    		};
		2E4419BE2E4419BE00000055 /* PBXContainerItemProxy Prep from libioto */ = {
    			isa = PBXContainerItemProxy;
    			containerPortal = 2E4419BE2E4419BE00000001 /* Project object */;
    			proxyType = 1;
    			remoteGlobalIDString = 2E4419BE2E4419BE0000001C;
    			remoteInfo = Prep;
    		};
		2E4419BE2E4419BE00000056 /* PBXContainerItemProxy Prep from password */ = {
    			isa = PBXContainerItemProxy;
    			containerPortal = 2E4419BE2E4419BE00000001 /* Project object */;
    			proxyType = 1;
    			remoteGlobalIDString = 2E4419BE2E4419BE0000001C;
    			remoteInfo = Prep;
    		};
		2E4419BE2E4419BE00000057 /* PBXContainerItemProxy libioto from password */ = {
    			isa = PBXContainerItemProxy;
    			containerPortal = 2E4419BE2E4419BE00000001 /* Project object */;
    			proxyType = 1;
    			remoteGlobalIDString = 2E4419BE2E4419BE0000004D;
    			remoteInfo = libioto;
    		};
		2E4419BE2E4419BE00000058 /* PBXContainerItemProxy Prep from webserver */ = {
    			isa = PBXContainerItemProxy;
    			containerPortal = 2E4419BE2E4419BE00000001 /* Project object */;
    			proxyType = 1;
    			remoteGlobalIDString = 2E4419BE2E4419BE0000001C;
    			remoteInfo = Prep;
    		};
		2E4419BE2E4419BE00000059 /* PBXContainerItemProxy libioto from webserver */ = {
    			isa = PBXContainerItemProxy;
    			containerPortal = 2E4419BE2E4419BE00000001 /* Project object */;
    			proxyType = 1;
    			remoteGlobalIDString = 2E4419BE2E4419BE0000004D;
    			remoteInfo = libioto;
    		};
		2E4419BE2E4419BE0000005A /* PBXContainerItemProxy Prep from All */ = {
    			isa = PBXContainerItemProxy;
    			containerPortal = 2E4419BE2E4419BE00000001 /* Project object */;
    			proxyType = 1;
    			remoteGlobalIDString = 2E4419BE2E4419BE0000001C;
    			remoteInfo = Prep;
    		};
		2E4419BE2E4419BE0000005B /* PBXContainerItemProxy appConfig from All */ = {
    			isa = PBXContainerItemProxy;
    			containerPortal = 2E4419BE2E4419BE00000001 /* Project object */;
    			proxyType = 1;
    			remoteGlobalIDString = 2E4419BE2E4419BE00000006;
    			remoteInfo = appConfig;
    		};
		2E4419BE2E4419BE0000005C /* PBXContainerItemProxy config from All */ = {
    			isa = PBXContainerItemProxy;
    			containerPortal = 2E4419BE2E4419BE00000001 /* Project object */;
    			proxyType = 1;
    			remoteGlobalIDString = 2E4419BE2E4419BE0000000A;
    			remoteInfo = config;
    		};
		2E4419BE2E4419BE0000005D /* PBXContainerItemProxy libioto from All */ = {
    			isa = PBXContainerItemProxy;
    			containerPortal = 2E4419BE2E4419BE00000001 /* Project object */;
    			proxyType = 1;
    			remoteGlobalIDString = 2E4419BE2E4419BE0000004D;
    			remoteInfo = libioto;
    		};
		2E4419BE2E4419BE0000005E /* PBXContainerItemProxy db from All */ = {
    			isa = PBXContainerItemProxy;
    			containerPortal = 2E4419BE2E4419BE00000001 /* Project object */;
    			proxyType = 1;
    			remoteGlobalIDString = 2E4419BE2E4419BE0000005F;
    			remoteInfo = db;
    		};
		2E4419BE2E4419BE00000060 /* PBXContainerItemProxy libdemo from All */ = {
    			isa = PBXContainerItemProxy;
    			containerPortal = 2E4419BE2E4419BE00000001 /* Project object */;
    			proxyType = 1;
    			remoteGlobalIDString = 2E4419BE2E4419BE00000051;
    			remoteInfo = libdemo;
    		};
		2E4419BE2E4419BE00000061 /* PBXContainerItemProxy ioto from All */ = {
    			isa = PBXContainerItemProxy;
    			containerPortal = 2E4419BE2E4419BE00000001 /* Project object */;
    			proxyType = 1;
    			remoteGlobalIDString = 2E4419BE2E4419BE00000062;
    			remoteInfo = ioto;
    		};
		2E4419BE2E4419BE00000063 /* PBXContainerItemProxy json from All */ = {
    			isa = PBXContainerItemProxy;
    			containerPortal = 2E4419BE2E4419BE00000001 /* Project object */;
    			proxyType = 1;
    			remoteGlobalIDString = 2E4419BE2E4419BE00000064;
    			remoteInfo = json;
    		};
		2E4419BE2E4419BE00000065 /* PBXContainerItemProxy password from All */ = {
    			isa = PBXContainerItemProxy;
    			containerPortal = 2E4419BE2E4419BE00000001 /* Project object */;
    			proxyType = 1;
    			remoteGlobalIDString = 2E4419BE2E4419BE00000066;
    			remoteInfo = password;
    		};
		2E4419BE2E4419BE00000067 /* PBXContainerItemProxy webserver from All */ = {
    			isa = PBXContainerItemProxy;
    			containerPortal = 2E4419BE2E4419BE00000001 /* Project object */;
    			proxyType = 1;
    			remoteGlobalIDString = 2E4419BE2E4419BE00000068;
    			remoteInfo = webserver;
    		};
/* End PBXContainerItemProxy section */

/* Begin PBXFileReference section */
		2E4419BE2E4419BE0000001F /* db.c */ = {isa = PBXFileReference; fileEncoding = 4; lastKnownFileType = sourcecode.c.c; name = db.c; path = cmds/db.c; sourceTree = "<group>"; };
		2E4419BE2E4419BE00000069 /* r.h */ = {isa = PBXFileReference; fileEncoding = 4; lastKnownFileType = sourcecode.c.h; name = r.h; path = build/macosx-arm64-default/inc/r.h; sourceTree = "<group>"; };
		2E4419BE2E4419BE0000006A /* db.h */ = {isa = PBXFileReference; fileEncoding = 4; lastKnownFileType = sourcecode.c.h; name = db.h; path = build/macosx-arm64-default/inc/db.h; sourceTree = "<group>"; };
		2E4419BE2E4419BE0000006B /* db */ = {isa = PBXFileReference; explicitFileType = "compiled.mach-o.executable"; includeInIndex = 0; path = db; sourceTree = BUILT_PRODUCTS_DIR; };
		2E4419BE2E4419BE00000021 /* main.c */ = {isa = PBXFileReference; fileEncoding = 4; lastKnownFileType = sourcecode.c.c; name = main.c; path = cmds/main.c; sourceTree = "<group>"; };
		2E4419BE2E4419BE0000006C /* ioto.h */ = {isa = PBXFileReference; fileEncoding = 4; lastKnownFileType = sourcecode.c.h; name = ioto.h; path = build/macosx-arm64-default/inc/ioto.h; sourceTree = "<group>"; };
		2E4419BE2E4419BE0000006D /* ioto */ = {isa = PBXFileReference; explicitFileType = "compiled.mach-o.executable"; includeInIndex = 0; path = ioto; sourceTree = BUILT_PRODUCTS_DIR; };
		2E4419BE2E4419BE00000023 /* json.c */ = {isa = PBXFileReference; fileEncoding = 4; lastKnownFileType = sourcecode.c.c; name = json.c; path = cmds/json.c; sourceTree = "<group>"; };
		2E4419BE2E4419BE0000006E /* osdep.h */ = {isa = PBXFileReference; fileEncoding = 4; lastKnownFileType = sourcecode.c.h; name = osdep.h; path = build/macosx-arm64-default/inc/osdep.h; sourceTree = "<group>"; };
		2E4419BE2E4419BE0000006F /* json.h */ = {isa = PBXFileReference; fileEncoding = 4; lastKnownFileType = sourcecode.c.h; name = json.h; path = build/macosx-arm64-default/inc/json.h; sourceTree = "<group>"; };
		2E4419BE2E4419BE00000070 /* json */ = {isa = PBXFileReference; explicitFileType = "compiled.mach-o.executable"; includeInIndex = 0; path = json; sourceTree = BUILT_PRODUCTS_DIR; };
		2E4419BE2E4419BE00000025 /* demoApp.c */ = {isa = PBXFileReference; fileEncoding = 4; lastKnownFileType = sourcecode.c.c; name = demoApp.c; path = apps/demo/src/demoApp.c; sourceTree = "<group>"; };
		2E4419BE2E4419BE00000071 /* gpio.h */ = {isa = PBXFileReference; fileEncoding = 4; lastKnownFileType = sourcecode.c.h; name = gpio.h; path = build/macosx-arm64-default/inc/driver/gpio.h; sourceTree = "<group>"; };
		2E4419BE2E4419BE00000072 /* gpio.h */ = {isa = PBXFileReference; fileEncoding = 4; lastKnownFileType = sourcecode.c.h; name = gpio.h; path = build/macosx-arm64-default/inc/rom/gpio.h; sourceTree = "<group>"; };
		2E4419BE2E4419BE00000073 /* libdemo */ = {isa = PBXFileReference; explicitFileType = "compiled.mach-o.dylib"; includeInIndex = 0; path = libapp.a; sourceTree = BUILT_PRODUCTS_DIR; };
		2E4419BE2E4419BE00000027 /* cryptLib.c */ = {isa = PBXFileReference; fileEncoding = 4; lastKnownFileType = sourcecode.c.c; name = cryptLib.c; path = lib/cryptLib.c; sourceTree = "<group>"; };
		2E4419BE2E4419BE00000074 /* crypt.h */ = {isa = PBXFileReference; fileEncoding = 4; lastKnownFileType = sourcecode.c.h; name = crypt.h; path = build/macosx-arm64-default/inc/crypt.h; sourceTree = "<group>"; };
		2E4419BE2E4419BE00000029 /* dbLib.c */ = {isa = PBXFileReference; fileEncoding = 4; lastKnownFileType = sourcecode.c.c; name = dbLib.c; path = lib/dbLib.c; sourceTree = "<group>"; };
		2E4419BE2E4419BE0000002B /* iotoLib.c */ = {isa = PBXFileReference; fileEncoding = 4; lastKnownFileType = sourcecode.c.c; name = iotoLib.c; path = lib/iotoLib.c; sourceTree = "<group>"; };
		2E4419BE2E4419BE0000002D /* jsonLib.c */ = {isa = PBXFileReference; fileEncoding = 4; lastKnownFileType = sourcecode.c.c; name = jsonLib.c; path = lib/jsonLib.c; sourceTree = "<group>"; };
		2E4419BE2E4419BE0000002F /* mqttLib.c */ = {isa = PBXFileReference; fileEncoding = 4; lastKnownFileType = sourcecode.c.c; name = mqttLib.c; path = lib/mqttLib.c; sourceTree = "<group>"; };
		2E4419BE2E4419BE00000075 /* mqtt.h */ = {isa = PBXFileReference; fileEncoding = 4; lastKnownFileType = sourcecode.c.h; name = mqtt.h; path = build/macosx-arm64-default/inc/mqtt.h; sourceTree = "<group>"; };
		2E4419BE2E4419BE00000031 /* openaiLib.c */ = {isa = PBXFileReference; fileEncoding = 4; lastKnownFileType = sourcecode.c.c; name = openaiLib.c; path = lib/openaiLib.c; sourceTree = "<group>"; };
		2E4419BE2E4419BE00000076 /* openai.h */ = {isa = PBXFileReference; fileEncoding = 4; lastKnownFileType = sourcecode.c.h; name = openai.h; path = build/macosx-arm64-default/inc/openai.h; sourceTree = "<group>"; };
		2E4419BE2E4419BE00000033 /* rLib.c */ = {isa = PBXFileReference; fileEncoding = 4; lastKnownFileType = sourcecode.c.c; name = rLib.c; path = lib/rLib.c; sourceTree = "<group>"; };
		2E4419BE2E4419BE00000035 /* uctxAssembly.S */ = {isa = PBXFileReference; fileEncoding = 4; lastKnownFileType = sourcecode.S.S; name = uctxAssembly.S; path = lib/uctxAssembly.S; sourceTree = "<group>"; };
		2E4419BE2E4419BE00000077 /* uctx-os.h */ = {isa = PBXFileReference; fileEncoding = 4; lastKnownFileType = sourcecode.c.h; name = uctx-os.h; path = build/macosx-arm64-default/inc/uctx-os.h; sourceTree = "<group>"; };
		2E4419BE2E4419BE00000078 /* uctx-defs.h */ = {isa = PBXFileReference; fileEncoding = 4; lastKnownFileType = sourcecode.c.h; name = uctx-defs.h; path = build/macosx-arm64-default/inc/uctx-defs.h; sourceTree = "<group>"; };
		2E4419BE2E4419BE00000037 /* uctxLib.c */ = {isa = PBXFileReference; fileEncoding = 4; lastKnownFileType = sourcecode.c.c; name = uctxLib.c; path = lib/uctxLib.c; sourceTree = "<group>"; };
		2E4419BE2E4419BE00000079 /* uctx.h */ = {isa = PBXFileReference; fileEncoding = 4; lastKnownFileType = sourcecode.c.h; name = uctx.h; path = build/macosx-arm64-default/inc/uctx.h; sourceTree = "<group>"; };
		2E4419BE2E4419BE00000039 /* urlLib.c */ = {isa = PBXFileReference; fileEncoding = 4; lastKnownFileType = sourcecode.c.c; name = urlLib.c; path = lib/urlLib.c; sourceTree = "<group>"; };
		2E4419BE2E4419BE0000007A /* url.h */ = {isa = PBXFileReference; fileEncoding = 4; lastKnownFileType = sourcecode.c.h; name = url.h; path = build/macosx-arm64-default/inc/url.h; sourceTree = "<group>"; };
		2E4419BE2E4419BE0000007B /* websockets.h */ = {isa = PBXFileReference; fileEncoding = 4; lastKnownFileType = sourcecode.c.h; name = websockets.h; path = build/macosx-arm64-default/inc/websockets.h; sourceTree = "<group>"; };
		2E4419BE2E4419BE0000003B /* webLib.c */ = {isa = PBXFileReference; fileEncoding = 4; lastKnownFileType = sourcecode.c.c; name = webLib.c; path = lib/webLib.c; sourceTree = "<group>"; };
		2E4419BE2E4419BE0000007C /* web.h */ = {isa = PBXFileReference; fileEncoding = 4; lastKnownFileType = sourcecode.c.h; name = web.h; path = build/macosx-arm64-default/inc/web.h; sourceTree = "<group>"; };
		2E4419BE2E4419BE0000003D /* websocketsLib.c */ = {isa = PBXFileReference; fileEncoding = 4; lastKnownFileType = sourcecode.c.c; name = websocketsLib.c; path = lib/websocketsLib.c; sourceTree = "<group>"; };
		2E4419BE2E4419BE00000043 /* libioto */ = {isa = PBXFileReference; explicitFileType = "compiled.mach-o.dylib"; includeInIndex = 0; path = libioto.a; sourceTree = BUILT_PRODUCTS_DIR; };
		2E4419BE2E4419BE0000003F /* password.c */ = {isa = PBXFileReference; fileEncoding = 4; lastKnownFileType = sourcecode.c.c; name = password.c; path = cmds/password.c; sourceTree = "<group>"; };
		2E4419BE2E4419BE0000007D /* password */ = {isa = PBXFileReference; explicitFileType = "compiled.mach-o.executable"; includeInIndex = 0; path = password; sourceTree = BUILT_PRODUCTS_DIR; };
		2E4419BE2E4419BE00000041 /* web.c */ = {isa = PBXFileReference; fileEncoding = 4; lastKnownFileType = sourcecode.c.c; name = web.c; path = cmds/web.c; sourceTree = "<group>"; };
		2E4419BE2E4419BE0000007E /* webserver */ = {isa = PBXFileReference; explicitFileType = "compiled.mach-o.executable"; includeInIndex = 0; path = webserver; sourceTree = BUILT_PRODUCTS_DIR; };
/* End PBXFileReference section */

/* Begin PBXFrameworksBuildPhase section */
		2E4419BE2E4419BE0000007F /* Frameworks and Libraries for db */ = {
                isa = PBXFrameworksBuildPhase;
                buildActionMask = 2147483647;
                files = (
    				2E4419BE2E4419BE00000042 /* libioto */,				
                );
                runOnlyForDeploymentPostprocessing = 0;
            };
		2E4419BE2E4419BE00000080 /* Frameworks and Libraries for ioto */ = {
                isa = PBXFrameworksBuildPhase;
                buildActionMask = 2147483647;
                files = (
    				2E4419BE2E4419BE00000044 /* libioto */,				
                );
                runOnlyForDeploymentPostprocessing = 0;
            };
		2E4419BE2E4419BE00000081 /* Frameworks and Libraries for json */ = {
                isa = PBXFrameworksBuildPhase;
                buildActionMask = 2147483647;
                files = (
    				2E4419BE2E4419BE00000045 /* libioto */,				
                );
                runOnlyForDeploymentPostprocessing = 0;
            };
		2E4419BE2E4419BE00000082 /* Frameworks and Libraries for libdemo */ = {
                isa = PBXFrameworksBuildPhase;
                buildActionMask = 2147483647;
                files = (
    				
                );
                runOnlyForDeploymentPostprocessing = 0;
            };
		2E4419BE2E4419BE00000083 /* Frameworks and Libraries for libioto */ = {
                isa = PBXFrameworksBuildPhase;
                buildActionMask = 2147483647;
                files = (
    				
                );
                runOnlyForDeploymentPostprocessing = 0;
            };
		2E4419BE2E4419BE00000084 /* Frameworks and Libraries for password */ = {
                isa = PBXFrameworksBuildPhase;
                buildActionMask = 2147483647;
                files = (
    				2E4419BE2E4419BE00000046 /* libioto */,				
                );
                runOnlyForDeploymentPostprocessing = 0;
            };
		2E4419BE2E4419BE00000085 /* Frameworks and Libraries for webserver */ = {
                isa = PBXFrameworksBuildPhase;
                buildActionMask = 2147483647;
                files = (
    				2E4419BE2E4419BE00000047 /* libioto */,				
                );
                runOnlyForDeploymentPostprocessing = 0;
            };
/* End PBXFrameworksBuildPhase section */

/* Begin PBXGroup section */
		2E4419BE2E4419BE00000086 /* Top Group */ = {
                isa = PBXGroup;
                children = (
				2E4419BE2E4419BE00000087 /* libdemo */,
				2E4419BE2E4419BE00000088 /* libioto */,
				2E4419BE2E4419BE00000089 /* db */,
				2E4419BE2E4419BE0000008A /* ioto */,
				2E4419BE2E4419BE0000008B /* json */,
				2E4419BE2E4419BE0000008C /* password */,
				2E4419BE2E4419BE0000008D /* webserver */,
				2E4419BE2E4419BE0000008E /* Products */,
			);
                sourceTree = "<group>";
            };
		2E4419BE2E4419BE00000089 /* db */ = {
                isa = PBXGroup;
                children = (
				2E4419BE2E4419BE0000001F /* db.c */,
			);
                name = "db";
                path = ..;
                sourceTree = SOURCE_ROOT;
            };
		2E4419BE2E4419BE0000008A /* ioto */ = {
                isa = PBXGroup;
                children = (
				2E4419BE2E4419BE00000021 /* main.c */,
			);
                name = "ioto";
                path = ..;
                sourceTree = SOURCE_ROOT;
            };
		2E4419BE2E4419BE0000008B /* json */ = {
                isa = PBXGroup;
                children = (
				2E4419BE2E4419BE00000023 /* json.c */,
			);
                name = "json";
                path = ..;
                sourceTree = SOURCE_ROOT;
            };
		2E4419BE2E4419BE00000087 /* libdemo */ = {
                isa = PBXGroup;
                children = (
				2E4419BE2E4419BE00000071 /* gpio.h */,
				2E4419BE2E4419BE00000072 /* gpio.h */,
				2E4419BE2E4419BE00000025 /* demoApp.c */,
			);
                name = "libdemo";
                path = ..;
                sourceTree = SOURCE_ROOT;
            };
		2E4419BE2E4419BE00000088 /* libioto */ = {
                isa = PBXGroup;
                children = (
				2E4419BE2E4419BE00000074 /* crypt.h */,
				2E4419BE2E4419BE0000006A /* db.h */,
				2E4419BE2E4419BE0000006C /* ioto.h */,
				2E4419BE2E4419BE0000006F /* json.h */,
				2E4419BE2E4419BE00000075 /* mqtt.h */,
				2E4419BE2E4419BE00000076 /* openai.h */,
				2E4419BE2E4419BE00000069 /* r.h */,
				2E4419BE2E4419BE00000077 /* uctx-os.h */,
				2E4419BE2E4419BE00000078 /* uctx-defs.h */,
				2E4419BE2E4419BE00000079 /* uctx.h */,
				2E4419BE2E4419BE0000007A /* url.h */,
				2E4419BE2E4419BE0000007B /* websockets.h */,
				2E4419BE2E4419BE0000007C /* web.h */,
				2E4419BE2E4419BE00000027 /* cryptLib.c */,
				2E4419BE2E4419BE00000029 /* dbLib.c */,
				2E4419BE2E4419BE0000002B /* iotoLib.c */,
				2E4419BE2E4419BE0000002D /* jsonLib.c */,
				2E4419BE2E4419BE0000002F /* mqttLib.c */,
				2E4419BE2E4419BE00000031 /* openaiLib.c */,
				2E4419BE2E4419BE00000033 /* rLib.c */,
				2E4419BE2E4419BE00000035 /* uctxAssembly.S */,
				2E4419BE2E4419BE00000037 /* uctxLib.c */,
				2E4419BE2E4419BE00000039 /* urlLib.c */,
				2E4419BE2E4419BE0000003B /* webLib.c */,
				2E4419BE2E4419BE0000003D /* websocketsLib.c */,
			);
                name = "libioto";
                path = ..;
                sourceTree = SOURCE_ROOT;
            };
		2E4419BE2E4419BE0000008C /* password */ = {
                isa = PBXGroup;
                children = (
				2E4419BE2E4419BE0000003F /* password.c */,
			);
                name = "password";
                path = ..;
                sourceTree = SOURCE_ROOT;
            };
		2E4419BE2E4419BE0000008D /* webserver */ = {
                isa = PBXGroup;
                children = (
				2E4419BE2E4419BE00000041 /* web.c */,
			);
                name = "webserver";
                path = ..;
                sourceTree = SOURCE_ROOT;
            };
		2E4419BE2E4419BE0000008E /* Products */ = {
                isa = PBXGroup;
                children = (
				2E4419BE2E4419BE0000006B /* db */,
				2E4419BE2E4419BE0000006D /* ioto */,
				2E4419BE2E4419BE00000070 /* json */,
				2E4419BE2E4419BE00000073 /* libdemo */,
				2E4419BE2E4419BE00000043 /* libioto */,
				2E4419BE2E4419BE0000007D /* password */,
				2E4419BE2E4419BE0000007E /* webserver */,
			);
                name = "Products";
                path = ..;
                sourceTree = SOURCE_ROOT;
            };
/* End PBXGroup section */

/* Begin PBXNativeTarget section */
		2E4419BE2E4419BE0000005F /* db */ = {
    			isa = PBXNativeTarget;
    			buildConfigurationList = 2E4419BE2E4419BE00000090 /* Build configuration list for PBXNativeTarget "db" */;
    			buildPhases = (
    				2E4419BE2E4419BE0000008F /* Sources */,
    				2E4419BE2E4419BE0000007F /* Frameworks */,
    			);
    			buildRules = (
    			);
    			dependencies = (
    				2E4419BE2E4419BE00000091 /* Prep */,
				2E4419BE2E4419BE00000092 /* libioto */,				
    			);
    			name = db;
    			productName = ioto;
    			productReference = 2E4419BE2E4419BE0000006B /* db */;
    			productType = "com.apple.product-type.tool";
    		};
		2E4419BE2E4419BE00000062 /* ioto */ = {
    			isa = PBXNativeTarget;
    			buildConfigurationList = 2E4419BE2E4419BE00000094 /* Build configuration list for PBXNativeTarget "ioto" */;
    			buildPhases = (
    				2E4419BE2E4419BE00000093 /* Sources */,
    				2E4419BE2E4419BE00000080 /* Frameworks */,
    			);
    			buildRules = (
    			);
    			dependencies = (
    				2E4419BE2E4419BE00000095 /* Prep */,
				2E4419BE2E4419BE00000096 /* libioto */,
				2E4419BE2E4419BE00000097 /* libdemo */,				
    			);
    			name = ioto;
    			productName = ioto;
    			productReference = 2E4419BE2E4419BE0000006D /* ioto */;
    			productType = "com.apple.product-type.tool";
    		};
		2E4419BE2E4419BE00000064 /* json */ = {
    			isa = PBXNativeTarget;
    			buildConfigurationList = 2E4419BE2E4419BE00000099 /* Build configuration list for PBXNativeTarget "json" */;
    			buildPhases = (
    				2E4419BE2E4419BE00000098 /* Sources */,
    				2E4419BE2E4419BE00000081 /* Frameworks */,
    			);
    			buildRules = (
    			);
    			dependencies = (
    				2E4419BE2E4419BE0000009A /* Prep */,
				2E4419BE2E4419BE0000009B /* libioto */,				
    			);
    			name = json;
    			productName = ioto;
    			productReference = 2E4419BE2E4419BE00000070 /* json */;
    			productType = "com.apple.product-type.tool";
    		};
		2E4419BE2E4419BE00000051 /* libdemo */ = {
    			isa = PBXNativeTarget;
    			buildConfigurationList = 2E4419BE2E4419BE0000009D /* Build configuration list for PBXNativeTarget "libdemo" */;
    			buildPhases = (
    				2E4419BE2E4419BE0000009C /* Sources */,
    				2E4419BE2E4419BE00000082 /* Frameworks */,
    			);
    			buildRules = (
    			);
    			dependencies = (
    				2E4419BE2E4419BE0000009E /* Prep */,				
    			);
    			name = libdemo;
    			productName = ioto;
    			productReference = 2E4419BE2E4419BE00000073 /* libdemo */;
    			productType = "com.apple.product-type.library.dynamic";
    		};
		2E4419BE2E4419BE0000004D /* libioto */ = {
    			isa = PBXNativeTarget;
    			buildConfigurationList = 2E4419BE2E4419BE000000A0 /* Build configuration list for PBXNativeTarget "libioto" */;
    			buildPhases = (
    				2E4419BE2E4419BE0000009F /* Sources */,
    				2E4419BE2E4419BE00000083 /* Frameworks */,
    			);
    			buildRules = (
    			);
    			dependencies = (
    				2E4419BE2E4419BE000000A1 /* Prep */,				
    			);
    			name = libioto;
    			productName = ioto;
    			productReference = 2E4419BE2E4419BE00000043 /* libioto */;
    			productType = "com.apple.product-type.library.dynamic";
    		};
		2E4419BE2E4419BE00000066 /* password */ = {
    			isa = PBXNativeTarget;
    			buildConfigurationList = 2E4419BE2E4419BE000000A3 /* Build configuration list for PBXNativeTarget "password" */;
    			buildPhases = (
    				2E4419BE2E4419BE000000A2 /* Sources */,
    				2E4419BE2E4419BE00000084 /* Frameworks */,
    			);
    			buildRules = (
    			);
    			dependencies = (
    				2E4419BE2E4419BE000000A4 /* Prep */,
				2E4419BE2E4419BE000000A5 /* libioto */,				
    			);
    			name = password;
    			productName = ioto;
    			productReference = 2E4419BE2E4419BE0000007D /* password */;
    			productType = "com.apple.product-type.tool";
    		};
		2E4419BE2E4419BE00000068 /* webserver */ = {
    			isa = PBXNativeTarget;
    			buildConfigurationList = 2E4419BE2E4419BE000000A7 /* Build configuration list for PBXNativeTarget "webserver" */;
    			buildPhases = (
    				2E4419BE2E4419BE000000A6 /* Sources */,
    				2E4419BE2E4419BE00000085 /* Frameworks */,
    			);
    			buildRules = (
    			);
    			dependencies = (
    				2E4419BE2E4419BE000000A8 /* Prep */,
				2E4419BE2E4419BE000000A9 /* libioto */,				
    			);
    			name = webserver;
    			productName = ioto;
    			productReference = 2E4419BE2E4419BE0000007E /* webserver */;
    			productType = "com.apple.product-type.tool";
    		};
/* End PBXNativeTarget section */

/* Begin PBXShellScriptBuildPhase section */
		2E4419BE2E4419BE00000007 /* ShellScript for appConfig */ = {
    			isa = PBXShellScriptBuildPhase;
    			buildActionMask = 2147483647;
    			files = (
    			);
    			inputPaths = (
    
    			);
    			outputPaths = (
    
    			);
    			runOnlyForDeploymentPostprocessing = 0;
    			shellPath = /bin/bash;
    			shellScript = "PATH=$PATH:/usr/local/bin
cd ..
";
    		};
		2E4419BE2E4419BE0000000B /* ShellScript for config */ = {
    			isa = PBXShellScriptBuildPhase;
    			buildActionMask = 2147483647;
    			files = (
    			);
    			inputPaths = (
    
    			);
    			outputPaths = (
    ../src/ioto-config.h
    			);
    			runOnlyForDeploymentPostprocessing = 0;
    			shellPath = /bin/bash;
    			shellScript = "PATH=$PATH:/usr/local/bin
cd ..
";
    		};
		2E4419BE2E4419BE0000001D /* ShellScript for Prep */ = {
    			isa = PBXShellScriptBuildPhase;
    			buildActionMask = 2147483647;
    			files = (
    			);
    			inputPaths = (
    
    			);
    			outputPaths = (
    ../build/macosx-arm64-default/inc/me.h
    			);
    			runOnlyForDeploymentPostprocessing = 0;
    			shellPath = /bin/bash;
    			shellScript = "PATH=$PATH:/usr/local/bin
[ ! -x ${INC_DIR} ] && mkdir -p ${INC_DIR} ${OBJ_DIR} ${LIB_DIR} ${BIN_DIR}
[ ! -f ${INC_DIR}/me.h -a -f ioto-macosx-default-me.h ] && cp ioto-macosx-default-me.h ${INC_DIR}/me.h
if [ -f ioto-macosx-default-me.h ] ; then
if ! diff ${INC_DIR}/me.h ioto-macosx-default-me.h >/dev/null 2>&1 ; then
cp ioto-macosx-default-me.h ${INC_DIR}/me.h
fi
fi
if [ ../include/crypt.h -nt ${OUT_DIR}/inc/crypt.h ] ; then
cp ../include/crypt.h ${OUT_DIR}/inc/crypt.h
fi
if [ ../include/db.h -nt ${OUT_DIR}/inc/db.h ] ; then
cp ../include/db.h ${OUT_DIR}/inc/db.h
fi
if [ ../include/ioto-config.h -nt ${OUT_DIR}/inc/ioto-config.h ] ; then
cp ../include/ioto-config.h ${OUT_DIR}/inc/ioto-config.h
fi
if [ ../include/ioto.h -nt ${OUT_DIR}/inc/ioto.h ] ; then
cp ../include/ioto.h ${OUT_DIR}/inc/ioto.h
fi
if [ ../include/json.h -nt ${OUT_DIR}/inc/json.h ] ; then
cp ../include/json.h ${OUT_DIR}/inc/json.h
fi
if [ ../include/me.h -nt ${OUT_DIR}/inc/me.h ] ; then
cp ../include/me.h ${OUT_DIR}/inc/me.h
fi
if [ ../include/mqtt.h -nt ${OUT_DIR}/inc/mqtt.h ] ; then
cp ../include/mqtt.h ${OUT_DIR}/inc/mqtt.h
fi
if [ ../include/openai.h -nt ${OUT_DIR}/inc/openai.h ] ; then
cp ../include/openai.h ${OUT_DIR}/inc/openai.h
fi
if [ ../include/osdep.h -nt ${OUT_DIR}/inc/osdep.h ] ; then
cp ../include/osdep.h ${OUT_DIR}/inc/osdep.h
fi
if [ ../include/r.h -nt ${OUT_DIR}/inc/r.h ] ; then
cp ../include/r.h ${OUT_DIR}/inc/r.h
fi
if [ ../include/uctx-defs.h -nt ${OUT_DIR}/inc/uctx-defs.h ] ; then
cp ../include/uctx-defs.h ${OUT_DIR}/inc/uctx-defs.h
fi
if [ ../include/uctx-os.h -nt ${OUT_DIR}/inc/uctx-os.h ] ; then
cp ../include/uctx-os.h ${OUT_DIR}/inc/uctx-os.h
fi
if [ ../include/uctx.h -nt ${OUT_DIR}/inc/uctx.h ] ; then
cp ../include/uctx.h ${OUT_DIR}/inc/uctx.h
fi
if [ ../include/url.h -nt ${OUT_DIR}/inc/url.h ] ; then
cp ../include/url.h ${OUT_DIR}/inc/url.h
fi
if [ ../include/web.h -nt ${OUT_DIR}/inc/web.h ] ; then
cp ../include/web.h ${OUT_DIR}/inc/web.h
fi
if [ ../include/websockets.h -nt ${OUT_DIR}/inc/websockets.h ] ; then
cp ../include/websockets.h ${OUT_DIR}/inc/websockets.h
fi
if [ ../include/crypt.h -nt ${OUT_DIR}/inc/crypt.h ] ; then
cp ../include/crypt.h ${OUT_DIR}/inc/crypt.h
fi
if [ ../include/db.h -nt ${OUT_DIR}/inc/db.h ] ; then
cp ../include/db.h ${OUT_DIR}/inc/db.h
fi
if [ ../include/ioto-config.h -nt ${OUT_DIR}/inc/ioto-config.h ] ; then
cp ../include/ioto-config.h ${OUT_DIR}/inc/ioto-config.h
fi
if [ ../include/ioto.h -nt ${OUT_DIR}/inc/ioto.h ] ; then
cp ../include/ioto.h ${OUT_DIR}/inc/ioto.h
fi
if [ ../include/json.h -nt ${OUT_DIR}/inc/json.h ] ; then
cp ../include/json.h ${OUT_DIR}/inc/json.h
fi
if [ ../include/me.h -nt ${OUT_DIR}/inc/me.h ] ; then
cp ../include/me.h ${OUT_DIR}/inc/me.h
fi
if [ ../include/mqtt.h -nt ${OUT_DIR}/inc/mqtt.h ] ; then
cp ../include/mqtt.h ${OUT_DIR}/inc/mqtt.h
fi
if [ ../include/openai.h -nt ${OUT_DIR}/inc/openai.h ] ; then
cp ../include/openai.h ${OUT_DIR}/inc/openai.h
fi
if [ ../include/osdep.h -nt ${OUT_DIR}/inc/osdep.h ] ; then
cp ../include/osdep.h ${OUT_DIR}/inc/osdep.h
fi
if [ ../include/r.h -nt ${OUT_DIR}/inc/r.h ] ; then
cp ../include/r.h ${OUT_DIR}/inc/r.h
fi
if [ ../include/uctx-defs.h -nt ${OUT_DIR}/inc/uctx-defs.h ] ; then
cp ../include/uctx-defs.h ${OUT_DIR}/inc/uctx-defs.h
fi
if [ ../include/uctx-os.h -nt ${OUT_DIR}/inc/uctx-os.h ] ; then
cp ../include/uctx-os.h ${OUT_DIR}/inc/uctx-os.h
fi
if [ ../include/uctx.h -nt ${OUT_DIR}/inc/uctx.h ] ; then
cp ../include/uctx.h ${OUT_DIR}/inc/uctx.h
fi
if [ ../include/url.h -nt ${OUT_DIR}/inc/url.h ] ; then
cp ../include/url.h ${OUT_DIR}/inc/url.h
fi
if [ ../include/web.h -nt ${OUT_DIR}/inc/web.h ] ; then
cp ../include/web.h ${OUT_DIR}/inc/web.h
fi
if [ ../include/websockets.h -nt ${OUT_DIR}/inc/websockets.h ] ; then
cp ../include/websockets.h ${OUT_DIR}/inc/websockets.h
fi
";
    		};
/* End PBXShellScriptBuildPhase section */

    /* Begin PBXProject section */
    		2E4419BE2E4419BE00000001 /* Project object */ = {
    			isa = PBXProject;
    			attributes = {
    				LastUpgradeCheck = 0430;
    				ORGANIZATIONNAME = "embedthis";
    			};
    			buildConfigurationList = 2E4419BE2E4419BE00000002 /* Build configuration list for PBXProject "ioto" */;
    			compatibilityVersion = "Xcode 3.2";
    			developmentRegion = English;
    			hasScannedForEncodings = 0;
    			knownRegions = (
    				en,
    			);
    			mainGroup = 2E4419BE2E4419BE00000086;
    			productRefGroup = 2E4419BE2E4419BE0000008E /* Products */;
    			projectDirPath = "";
    			projectRoot = "";
    			targets = (
				2E4419BE2E4419BE0000000F /* All */,
				2E4419BE2E4419BE0000001C /* Prep */,
				2E4419BE2E4419BE00000051 /* libdemo */,
				2E4419BE2E4419BE0000004D /* libioto */,
				2E4419BE2E4419BE0000005F /* db */,
				2E4419BE2E4419BE00000062 /* ioto */,
				2E4419BE2E4419BE00000064 /* json */,
				2E4419BE2E4419BE00000066 /* password */,
				2E4419BE2E4419BE00000068 /* webserver */,
				2E4419BE2E4419BE00000006 /* appConfig */,
				2E4419BE2E4419BE0000000A /* config */,
			);
    		};
    /* End PBXProject section */

/* Begin PBXSourcesBuildPhase section */
		2E4419BE2E4419BE0000008F /* db Sources */ = {
    			isa = PBXSourcesBuildPhase;
    			buildActionMask = 2147483647;
    			files = (
    				2E4419BE2E4419BE0000001E /* db.c in Sources */,
    			);
    			runOnlyForDeploymentPostprocessing = 0;
    		};
		2E4419BE2E4419BE00000093 /* ioto Sources */ = {
    			isa = PBXSourcesBuildPhase;
    			buildActionMask = 2147483647;
    			files = (
    				2E4419BE2E4419BE00000020 /* main.c in Sources */,
    			);
    			runOnlyForDeploymentPostprocessing = 0;
    		};
		2E4419BE2E4419BE00000098 /* json Sources */ = {
    			isa = PBXSourcesBuildPhase;
    			buildActionMask = 2147483647;
    			files = (
    				2E4419BE2E4419BE00000022 /* json.c in Sources */,
    			);
    			runOnlyForDeploymentPostprocessing = 0;
    		};
		2E4419BE2E4419BE0000009C /* libdemo Sources */ = {
    			isa = PBXSourcesBuildPhase;
    			buildActionMask = 2147483647;
    			files = (
    				2E4419BE2E4419BE00000024 /* demoApp.c in Sources */,
    			);
    			runOnlyForDeploymentPostprocessing = 0;
    		};
		2E4419BE2E4419BE0000009F /* libioto Sources */ = {
    			isa = PBXSourcesBuildPhase;
    			buildActionMask = 2147483647;
    			files = (
    				2E4419BE2E4419BE00000026 /* cryptLib.c in Sources */,
				2E4419BE2E4419BE00000028 /* dbLib.c in Sources */,
				2E4419BE2E4419BE0000002A /* iotoLib.c in Sources */,
				2E4419BE2E4419BE0000002C /* jsonLib.c in Sources */,
				2E4419BE2E4419BE0000002E /* mqttLib.c in Sources */,
				2E4419BE2E4419BE00000030 /* openaiLib.c in Sources */,
				2E4419BE2E4419BE00000032 /* rLib.c in Sources */,
				2E4419BE2E4419BE00000034 /* uctxAssembly.S in Sources */,
				2E4419BE2E4419BE00000036 /* uctxLib.c in Sources */,
				2E4419BE2E4419BE00000038 /* urlLib.c in Sources */,
				2E4419BE2E4419BE0000003A /* webLib.c in Sources */,
				2E4419BE2E4419BE0000003C /* websocketsLib.c in Sources */,
    			);
    			runOnlyForDeploymentPostprocessing = 0;
    		};
		2E4419BE2E4419BE000000A2 /* password Sources */ = {
    			isa = PBXSourcesBuildPhase;
    			buildActionMask = 2147483647;
    			files = (
    				2E4419BE2E4419BE0000003E /* password.c in Sources */,
    			);
    			runOnlyForDeploymentPostprocessing = 0;
    		};
		2E4419BE2E4419BE000000A6 /* webserver Sources */ = {
    			isa = PBXSourcesBuildPhase;
    			buildActionMask = 2147483647;
    			files = (
    				2E4419BE2E4419BE00000040 /* web.c in Sources */,
    			);
    			runOnlyForDeploymentPostprocessing = 0;
    		};
/* End PBXSourcesBuildPhase section */

/* Begin PBXTargetDependency section */
		2E4419BE2E4419BE00000008 /* PBXTargetDependency appConfig depends on Prep */ = {
    			isa = PBXTargetDependency;
    			target = 2E4419BE2E4419BE0000001C /* Prep */;
    			targetProxy = 2E4419BE2E4419BE00000048 /* PBXContainerItemProxy */;
    		};
		2E4419BE2E4419BE0000000D /* PBXTargetDependency config depends on Prep */ = {
    			isa = PBXTargetDependency;
    			target = 2E4419BE2E4419BE0000001C /* Prep */;
    			targetProxy = 2E4419BE2E4419BE00000049 /* PBXContainerItemProxy */;
    		};
		2E4419BE2E4419BE0000000C /* PBXTargetDependency config depends on appConfig */ = {
    			isa = PBXTargetDependency;
    			target = 2E4419BE2E4419BE00000006 /* appConfig */;
    			targetProxy = 2E4419BE2E4419BE0000004A /* PBXContainerItemProxy */;
    		};
		2E4419BE2E4419BE00000091 /* PBXTargetDependency db depends on Prep */ = {
    			isa = PBXTargetDependency;
    			target = 2E4419BE2E4419BE0000001C /* Prep */;
    			targetProxy = 2E4419BE2E4419BE0000004B /* PBXContainerItemProxy */;
    		};
		2E4419BE2E4419BE00000092 /* PBXTargetDependency db depends on libioto */ = {
    			isa = PBXTargetDependency;
    			target = 2E4419BE2E4419BE0000004D /* libioto */;
    			targetProxy = 2E4419BE2E4419BE0000004C /* PBXContainerItemProxy */;
    		};
		2E4419BE2E4419BE00000095 /* PBXTargetDependency ioto depends on Prep */ = {
    			isa = PBXTargetDependency;
    			target = 2E4419BE2E4419BE0000001C /* Prep */;
    			targetProxy = 2E4419BE2E4419BE0000004E /* PBXContainerItemProxy */;
    		};
		2E4419BE2E4419BE00000096 /* PBXTargetDependency ioto depends on libioto */ = {
    			isa = PBXTargetDependency;
    			target = 2E4419BE2E4419BE0000004D /* libioto */;
    			targetProxy = 2E4419BE2E4419BE0000004F /* PBXContainerItemProxy */;
    		};
		2E4419BE2E4419BE00000097 /* PBXTargetDependency ioto depends on libdemo */ = {
    			isa = PBXTargetDependency;
    			target = 2E4419BE2E4419BE00000051 /* libdemo */;
    			targetProxy = 2E4419BE2E4419BE00000050 /* PBXContainerItemProxy */;
    		};
		2E4419BE2E4419BE0000009A /* PBXTargetDependency json depends on Prep */ = {
    			isa = PBXTargetDependency;
    			target = 2E4419BE2E4419BE0000001C /* Prep */;
    			targetProxy = 2E4419BE2E4419BE00000052 /* PBXContainerItemProxy */;
    		};
		2E4419BE2E4419BE0000009B /* PBXTargetDependency json depends on libioto */ = {
    			isa = PBXTargetDependency;
    			target = 2E4419BE2E4419BE0000004D /* libioto */;
    			targetProxy = 2E4419BE2E4419BE00000053 /* PBXContainerItemProxy */;
    		};
		2E4419BE2E4419BE0000009E /* PBXTargetDependency libdemo depends on Prep */ = {
    			isa = PBXTargetDependency;
    			target = 2E4419BE2E4419BE0000001C /* Prep */;
    			targetProxy = 2E4419BE2E4419BE00000054 /* PBXContainerItemProxy */;
    		};
		2E4419BE2E4419BE000000A1 /* PBXTargetDependency libioto depends on Prep */ = {
    			isa = PBXTargetDependency;
    			target = 2E4419BE2E4419BE0000001C /* Prep */;
    			targetProxy = 2E4419BE2E4419BE00000055 /* PBXContainerItemProxy */;
    		};
		2E4419BE2E4419BE000000A4 /* PBXTargetDependency password depends on Prep */ = {
    			isa = PBXTargetDependency;
    			target = 2E4419BE2E4419BE0000001C /* Prep */;
    			targetProxy = 2E4419BE2E4419BE00000056 /* PBXContainerItemProxy */;
    		};
		2E4419BE2E4419BE000000A5 /* PBXTargetDependency password depends on libioto */ = {
    			isa = PBXTargetDependency;
    			target = 2E4419BE2E4419BE0000004D /* libioto */;
    			targetProxy = 2E4419BE2E4419BE00000057 /* PBXContainerItemProxy */;
    		};
		2E4419BE2E4419BE000000A8 /* PBXTargetDependency webserver depends on Prep */ = {
    			isa = PBXTargetDependency;
    			target = 2E4419BE2E4419BE0000001C /* Prep */;
    			targetProxy = 2E4419BE2E4419BE00000058 /* PBXContainerItemProxy */;
    		};
		2E4419BE2E4419BE000000A9 /* PBXTargetDependency webserver depends on libioto */ = {
    			isa = PBXTargetDependency;
    			target = 2E4419BE2E4419BE0000004D /* libioto */;
    			targetProxy = 2E4419BE2E4419BE00000059 /* PBXContainerItemProxy */;
    		};
		2E4419BE2E4419BE0000001A /* PBXTargetDependency All depends on Prep */ = {
    			isa = PBXTargetDependency;
    			target = 2E4419BE2E4419BE0000001C /* Prep */;
    			targetProxy = 2E4419BE2E4419BE0000005A /* PBXContainerItemProxy */;
    		};
		2E4419BE2E4419BE00000010 /* PBXTargetDependency All depends on appConfig */ = {
    			isa = PBXTargetDependency;
    			target = 2E4419BE2E4419BE00000006 /* appConfig */;
    			targetProxy = 2E4419BE2E4419BE0000005B /* PBXContainerItemProxy */;
    		};
		2E4419BE2E4419BE00000011 /* PBXTargetDependency All depends on config */ = {
    			isa = PBXTargetDependency;
    			target = 2E4419BE2E4419BE0000000A /* config */;
    			targetProxy = 2E4419BE2E4419BE0000005C /* PBXContainerItemProxy */;
    		};
		2E4419BE2E4419BE00000016 /* PBXTargetDependency All depends on libioto */ = {
    			isa = PBXTargetDependency;
    			target = 2E4419BE2E4419BE0000004D /* libioto */;
    			targetProxy = 2E4419BE2E4419BE0000005D /* PBXContainerItemProxy */;
    		};
		2E4419BE2E4419BE00000012 /* PBXTargetDependency All depends on db */ = {
    			isa = PBXTargetDependency;
    			target = 2E4419BE2E4419BE0000005F /* db */;
    			targetProxy = 2E4419BE2E4419BE0000005E /* PBXContainerItemProxy */;
    		};
		2E4419BE2E4419BE00000015 /* PBXTargetDependency All depends on libdemo */ = {
    			isa = PBXTargetDependency;
    			target = 2E4419BE2E4419BE00000051 /* libdemo */;
    			targetProxy = 2E4419BE2E4419BE00000060 /* PBXContainerItemProxy */;
    		};
		2E4419BE2E4419BE00000013 /* PBXTargetDependency All depends on ioto */ = {
    			isa = PBXTargetDependency;
    			target = 2E4419BE2E4419BE00000062 /* ioto */;
    			targetProxy = 2E4419BE2E4419BE00000061 /* PBXContainerItemProxy */;
    		};
		2E4419BE2E4419BE00000014 /* PBXTargetDependency All depends on json */ = {
    			isa = PBXTargetDependency;
    			target = 2E4419BE2E4419BE00000064 /* json */;
    			targetProxy = 2E4419BE2E4419BE00000063 /* PBXContainerItemProxy */;
    		};
		2E4419BE2E4419BE00000017 /* PBXTargetDependency All depends on password */ = {
    			isa = PBXTargetDependency;
    			target = 2E4419BE2E4419BE00000066 /* password */;
    			targetProxy = 2E4419BE2E4419BE00000065 /* PBXContainerItemProxy */;
    		};
		2E4419BE2E4419BE00000018 /* PBXTargetDependency All depends on webserver */ = {
    			isa = PBXTargetDependency;
    			target = 2E4419BE2E4419BE00000068 /* webserver */;
    			targetProxy = 2E4419BE2E4419BE00000067 /* PBXContainerItemProxy */;
    		};
/* End PBXTargetDependency section */

    /* Begin XCBuildConfiguration section */
    		2E4419BE2E4419BE00000003 /* Debug */ = {
    			isa = XCBuildConfiguration;
    			buildSettings = {
    ME_DEBUG = "1";
ME_COM_OPENSSL_PATH = "/opt/homebrew";

                    /* Common Settings */
                    COMBINE_HIDPI_IMAGES = YES;
    				ALWAYS_SEARCH_USER_PATHS = NO;
                    ONLY_ACTIVE_ARCH = YES;
                    CURRENT_PROJECT_VERSION = 3.0;
                    DYLIB_COMPATIBILITY_VERSION = "$(CURRENT_PROJECT_VERSION)";
                    DYLIB_CURRENT_VERSION = "$(CURRENT_PROJECT_VERSION)";

    				GCC_C_LANGUAGE_STANDARD = gnu99;
    				GCC_VERSION = com.apple.compilers.llvm.clang.1_0;
    				GCC_WARN_ABOUT_RETURN_TYPE = YES;

GCC_NO_COMMON_BLOCKS = YES;
GCC_WARN_64_TO_32_BIT_CONVERSION = YES;
GCC_WARN_UNDECLARED_SELECTOR = YES;
CLANG_WARN_BOOL_CONVERSION = YES;
CLANG_WARN_CONSTANT_CONVERSION = YES;
CLANG_WARN_EMPTY_BODY = YES;
CLANG_WARN_ENUM_CONVERSION = YES;
CLANG_WARN_INT_CONVERSION = YES;
CLANG_WARN_UNREACHABLE_CODE = YES;
CLANG_WARN__DUPLICATE_METHOD_MATCH = YES;
ENABLE_STRICT_OBJC_MSGSEND = YES;
ENABLE_TESTABILITY = YES;

                    LD_DYLIB_INSTALL_NAME = "@rpath/$(EXECUTABLE_PATH)";
    				MACOSX_DEPLOYMENT_TARGET = 10.15;
    				SDKROOT = macosx;

                    OUT_DIR = "../build/macosx-arm64-default";
                    BIN_DIR = "../build/macosx-arm64-default/bin";
                    LIB_DIR = "../lib";
                    INC_DIR = "../build/macosx-arm64-default/inc";
                    OBJ_DIR = "../build/macosx-arm64-default/obj";
                    SRC_DIR = "../src";

                    CONFIGURATION_TEMP_DIR = "$(OBJ_DIR)/ioto-xcode/$(CONFIGURATION)";
                    CONFIGURATION_BUILD_DIR = "$(BIN_DIR)";
                    INSTALL_PATH = "/usr/lib/ioto";
                    DSTROOT = "/tmp/ioto.dst";
                    OBJROOT = "$(OBJ_DIR)";
                    SYMROOT = "$(BIN_DIR)";
    				GCC_WARN_64_TO_32_ME_CONVERSION = YES;
				GCC_WARN_64_TO_32_ME_CONVERSION = YES;
				GCC_WARN_UNUSED_VARIABLE = NO;
				GCC_WARN_UNUSED_FUNCTION = NO;
				GCC_WARN_UNUSED_LABEL = NO;
				GCC_WARN_64_TO_32_ME_CONVERSION = YES;
				GCC_WARN_64_TO_32_ME_CONVERSION = YES;
				GCC_WARN_UNUSED_VARIABLE = NO;
				GCC_WARN_UNUSED_FUNCTION = NO;
				GCC_WARN_UNUSED_LABEL = NO;

                    /* Debug Settings */
    				COPY_PHASE_STRIP = NO;
    				GCC_OPTIMIZATION_LEVEL = 0;
    				GCC_SYMBOLS_PRIVATE_EXTERN = NO;
    				HEADER_SEARCH_PATHS = (
					"../build/macosx-arm64-default/inc",
					"$(inherited)"
				);
				GCC_PREPROCESSOR_DEFINITIONS = (
					"ME_DEBUG=1",
					"$(inherited)"
				);
				LIBRARY_SEARCH_PATHS = (
					"../build/macosx-arm64-default/bin",
					"$(inherited)"
				);
				OTHER_LDFLAGS = (
					"-Wl,-no_warn_duplicate_libraries",
					"-Wl,-rpath,@executable_path/",
					"-Wl,-rpath,@loader_path/",
					"-ldl",
					"-lpthread",
					"-lm",
					"$(inherited)"
				);

    			};
    			name = Debug;
    		};
    		2E4419BE2E4419BE00000004 /* Release */ = {
    			isa = XCBuildConfiguration;
    			buildSettings = {
    ME_DEBUG = "1";
ME_COM_OPENSSL_PATH = "/opt/homebrew";

                    /* Common Settings */
                    COMBINE_HIDPI_IMAGES = YES;
    				ALWAYS_SEARCH_USER_PATHS = NO;
                    ONLY_ACTIVE_ARCH = YES;
                    CURRENT_PROJECT_VERSION = 3.0;
                    DYLIB_COMPATIBILITY_VERSION = "$(CURRENT_PROJECT_VERSION)";
                    DYLIB_CURRENT_VERSION = "$(CURRENT_PROJECT_VERSION)";

    				GCC_C_LANGUAGE_STANDARD = gnu99;
    				GCC_VERSION = com.apple.compilers.llvm.clang.1_0;
    				GCC_WARN_ABOUT_RETURN_TYPE = YES;

GCC_NO_COMMON_BLOCKS = YES;
GCC_WARN_64_TO_32_BIT_CONVERSION = YES;
GCC_WARN_UNDECLARED_SELECTOR = YES;
CLANG_WARN_BOOL_CONVERSION = YES;
CLANG_WARN_CONSTANT_CONVERSION = YES;
CLANG_WARN_EMPTY_BODY = YES;
CLANG_WARN_ENUM_CONVERSION = YES;
CLANG_WARN_INT_CONVERSION = YES;
CLANG_WARN_UNREACHABLE_CODE = YES;
CLANG_WARN__DUPLICATE_METHOD_MATCH = YES;
ENABLE_STRICT_OBJC_MSGSEND = YES;
ENABLE_TESTABILITY = YES;

                    LD_DYLIB_INSTALL_NAME = "@rpath/$(EXECUTABLE_PATH)";
    				MACOSX_DEPLOYMENT_TARGET = 10.15;
    				SDKROOT = macosx;

                    OUT_DIR = "../build/macosx-arm64-default";
                    BIN_DIR = "../build/macosx-arm64-default/bin";
                    LIB_DIR = "../lib";
                    INC_DIR = "../build/macosx-arm64-default/inc";
                    OBJ_DIR = "../build/macosx-arm64-default/obj";
                    SRC_DIR = "../src";

                    CONFIGURATION_TEMP_DIR = "$(OBJ_DIR)/ioto-xcode/$(CONFIGURATION)";
                    CONFIGURATION_BUILD_DIR = "$(BIN_DIR)";
                    INSTALL_PATH = "/usr/lib/ioto";
                    DSTROOT = "/tmp/ioto.dst";
                    OBJROOT = "$(OBJ_DIR)";
                    SYMROOT = "$(BIN_DIR)";
    				GCC_WARN_64_TO_32_ME_CONVERSION = YES;
				GCC_WARN_64_TO_32_ME_CONVERSION = YES;
				GCC_WARN_UNUSED_VARIABLE = NO;
				GCC_WARN_UNUSED_FUNCTION = NO;
				GCC_WARN_UNUSED_LABEL = NO;
				GCC_WARN_64_TO_32_ME_CONVERSION = YES;
				GCC_WARN_64_TO_32_ME_CONVERSION = YES;
				GCC_WARN_UNUSED_VARIABLE = NO;
				GCC_WARN_UNUSED_FUNCTION = NO;
				GCC_WARN_UNUSED_LABEL = NO;

                    /* Release Settings */
    				COPY_PHASE_STRIP = YES;
    				DEBUG_INFORMATION_FORMAT = "dwarf-with-dsym";
    				GCC_OPTIMIZATION_LEVEL = s;
                    GCC_WARN_UNINITIALIZED_AUTOS = NO;
    				HEADER_SEARCH_PATHS = (
					"../build/macosx-arm64-default/inc",
					"$(inherited)"
				);
				GCC_PREPROCESSOR_DEFINITIONS = (
					"ME_DEBUG=0",
					"$(inherited)"
				);
				LIBRARY_SEARCH_PATHS = (
					"../build/macosx-arm64-default/bin",
					"$(inherited)"
				);
				OTHER_LDFLAGS = (
					"-Wl,-no_warn_duplicate_libraries",
					"-Wl,-rpath,@executable_path/",
					"-Wl,-rpath,@loader_path/",
					"-ldl",
					"-lpthread",
					"-lm",
					"$(inherited)"
				);

    			};
    			name = Release;
    		};
		2E4419BE2E4419BE000000AA /* Debug */ = {
    			isa = XCBuildConfiguration;
    			buildSettings = {
    				PRODUCT_NAME = appConfig;
    
    				GCC_PREPROCESSOR_DEFINITIONS = (
					"ME_DEBUG=1",
					"$(inherited)"
				);
				OTHER_LDFLAGS = ();

				MACH_O_TYPE = mh_execute;

    			};
    			name = Debug;
    		};
    		2E4419BE2E4419BE000000AB /* Release */ = {
    			isa = XCBuildConfiguration;
    			buildSettings = {
    				PRODUCT_NAME = appConfig;
    
    				GCC_PREPROCESSOR_DEFINITIONS = (
					"ME_DEBUG=0",
					"$(inherited)"
				);
				OTHER_LDFLAGS = ();

				MACH_O_TYPE = mh_execute;

    			};
    			name = Release;
    		};
		2E4419BE2E4419BE000000AC /* Debug */ = {
    			isa = XCBuildConfiguration;
    			buildSettings = {
    				PRODUCT_NAME = ioto-config;
    
    				GCC_PREPROCESSOR_DEFINITIONS = (
					"ME_DEBUG=1",
					"$(inherited)"
				);
				OTHER_LDFLAGS = ();

				MACH_O_TYPE = mh_execute;

    			};
    			name = Debug;
    		};
    		2E4419BE2E4419BE000000AD /* Release */ = {
    			isa = XCBuildConfiguration;
    			buildSettings = {
    				PRODUCT_NAME = ioto-config;
    
    				GCC_PREPROCESSOR_DEFINITIONS = (
					"ME_DEBUG=0",
					"$(inherited)"
				);
				OTHER_LDFLAGS = ();

				MACH_O_TYPE = mh_execute;

    			};
    			name = Release;
    		};
		2E4419BE2E4419BE000000AE /* Debug */ = {
    			isa = XCBuildConfiguration;
    			buildSettings = {
    				PRODUCT_NAME = db;
    
    				HEADER_SEARCH_PATHS = (
					"$(ME_COM_OPENSSL_PATH)/include",
					"$(inherited)"
				);
				GCC_PREPROCESSOR_DEFINITIONS = (
					"ME_COM_OPENSSL_PATH=/opt/homebrew",
					"ME_DEBUG=1",
					"$(inherited)"
				);
				LIBRARY_SEARCH_PATHS = (
					"$(ME_COM_OPENSSL_PATH)/lib",
					"$(ME_COM_OPENSSL_PATH)",
					"$(inherited)"
				);
				OTHER_LDFLAGS = (
					"-lssl",
					"-lcrypto",
					);

				MACH_O_TYPE = mh_execute;

    			};
    			name = Debug;
    		};
    		2E4419BE2E4419BE000000AF /* Release */ = {
    			isa = XCBuildConfiguration;
    			buildSettings = {
    				PRODUCT_NAME = db;
    
    				HEADER_SEARCH_PATHS = (
					"$(ME_COM_OPENSSL_PATH)/include",
					"$(inherited)"
				);
				GCC_PREPROCESSOR_DEFINITIONS = (
					"ME_COM_OPENSSL_PATH=/opt/homebrew",
					"ME_DEBUG=0",
					"$(inherited)"
				);
				LIBRARY_SEARCH_PATHS = (
					"$(ME_COM_OPENSSL_PATH)/lib",
					"$(ME_COM_OPENSSL_PATH)",
					"$(inherited)"
				);
				OTHER_LDFLAGS = (
					"-lssl",
					"-lcrypto",
					);

				MACH_O_TYPE = mh_execute;

    			};
    			name = Release;
    		};
		2E4419BE2E4419BE000000B0 /* Debug */ = {
    			isa = XCBuildConfiguration;
    			buildSettings = {
    				PRODUCT_NAME = ioto;
    
    				HEADER_SEARCH_PATHS = (
					"$(ME_COM_OPENSSL_PATH)/include",
					"$(inherited)"
				);
				GCC_PREPROCESSOR_DEFINITIONS = (
					"ME_COM_OPENSSL_PATH=/opt/homebrew",
					"ME_DEBUG=1",
					"$(inherited)"
				);
				LIBRARY_SEARCH_PATHS = (
					"$(ME_COM_OPENSSL_PATH)/lib",
					"$(ME_COM_OPENSSL_PATH)",
					"$(inherited)"
				);
				OTHER_LDFLAGS = (
					"-lapp",
					"-lapp",
					"-lssl",
					"-lcrypto",
					);

				MACH_O_TYPE = mh_execute;

    			};
    			name = Debug;
    		};
    		2E4419BE2E4419BE000000B1 /* Release */ = {
    			isa = XCBuildConfiguration;
    			buildSettings = {
    				PRODUCT_NAME = ioto;
    
    				HEADER_SEARCH_PATHS = (
					"$(ME_COM_OPENSSL_PATH)/include",
					"$(inherited)"
				);
				GCC_PREPROCESSOR_DEFINITIONS = (
					"ME_COM_OPENSSL_PATH=/opt/homebrew",
					"ME_DEBUG=0",
					"$(inherited)"
				);
				LIBRARY_SEARCH_PATHS = (
					"$(ME_COM_OPENSSL_PATH)/lib",
					"$(ME_COM_OPENSSL_PATH)",
					"$(inherited)"
				);
				OTHER_LDFLAGS = (
					"-lapp",
					"-lapp",
					"-lssl",
					"-lcrypto",
					);

				MACH_O_TYPE = mh_execute;

    			};
    			name = Release;
    		};
		2E4419BE2E4419BE000000B2 /* Debug */ = {
    			isa = XCBuildConfiguration;
    			buildSettings = {
    				PRODUCT_NAME = json;
    
    				HEADER_SEARCH_PATHS = (
					"$(ME_COM_OPENSSL_PATH)/include",
					"$(inherited)"
				);
				GCC_PREPROCESSOR_DEFINITIONS = (
					"ME_COM_OPENSSL_PATH=/opt/homebrew",
					"ME_DEBUG=1",
					"$(inherited)"
				);
				LIBRARY_SEARCH_PATHS = (
					"$(ME_COM_OPENSSL_PATH)/lib",
					"$(ME_COM_OPENSSL_PATH)",
					"$(inherited)"
				);
				OTHER_LDFLAGS = (
					"-lssl",
					"-lcrypto",
					);

				MACH_O_TYPE = mh_execute;

    			};
    			name = Debug;
    		};
    		2E4419BE2E4419BE000000B3 /* Release */ = {
    			isa = XCBuildConfiguration;
    			buildSettings = {
    				PRODUCT_NAME = json;
    
    				HEADER_SEARCH_PATHS = (
					"$(ME_COM_OPENSSL_PATH)/include",
					"$(inherited)"
				);
				GCC_PREPROCESSOR_DEFINITIONS = (
					"ME_COM_OPENSSL_PATH=/opt/homebrew",
					"ME_DEBUG=0",
					"$(inherited)"
				);
				LIBRARY_SEARCH_PATHS = (
					"$(ME_COM_OPENSSL_PATH)/lib",
					"$(ME_COM_OPENSSL_PATH)",
					"$(inherited)"
				);
				OTHER_LDFLAGS = (
					"-lssl",
					"-lcrypto",
					);

				MACH_O_TYPE = mh_execute;

    			};
    			name = Release;
    		};
		2E4419BE2E4419BE000000B4 /* Debug */ = {
    			isa = XCBuildConfiguration;
    			buildSettings = {
    				PRODUCT_NAME = libapp;
    				EXECUTABLE_EXTENSION = a;

    				GCC_PREPROCESSOR_DEFINITIONS = (
					"ME_DEBUG=1",
					"$(inherited)"
				);
				OTHER_LDFLAGS = ();

				MACH_O_TYPE = staticlib;

    			};
    			name = Debug;
    		};
    		2E4419BE2E4419BE000000B5 /* Release */ = {
    			isa = XCBuildConfiguration;
    			buildSettings = {
    				PRODUCT_NAME = libapp;
    				EXECUTABLE_EXTENSION = a;

    				GCC_PREPROCESSOR_DEFINITIONS = (
					"ME_DEBUG=0",
					"$(inherited)"
				);
				OTHER_LDFLAGS = ();

				MACH_O_TYPE = staticlib;

    			};
    			name = Release;
    		};
		2E4419BE2E4419BE000000B6 /* Debug */ = {
    			isa = XCBuildConfiguration;
    			buildSettings = {
    				PRODUCT_NAME = libioto;
    				EXECUTABLE_EXTENSION = a;

    				HEADER_SEARCH_PATHS = (
					"$(ME_COM_OPENSSL_PATH)/include",
					"$(inherited)"
				);
				GCC_PREPROCESSOR_DEFINITIONS = (
					"ME_COM_OPENSSL_PATH=/opt/homebrew",
					"ME_DEBUG=1",
					"$(inherited)"
				);
				LIBRARY_SEARCH_PATHS = (
					"$(ME_COM_OPENSSL_PATH)/lib",
					"$(ME_COM_OPENSSL_PATH)",
					"$(inherited)"
				);
				OTHER_LDFLAGS = (
					"",
					"",
					);

				MACH_O_TYPE = staticlib;

    			};
    			name = Debug;
    		};
    		2E4419BE2E4419BE000000B7 /* Release */ = {
    			isa = XCBuildConfiguration;
    			buildSettings = {
    				PRODUCT_NAME = libioto;
    				EXECUTABLE_EXTENSION = a;

    				HEADER_SEARCH_PATHS = (
					"$(ME_COM_OPENSSL_PATH)/include",
					"$(inherited)"
				);
				GCC_PREPROCESSOR_DEFINITIONS = (
					"ME_COM_OPENSSL_PATH=/opt/homebrew",
					"ME_DEBUG=0",
					"$(inherited)"
				);
				LIBRARY_SEARCH_PATHS = (
					"$(ME_COM_OPENSSL_PATH)/lib",
					"$(ME_COM_OPENSSL_PATH)",
					"$(inherited)"
				);
				OTHER_LDFLAGS = (
					"",
					"",
					);

				MACH_O_TYPE = staticlib;

    			};
    			name = Release;
    		};
		2E4419BE2E4419BE000000B8 /* Debug */ = {
    			isa = XCBuildConfiguration;
    			buildSettings = {
    				PRODUCT_NAME = password;
    
    				HEADER_SEARCH_PATHS = (
					"$(ME_COM_OPENSSL_PATH)/include",
					"$(inherited)"
				);
				GCC_PREPROCESSOR_DEFINITIONS = (
					"ME_COM_OPENSSL_PATH=/opt/homebrew",
					"ME_DEBUG=1",
					"$(inherited)"
				);
				LIBRARY_SEARCH_PATHS = (
					"$(ME_COM_OPENSSL_PATH)/lib",
					"$(ME_COM_OPENSSL_PATH)",
					"$(inherited)"
				);
				OTHER_LDFLAGS = (
					"-lssl",
					"-lcrypto",
					);

				MACH_O_TYPE = mh_execute;

    			};
    			name = Debug;
    		};
    		2E4419BE2E4419BE000000B9 /* Release */ = {
    			isa = XCBuildConfiguration;
    			buildSettings = {
    				PRODUCT_NAME = password;
    
    				HEADER_SEARCH_PATHS = (
					"$(ME_COM_OPENSSL_PATH)/include",
					"$(inherited)"
				);
				GCC_PREPROCESSOR_DEFINITIONS = (
					"ME_COM_OPENSSL_PATH=/opt/homebrew",
					"ME_DEBUG=0",
					"$(inherited)"
				);
				LIBRARY_SEARCH_PATHS = (
					"$(ME_COM_OPENSSL_PATH)/lib",
					"$(ME_COM_OPENSSL_PATH)",
					"$(inherited)"
				);
				OTHER_LDFLAGS = (
					"-lssl",
					"-lcrypto",
					);

				MACH_O_TYPE = mh_execute;

    			};
    			name = Release;
    		};
		2E4419BE2E4419BE000000BA /* Debug */ = {
    			isa = XCBuildConfiguration;
    			buildSettings = {
    				PRODUCT_NAME = webserver;
    
    				HEADER_SEARCH_PATHS = (
					"$(ME_COM_OPENSSL_PATH)/include",
					"$(inherited)"
				);
				GCC_PREPROCESSOR_DEFINITIONS = (
					"ME_COM_OPENSSL_PATH=/opt/homebrew",
					"ME_DEBUG=1",
					"$(inherited)"
				);
				LIBRARY_SEARCH_PATHS = (
					"$(ME_COM_OPENSSL_PATH)/lib",
					"$(ME_COM_OPENSSL_PATH)",
					"$(inherited)"
				);
				OTHER_LDFLAGS = (
					"-lssl",
					"-lcrypto",
					);

				MACH_O_TYPE = mh_execute;

    			};
    			name = Debug;
    		};
    		2E4419BE2E4419BE000000BB /* Release */ = {
    			isa = XCBuildConfiguration;
    			buildSettings = {
    				PRODUCT_NAME = webserver;
    
    				HEADER_SEARCH_PATHS = (
					"$(ME_COM_OPENSSL_PATH)/include",
					"$(inherited)"
				);
				GCC_PREPROCESSOR_DEFINITIONS = (
					"ME_COM_OPENSSL_PATH=/opt/homebrew",
					"ME_DEBUG=0",
					"$(inherited)"
				);
				LIBRARY_SEARCH_PATHS = (
					"$(ME_COM_OPENSSL_PATH)/lib",
					"$(ME_COM_OPENSSL_PATH)",
					"$(inherited)"
				);
				OTHER_LDFLAGS = (
					"-lssl",
					"-lcrypto",
					);

				MACH_O_TYPE = mh_execute;

    			};
    			name = Release;
    		};
		2E4419BE2E4419BE000000BC /* Debug */ = {
    			isa = XCBuildConfiguration;
    			buildSettings = {
    				PRODUCT_NAME = All;
    
    				GCC_PREPROCESSOR_DEFINITIONS = (
					"ME_DEBUG=1",
					"$(inherited)"
				);
				OTHER_LDFLAGS = ();

				MACH_O_TYPE = mh_execute;

    			};
    			name = Debug;
    		};
    		2E4419BE2E4419BE000000BD /* Release */ = {
    			isa = XCBuildConfiguration;
    			buildSettings = {
    				PRODUCT_NAME = All;
    
    				GCC_PREPROCESSOR_DEFINITIONS = (
					"ME_DEBUG=0",
					"$(inherited)"
				);
				OTHER_LDFLAGS = ();

				MACH_O_TYPE = mh_execute;

    			};
    			name = Release;
    		};
		2E4419BE2E4419BE000000BE /* Debug */ = {
    			isa = XCBuildConfiguration;
    			buildSettings = {
    				PRODUCT_NAME = Prep;
    
    				GCC_PREPROCESSOR_DEFINITIONS = (
					"ME_DEBUG=1",
					"$(inherited)"
				);
				OTHER_LDFLAGS = ();

				MACH_O_TYPE = mh_execute;

    			};
    			name = Debug;
    		};
    		2E4419BE2E4419BE000000BF /* Release */ = {
    			isa = XCBuildConfiguration;
    			buildSettings = {
    				PRODUCT_NAME = Prep;
    
    				GCC_PREPROCESSOR_DEFINITIONS = (
					"ME_DEBUG=0",
					"$(inherited)"
				);
				OTHER_LDFLAGS = ();

				MACH_O_TYPE = mh_execute;

    			};
    			name = Release;
    		};
/* End XCBuildConfiguration section */

    /* Begin XCConfigurationList section */
    		2E4419BE2E4419BE00000002 /* Build configuration list for PBXProject "ioto" */ = {
    			isa = XCConfigurationList;
    			buildConfigurations = (
    				2E4419BE2E4419BE00000003 /* Debug */,
    				2E4419BE2E4419BE00000004 /* Release */,
    			);
    			defaultConfigurationIsVisible = 0;
    			defaultConfigurationName = Release;
    		};
		2E4419BE2E4419BE00000005 /* Build configuration list for PBXNativeTarget "appConfig" */ = {
    			isa = XCConfigurationList;
    			buildConfigurations = (
    				2E4419BE2E4419BE000000AA /* Debug */,
    				2E4419BE2E4419BE000000AB /* Release */,
    			);
    			defaultConfigurationIsVisible = 0;
    			defaultConfigurationName = Release;
    		};
		2E4419BE2E4419BE00000009 /* Build configuration list for PBXNativeTarget "config" */ = {
    			isa = XCConfigurationList;
    			buildConfigurations = (
    				2E4419BE2E4419BE000000AC /* Debug */,
    				2E4419BE2E4419BE000000AD /* Release */,
    			);
    			defaultConfigurationIsVisible = 0;
    			defaultConfigurationName = Release;
    		};
		2E4419BE2E4419BE00000090 /* Build configuration list for PBXNativeTarget "db" */ = {
    			isa = XCConfigurationList;
    			buildConfigurations = (
    				2E4419BE2E4419BE000000AE /* Debug */,
    				2E4419BE2E4419BE000000AF /* Release */,
    			);
    			defaultConfigurationIsVisible = 0;
    			defaultConfigurationName = Release;
    		};
		2E4419BE2E4419BE00000094 /* Build configuration list for PBXNativeTarget "ioto" */ = {
    			isa = XCConfigurationList;
    			buildConfigurations = (
    				2E4419BE2E4419BE000000B0 /* Debug */,
    				2E4419BE2E4419BE000000B1 /* Release */,
    			);
    			defaultConfigurationIsVisible = 0;
    			defaultConfigurationName = Release;
    		};
		2E4419BE2E4419BE00000099 /* Build configuration list for PBXNativeTarget "json" */ = {
    			isa = XCConfigurationList;
    			buildConfigurations = (
    				2E4419BE2E4419BE000000B2 /* Debug */,
    				2E4419BE2E4419BE000000B3 /* Release */,
    			);
    			defaultConfigurationIsVisible = 0;
    			defaultConfigurationName = Release;
    		};
		2E4419BE2E4419BE0000009D /* Build configuration list for PBXNativeTarget "libdemo" */ = {
    			isa = XCConfigurationList;
    			buildConfigurations = (
    				2E4419BE2E4419BE000000B4 /* Debug */,
    				2E4419BE2E4419BE000000B5 /* Release */,
    			);
    			defaultConfigurationIsVisible = 0;
    			defaultConfigurationName = Release;
    		};
		2E4419BE2E4419BE000000A0 /* Build configuration list for PBXNativeTarget "libioto" */ = {
    			isa = XCConfigurationList;
    			buildConfigurations = (
    				2E4419BE2E4419BE000000B6 /* Debug */,
    				2E4419BE2E4419BE000000B7 /* Release */,
    			);
    			defaultConfigurationIsVisible = 0;
    			defaultConfigurationName = Release;
    		};
		2E4419BE2E4419BE000000A3 /* Build configuration list for PBXNativeTarget "password" */ = {
    			isa = XCConfigurationList;
    			buildConfigurations = (
    				2E4419BE2E4419BE000000B8 /* Debug */,
    				2E4419BE2E4419BE000000B9 /* Release */,
    			);
    			defaultConfigurationIsVisible = 0;
    			defaultConfigurationName = Release;
    		};
		2E4419BE2E4419BE000000A7 /* Build configuration list for PBXNativeTarget "webserver" */ = {
    			isa = XCConfigurationList;
    			buildConfigurations = (
    				2E4419BE2E4419BE000000BA /* Debug */,
    				2E4419BE2E4419BE000000BB /* Release */,
    			);
    			defaultConfigurationIsVisible = 0;
    			defaultConfigurationName = Release;
    		};
		2E4419BE2E4419BE0000000E /* Build configuration list for PBXNativeTarget "All" */ = {
    			isa = XCConfigurationList;
    			buildConfigurations = (
    				2E4419BE2E4419BE000000BC /* Debug */,
    				2E4419BE2E4419BE000000BD /* Release */,
    			);
    			defaultConfigurationIsVisible = 0;
    			defaultConfigurationName = Release;
    		};
		2E4419BE2E4419BE0000001B /* Build configuration list for PBXNativeTarget "Prep" */ = {
    			isa = XCConfigurationList;
    			buildConfigurations = (
    				2E4419BE2E4419BE000000BE /* Debug */,
    				2E4419BE2E4419BE000000BF /* Release */,
    			);
    			defaultConfigurationIsVisible = 0;
    			defaultConfigurationName = Release;
    		};
/* End XCConfigurationList section */
	};
	rootObject = 2E4419BE2E4419BE00000001 /* Project object */;
}
